// !$*UTF8*$!
{
	archiveVersion = 1;
	classes = {
	};
	objectVersion = 46;
	objects = {

/* Begin PBXBuildFile section */
		822A5FC31B4CD9EC00F48B0B /* Operators.swift in Sources */ = {isa = PBXBuildFile; fileRef = 822A5FC21B4CD9EC00F48B0B /* Operators.swift */; };
		822A5FC41B4CD9EC00F48B0B /* Operators.swift in Sources */ = {isa = PBXBuildFile; fileRef = 822A5FC21B4CD9EC00F48B0B /* Operators.swift */; };
		825C0E431B85681C0026E738 /* Stream.swift in Sources */ = {isa = PBXBuildFile; fileRef = 825C0E421B85681C0026E738 /* Stream.swift */; };
		825C0E441B85681C0026E738 /* Stream.swift in Sources */ = {isa = PBXBuildFile; fileRef = 825C0E421B85681C0026E738 /* Stream.swift */; };
		825C0E541B859D020026E738 /* Identity.swift in Sources */ = {isa = PBXBuildFile; fileRef = 825C0E531B859D020026E738 /* Identity.swift */; };
		825C0E551B859D020026E738 /* Identity.swift in Sources */ = {isa = PBXBuildFile; fileRef = 825C0E531B859D020026E738 /* Identity.swift */; };
		826A12F11B3DF9A300547FD4 /* FunctionSpec.swift in Sources */ = {isa = PBXBuildFile; fileRef = 826A12F01B3DF9A300547FD4 /* FunctionSpec.swift */; };
		826A12F21B3DF9A300547FD4 /* FunctionSpec.swift in Sources */ = {isa = PBXBuildFile; fileRef = 826A12F01B3DF9A300547FD4 /* FunctionSpec.swift */; };
		8273EFA71B84D7DA008BA037 /* Const.swift in Sources */ = {isa = PBXBuildFile; fileRef = 8273EFA61B84D7DA008BA037 /* Const.swift */; };
		8273EFA81B84D7DA008BA037 /* Const.swift in Sources */ = {isa = PBXBuildFile; fileRef = 8273EFA61B84D7DA008BA037 /* Const.swift */; };
		8273EFAA1B84D9CC008BA037 /* IdentitySpec.swift in Sources */ = {isa = PBXBuildFile; fileRef = 8273EFA91B84D9CC008BA037 /* IdentitySpec.swift */; };
		8273EFAB1B84D9CC008BA037 /* IdentitySpec.swift in Sources */ = {isa = PBXBuildFile; fileRef = 8273EFA91B84D9CC008BA037 /* IdentitySpec.swift */; };
		828BB55C1B7E71B600D3327A /* Writer.swift in Sources */ = {isa = PBXBuildFile; fileRef = 828BB55B1B7E71B600D3327A /* Writer.swift */; };
		828BB55D1B7E71B600D3327A /* Writer.swift in Sources */ = {isa = PBXBuildFile; fileRef = 828BB55B1B7E71B600D3327A /* Writer.swift */; };
		828BB5611B7E77C700D3327A /* WriterSpec.swift in Sources */ = {isa = PBXBuildFile; fileRef = 828BB5601B7E77C700D3327A /* WriterSpec.swift */; };
		828BB5621B7E77C700D3327A /* WriterSpec.swift in Sources */ = {isa = PBXBuildFile; fileRef = 828BB5601B7E77C700D3327A /* WriterSpec.swift */; };
		828F7D951B4261A5005EF918 /* UserExample.swift in Sources */ = {isa = PBXBuildFile; fileRef = 828F7D941B4261A5005EF918 /* UserExample.swift */; };
		828F7D961B4261A5005EF918 /* UserExample.swift in Sources */ = {isa = PBXBuildFile; fileRef = 828F7D941B4261A5005EF918 /* UserExample.swift */; };
		82BCF1541B8DE7A500BA6864 /* Optional.swift in Sources */ = {isa = PBXBuildFile; fileRef = 82BCF1531B8DE7A500BA6864 /* Optional.swift */; settings = {ASSET_TAGS = (); }; };
		82BCF1551B8DE7A500BA6864 /* Optional.swift in Sources */ = {isa = PBXBuildFile; fileRef = 82BCF1531B8DE7A500BA6864 /* Optional.swift */; settings = {ASSET_TAGS = (); }; };
		82E51B7F1B5C41E8003CA361 /* Combinators.swift in Sources */ = {isa = PBXBuildFile; fileRef = 82E51B7E1B5C41E8003CA361 /* Combinators.swift */; };
		82E51B801B5C41E8003CA361 /* Combinators.swift in Sources */ = {isa = PBXBuildFile; fileRef = 82E51B7E1B5C41E8003CA361 /* Combinators.swift */; };
		82E51BA01B5D9413003CA361 /* Proxy.swift in Sources */ = {isa = PBXBuildFile; fileRef = 82E51B9F1B5D9413003CA361 /* Proxy.swift */; };
		82E51BA11B5D9413003CA361 /* Proxy.swift in Sources */ = {isa = PBXBuildFile; fileRef = 82E51B9F1B5D9413003CA361 /* Proxy.swift */; };
		82E51BA51B5D96BD003CA361 /* ProxySpec.swift in Sources */ = {isa = PBXBuildFile; fileRef = 82E51BA41B5D96BD003CA361 /* ProxySpec.swift */; };
		82E51BA61B5D96BD003CA361 /* ProxySpec.swift in Sources */ = {isa = PBXBuildFile; fileRef = 82E51BA41B5D96BD003CA361 /* ProxySpec.swift */; };
		82E5A65C1B53666000255137 /* NonEmptyListSpec.swift in Sources */ = {isa = PBXBuildFile; fileRef = 82E5A65B1B53666000255137 /* NonEmptyListSpec.swift */; };
		82E5A65D1B53666000255137 /* NonEmptyListSpec.swift in Sources */ = {isa = PBXBuildFile; fileRef = 82E5A65B1B53666000255137 /* NonEmptyListSpec.swift */; };
		82EBC6AF1B7AA4CC004AF7B6 /* Ratio.swift in Sources */ = {isa = PBXBuildFile; fileRef = 82EBC6AE1B7AA4CC004AF7B6 /* Ratio.swift */; };
		82EBC6B01B7AA4CC004AF7B6 /* Ratio.swift in Sources */ = {isa = PBXBuildFile; fileRef = 82EBC6AE1B7AA4CC004AF7B6 /* Ratio.swift */; };
		82F3175E1B805EA7007B80E2 /* ArrowExt.swift in Sources */ = {isa = PBXBuildFile; fileRef = 82F3175D1B805EA7007B80E2 /* ArrowExt.swift */; };
		82F3175F1B805EA7007B80E2 /* ArrowExt.swift in Sources */ = {isa = PBXBuildFile; fileRef = 82F3175D1B805EA7007B80E2 /* ArrowExt.swift */; };
		82F317631B81090B007B80E2 /* ArrowExtSpec.swift in Sources */ = {isa = PBXBuildFile; fileRef = 82F317621B81090B007B80E2 /* ArrowExtSpec.swift */; };
		82F317641B81090B007B80E2 /* ArrowExtSpec.swift in Sources */ = {isa = PBXBuildFile; fileRef = 82F317621B81090B007B80E2 /* ArrowExtSpec.swift */; };
		841408C31B1A8B3F00BA2B6C /* SwiftCheck.framework in CopyFiles */ = {isa = PBXBuildFile; fileRef = 84DF763E1B0BDD4B00C912B0 /* SwiftCheck.framework */; settings = {ATTRIBUTES = (CodeSignOnCopy, RemoveHeadersOnCopy, ); }; };
		841408C41B1A8B4700BA2B6C /* Swiftz.framework in CopyFiles */ = {isa = PBXBuildFile; fileRef = 84DF751E1B0BD17700C912B0 /* Swiftz.framework */; settings = {ATTRIBUTES = (CodeSignOnCopy, RemoveHeadersOnCopy, ); }; };
		84152B731A818A5C006387D5 /* Swiftz.framework in CopyFiles */ = {isa = PBXBuildFile; fileRef = 84A88F981A71DF7F003D53CF /* Swiftz.framework */; settings = {ATTRIBUTES = (CodeSignOnCopy, RemoveHeadersOnCopy, ); }; };
		8480AB4E1A7B448A00C6162D /* Sections.swift in Sources */ = {isa = PBXBuildFile; fileRef = 8480AB4D1A7B448A00C6162D /* Sections.swift */; };
		84961FB51A998976004A186A /* State.swift in Sources */ = {isa = PBXBuildFile; fileRef = 84961FB41A998976004A186A /* State.swift */; };
		8496F0E71B37571F00896D26 /* Foldable.swift in Sources */ = {isa = PBXBuildFile; fileRef = 8496F0E61B37571F00896D26 /* Foldable.swift */; };
		8496F0E81B37571F00896D26 /* Foldable.swift in Sources */ = {isa = PBXBuildFile; fileRef = 8496F0E61B37571F00896D26 /* Foldable.swift */; };
		8496F0EA1B375BD400896D26 /* EitherExt.swift in Sources */ = {isa = PBXBuildFile; fileRef = 8496F0E91B375BD400896D26 /* EitherExt.swift */; };
		8496F0EB1B375BD400896D26 /* EitherExt.swift in Sources */ = {isa = PBXBuildFile; fileRef = 8496F0E91B375BD400896D26 /* EitherExt.swift */; };
		84A53D721B1A900900E8A107 /* ShapeExample.swift in Sources */ = {isa = PBXBuildFile; fileRef = 84A88FC41A71DFA0003D53CF /* ShapeExample.swift */; };
		84A53D741B1A900900E8A107 /* EitherSpec.swift in Sources */ = {isa = PBXBuildFile; fileRef = 84A88FB71A71DFA0003D53CF /* EitherSpec.swift */; };
		84A53D751B1A900900E8A107 /* FunctorSpec.swift in Sources */ = {isa = PBXBuildFile; fileRef = 84A88FB81A71DFA0003D53CF /* FunctorSpec.swift */; };
		84A53D761B1A900900E8A107 /* HListSpec.swift in Sources */ = {isa = PBXBuildFile; fileRef = 84A88FBA1A71DFA0003D53CF /* HListSpec.swift */; };
		84A53D771B1A900900E8A107 /* JSONSpec.swift in Sources */ = {isa = PBXBuildFile; fileRef = 84A88FBB1A71DFA0003D53CF /* JSONSpec.swift */; };
		84A53D781B1A900900E8A107 /* ListSpec.swift in Sources */ = {isa = PBXBuildFile; fileRef = 84A88FBC1A71DFA0003D53CF /* ListSpec.swift */; };
		84A53D7A1B1A900900E8A107 /* MonoidSpec.swift in Sources */ = {isa = PBXBuildFile; fileRef = 84A88FBE1A71DFA0003D53CF /* MonoidSpec.swift */; };
		84A53D7C1B1A900900E8A107 /* StateSpec.swift in Sources */ = {isa = PBXBuildFile; fileRef = 84BB57631AA12D2200214BC5 /* StateSpec.swift */; };
		84A53D7D1B1A900900E8A107 /* ThoseSpec.swift in Sources */ = {isa = PBXBuildFile; fileRef = 84A88FC61A71DFA0003D53CF /* ThoseSpec.swift */; };
		84A53D7E1B1A900900E8A107 /* ArrayExtSpec.swift in Sources */ = {isa = PBXBuildFile; fileRef = 84A88FB41A71DFA0003D53CF /* ArrayExtSpec.swift */; };
		84A53D7F1B1A900900E8A107 /* OptionalExtSpec.swift in Sources */ = {isa = PBXBuildFile; fileRef = 84A88FC01A71DFA0003D53CF /* OptionalExtSpec.swift */; };
		84A53D801B1A900900E8A107 /* StringExtSpec.swift in Sources */ = {isa = PBXBuildFile; fileRef = 84A88FC51A71DFA0003D53CF /* StringExtSpec.swift */; };
		84A53D811B1A900900E8A107 /* TupleExtSpec.swift in Sources */ = {isa = PBXBuildFile; fileRef = 84A88FC71A71DFA0003D53CF /* TupleExtSpec.swift */; };
		84A88FA41A71DF7F003D53CF /* Swiftz.framework in Frameworks */ = {isa = PBXBuildFile; fileRef = 84A88F981A71DF7F003D53CF /* Swiftz.framework */; };
		84A88FC91A71DFA0003D53CF /* ArrayExtSpec.swift in Sources */ = {isa = PBXBuildFile; fileRef = 84A88FB41A71DFA0003D53CF /* ArrayExtSpec.swift */; };
		84A88FCC1A71DFA0003D53CF /* EitherSpec.swift in Sources */ = {isa = PBXBuildFile; fileRef = 84A88FB71A71DFA0003D53CF /* EitherSpec.swift */; };
		84A88FCD1A71DFA0003D53CF /* FunctorSpec.swift in Sources */ = {isa = PBXBuildFile; fileRef = 84A88FB81A71DFA0003D53CF /* FunctorSpec.swift */; };
		84A88FCF1A71DFA0003D53CF /* HListSpec.swift in Sources */ = {isa = PBXBuildFile; fileRef = 84A88FBA1A71DFA0003D53CF /* HListSpec.swift */; };
		84A88FD01A71DFA0003D53CF /* JSONSpec.swift in Sources */ = {isa = PBXBuildFile; fileRef = 84A88FBB1A71DFA0003D53CF /* JSONSpec.swift */; };
		84A88FD11A71DFA0003D53CF /* ListSpec.swift in Sources */ = {isa = PBXBuildFile; fileRef = 84A88FBC1A71DFA0003D53CF /* ListSpec.swift */; };
		84A88FD31A71DFA0003D53CF /* MonoidSpec.swift in Sources */ = {isa = PBXBuildFile; fileRef = 84A88FBE1A71DFA0003D53CF /* MonoidSpec.swift */; };
		84A88FD51A71DFA0003D53CF /* OptionalExtSpec.swift in Sources */ = {isa = PBXBuildFile; fileRef = 84A88FC01A71DFA0003D53CF /* OptionalExtSpec.swift */; };
		84A88FD91A71DFA0003D53CF /* ShapeExample.swift in Sources */ = {isa = PBXBuildFile; fileRef = 84A88FC41A71DFA0003D53CF /* ShapeExample.swift */; };
		84A88FDA1A71DFA0003D53CF /* StringExtSpec.swift in Sources */ = {isa = PBXBuildFile; fileRef = 84A88FC51A71DFA0003D53CF /* StringExtSpec.swift */; };
		84A88FDB1A71DFA0003D53CF /* ThoseSpec.swift in Sources */ = {isa = PBXBuildFile; fileRef = 84A88FC61A71DFA0003D53CF /* ThoseSpec.swift */; };
		84A88FDC1A71DFA0003D53CF /* TupleExtSpec.swift in Sources */ = {isa = PBXBuildFile; fileRef = 84A88FC71A71DFA0003D53CF /* TupleExtSpec.swift */; };
		84A8900E1A71DFC5003D53CF /* Applicative.swift in Sources */ = {isa = PBXBuildFile; fileRef = 84A88FDE1A71DFC5003D53CF /* Applicative.swift */; };
		84A8900F1A71DFC5003D53CF /* ArrayExt.swift in Sources */ = {isa = PBXBuildFile; fileRef = 84A88FDF1A71DFC5003D53CF /* ArrayExt.swift */; };
		84A890111A71DFC5003D53CF /* Arrow.swift in Sources */ = {isa = PBXBuildFile; fileRef = 84A88FE11A71DFC5003D53CF /* Arrow.swift */; };
		84A890121A71DFC5003D53CF /* Bifunctor.swift in Sources */ = {isa = PBXBuildFile; fileRef = 84A88FE21A71DFC5003D53CF /* Bifunctor.swift */; };
		84A890131A71DFC5003D53CF /* Bounded.swift in Sources */ = {isa = PBXBuildFile; fileRef = 84A88FE31A71DFC5003D53CF /* Bounded.swift */; };
		84A890141A71DFC5003D53CF /* Category.swift in Sources */ = {isa = PBXBuildFile; fileRef = 84A88FE41A71DFC5003D53CF /* Category.swift */; };
		84A890161A71DFC5003D53CF /* CharacterExt.swift in Sources */ = {isa = PBXBuildFile; fileRef = 84A88FE61A71DFC5003D53CF /* CharacterExt.swift */; };
		84A890171A71DFC5003D53CF /* Comonad.swift in Sources */ = {isa = PBXBuildFile; fileRef = 84A88FE71A71DFC5003D53CF /* Comonad.swift */; };
		84A890181A71DFC5003D53CF /* Copointed.swift in Sources */ = {isa = PBXBuildFile; fileRef = 84A88FE81A71DFC5003D53CF /* Copointed.swift */; };
		84A890191A71DFC5003D53CF /* Curry.swift in Sources */ = {isa = PBXBuildFile; fileRef = 84A88FE91A71DFC5003D53CF /* Curry.swift */; };
		84A8901A1A71DFC5003D53CF /* DictionaryExt.swift in Sources */ = {isa = PBXBuildFile; fileRef = 84A88FEA1A71DFC5003D53CF /* DictionaryExt.swift */; };
		84A8901C1A71DFC5003D53CF /* Function.swift in Sources */ = {isa = PBXBuildFile; fileRef = 84A88FEC1A71DFC5003D53CF /* Function.swift */; };
		84A8901D1A71DFC5003D53CF /* Functor.swift in Sources */ = {isa = PBXBuildFile; fileRef = 84A88FED1A71DFC5003D53CF /* Functor.swift */; };
		84A890201A71DFC5003D53CF /* HList.swift in Sources */ = {isa = PBXBuildFile; fileRef = 84A88FF01A71DFC5003D53CF /* HList.swift */; };
		84A890261A71DFC5003D53CF /* JSON.swift in Sources */ = {isa = PBXBuildFile; fileRef = 84A88FF61A71DFC5003D53CF /* JSON.swift */; };
		84A890271A71DFC5003D53CF /* Kinds.swift in Sources */ = {isa = PBXBuildFile; fileRef = 84A88FF71A71DFC5003D53CF /* Kinds.swift */; };
		84A890291A71DFC5003D53CF /* List.swift in Sources */ = {isa = PBXBuildFile; fileRef = 84A88FF91A71DFC5003D53CF /* List.swift */; };
		84A8902A1A71DFC5003D53CF /* Maybe.swift in Sources */ = {isa = PBXBuildFile; fileRef = 84A88FFA1A71DFC5003D53CF /* Maybe.swift */; };
		84A8902B1A71DFC5003D53CF /* Monad.swift in Sources */ = {isa = PBXBuildFile; fileRef = 84A88FFB1A71DFC5003D53CF /* Monad.swift */; };
		84A8902C1A71DFC5003D53CF /* Monoid.swift in Sources */ = {isa = PBXBuildFile; fileRef = 84A88FFC1A71DFC5003D53CF /* Monoid.swift */; };
		84A8902E1A71DFC5003D53CF /* NonEmptyList.swift in Sources */ = {isa = PBXBuildFile; fileRef = 84A88FFE1A71DFC5003D53CF /* NonEmptyList.swift */; };
		84A890311A71DFC5003D53CF /* Num.swift in Sources */ = {isa = PBXBuildFile; fileRef = 84A890011A71DFC5003D53CF /* Num.swift */; };
		84A890331A71DFC5003D53CF /* OptionalExt.swift in Sources */ = {isa = PBXBuildFile; fileRef = 84A890031A71DFC5003D53CF /* OptionalExt.swift */; };
		84A890341A71DFC5003D53CF /* Pointed.swift in Sources */ = {isa = PBXBuildFile; fileRef = 84A890041A71DFC5003D53CF /* Pointed.swift */; };
		84A890371A71DFC5003D53CF /* Semigroup.swift in Sources */ = {isa = PBXBuildFile; fileRef = 84A890071A71DFC5003D53CF /* Semigroup.swift */; };
		84A890391A71DFC5003D53CF /* StringExt.swift in Sources */ = {isa = PBXBuildFile; fileRef = 84A890091A71DFC5003D53CF /* StringExt.swift */; };
		84A8903A1A71DFC5003D53CF /* SYB.swift in Sources */ = {isa = PBXBuildFile; fileRef = 84A8900A1A71DFC5003D53CF /* SYB.swift */; };
		84A8903B1A71DFC5003D53CF /* Those.swift in Sources */ = {isa = PBXBuildFile; fileRef = 84A8900B1A71DFC5003D53CF /* Those.swift */; };
		84A8903C1A71DFC5003D53CF /* Tuple.swift in Sources */ = {isa = PBXBuildFile; fileRef = 84A8900C1A71DFC5003D53CF /* Tuple.swift */; };
		84A8903D1A71DFC5003D53CF /* TupleExt.swift in Sources */ = {isa = PBXBuildFile; fileRef = 84A8900D1A71DFC5003D53CF /* TupleExt.swift */; };
		84A890481A71DFE5003D53CF /* Array.swift in Sources */ = {isa = PBXBuildFile; fileRef = 84A8903E1A71DFE5003D53CF /* Array.swift */; };
		84A8904A1A71DFE5003D53CF /* Either.swift in Sources */ = {isa = PBXBuildFile; fileRef = 84A890401A71DFE5003D53CF /* Either.swift */; };
		84A8904B1A71DFE5003D53CF /* Error.swift in Sources */ = {isa = PBXBuildFile; fileRef = 84A890411A71DFE5003D53CF /* Error.swift */; };
		84A8904D1A71DFE5003D53CF /* Nothing.swift in Sources */ = {isa = PBXBuildFile; fileRef = 84A890431A71DFE5003D53CF /* Nothing.swift */; };
		84BB57641AA12D2200214BC5 /* StateSpec.swift in Sources */ = {isa = PBXBuildFile; fileRef = 84BB57631AA12D2200214BC5 /* StateSpec.swift */; };
		84DF75291B0BD17700C912B0 /* Swiftz.framework in Frameworks */ = {isa = PBXBuildFile; fileRef = 84DF751E1B0BD17700C912B0 /* Swiftz.framework */; };
		84DF759C1B0BD1D400C912B0 /* Kinds.swift in Sources */ = {isa = PBXBuildFile; fileRef = 84A88FF71A71DFC5003D53CF /* Kinds.swift */; };
		84DF759E1B0BD1D400C912B0 /* Array.swift in Sources */ = {isa = PBXBuildFile; fileRef = 84A8903E1A71DFE5003D53CF /* Array.swift */; };
		84DF75A01B0BD1D400C912B0 /* Either.swift in Sources */ = {isa = PBXBuildFile; fileRef = 84A890401A71DFE5003D53CF /* Either.swift */; };
		84DF75A11B0BD1D400C912B0 /* Error.swift in Sources */ = {isa = PBXBuildFile; fileRef = 84A890411A71DFE5003D53CF /* Error.swift */; };
		84DF75A31B0BD1D400C912B0 /* Nothing.swift in Sources */ = {isa = PBXBuildFile; fileRef = 84A890431A71DFE5003D53CF /* Nothing.swift */; };
		84DF75A61B0BD1D400C912B0 /* Sections.swift in Sources */ = {isa = PBXBuildFile; fileRef = 8480AB4D1A7B448A00C6162D /* Sections.swift */; };
		84DF75A71B0BD1D400C912B0 /* Applicative.swift in Sources */ = {isa = PBXBuildFile; fileRef = 84A88FDE1A71DFC5003D53CF /* Applicative.swift */; };
		84DF75A81B0BD1D400C912B0 /* Arrow.swift in Sources */ = {isa = PBXBuildFile; fileRef = 84A88FE11A71DFC5003D53CF /* Arrow.swift */; };
		84DF75A91B0BD1D400C912B0 /* Category.swift in Sources */ = {isa = PBXBuildFile; fileRef = 84A88FE41A71DFC5003D53CF /* Category.swift */; };
		84DF75AA1B0BD1D400C912B0 /* Comonad.swift in Sources */ = {isa = PBXBuildFile; fileRef = 84A88FE71A71DFC5003D53CF /* Comonad.swift */; };
		84DF75AB1B0BD1D400C912B0 /* Curry.swift in Sources */ = {isa = PBXBuildFile; fileRef = 84A88FE91A71DFC5003D53CF /* Curry.swift */; };
		84DF75B21B0BD1D400C912B0 /* Monad.swift in Sources */ = {isa = PBXBuildFile; fileRef = 84A88FFB1A71DFC5003D53CF /* Monad.swift */; };
		84DF75B51B0BD1D400C912B0 /* Bifunctor.swift in Sources */ = {isa = PBXBuildFile; fileRef = 84A88FE21A71DFC5003D53CF /* Bifunctor.swift */; };
		84DF75B61B0BD1D400C912B0 /* Bounded.swift in Sources */ = {isa = PBXBuildFile; fileRef = 84A88FE31A71DFC5003D53CF /* Bounded.swift */; };
		84DF75B71B0BD1D400C912B0 /* Copointed.swift in Sources */ = {isa = PBXBuildFile; fileRef = 84A88FE81A71DFC5003D53CF /* Copointed.swift */; };
		84DF75B81B0BD1D400C912B0 /* Function.swift in Sources */ = {isa = PBXBuildFile; fileRef = 84A88FEC1A71DFC5003D53CF /* Function.swift */; };
		84DF75B91B0BD1D400C912B0 /* Functor.swift in Sources */ = {isa = PBXBuildFile; fileRef = 84A88FED1A71DFC5003D53CF /* Functor.swift */; };
		84DF75BA1B0BD1D400C912B0 /* HList.swift in Sources */ = {isa = PBXBuildFile; fileRef = 84A88FF01A71DFC5003D53CF /* HList.swift */; };
		84DF75BB1B0BD1D400C912B0 /* JSON.swift in Sources */ = {isa = PBXBuildFile; fileRef = 84A88FF61A71DFC5003D53CF /* JSON.swift */; };
		84DF75BC1B0BD1D400C912B0 /* JSONKeypath.swift in Sources */ = {isa = PBXBuildFile; fileRef = 84F2C4F91A7AEB9B00316E5F /* JSONKeypath.swift */; };
		84DF75BD1B0BD1D400C912B0 /* List.swift in Sources */ = {isa = PBXBuildFile; fileRef = 84A88FF91A71DFC5003D53CF /* List.swift */; };
		84DF75BE1B0BD1D400C912B0 /* Maybe.swift in Sources */ = {isa = PBXBuildFile; fileRef = 84A88FFA1A71DFC5003D53CF /* Maybe.swift */; };
		84DF75BF1B0BD1D400C912B0 /* Monoid.swift in Sources */ = {isa = PBXBuildFile; fileRef = 84A88FFC1A71DFC5003D53CF /* Monoid.swift */; };
		84DF75C01B0BD1D400C912B0 /* NonEmptyList.swift in Sources */ = {isa = PBXBuildFile; fileRef = 84A88FFE1A71DFC5003D53CF /* NonEmptyList.swift */; };
		84DF75C11B0BD1D400C912B0 /* Num.swift in Sources */ = {isa = PBXBuildFile; fileRef = 84A890011A71DFC5003D53CF /* Num.swift */; };
		84DF75C21B0BD1D400C912B0 /* Pointed.swift in Sources */ = {isa = PBXBuildFile; fileRef = 84A890041A71DFC5003D53CF /* Pointed.swift */; };
		84DF75C31B0BD1D400C912B0 /* Semigroup.swift in Sources */ = {isa = PBXBuildFile; fileRef = 84A890071A71DFC5003D53CF /* Semigroup.swift */; };
		84DF75C41B0BD1D400C912B0 /* State.swift in Sources */ = {isa = PBXBuildFile; fileRef = 84961FB41A998976004A186A /* State.swift */; };
		84DF75C51B0BD1D400C912B0 /* SYB.swift in Sources */ = {isa = PBXBuildFile; fileRef = 84A8900A1A71DFC5003D53CF /* SYB.swift */; };
		84DF75C61B0BD1D400C912B0 /* Those.swift in Sources */ = {isa = PBXBuildFile; fileRef = 84A8900B1A71DFC5003D53CF /* Those.swift */; };
		84DF75C71B0BD1D400C912B0 /* Tuple.swift in Sources */ = {isa = PBXBuildFile; fileRef = 84A8900C1A71DFC5003D53CF /* Tuple.swift */; };
		84DF75C81B0BD1D400C912B0 /* ArrayExt.swift in Sources */ = {isa = PBXBuildFile; fileRef = 84A88FDF1A71DFC5003D53CF /* ArrayExt.swift */; };
		84DF75C91B0BD1D400C912B0 /* CharacterExt.swift in Sources */ = {isa = PBXBuildFile; fileRef = 84A88FE61A71DFC5003D53CF /* CharacterExt.swift */; };
		84DF75CA1B0BD1D400C912B0 /* DictionaryExt.swift in Sources */ = {isa = PBXBuildFile; fileRef = 84A88FEA1A71DFC5003D53CF /* DictionaryExt.swift */; };
		84DF75CD1B0BD1D400C912B0 /* OptionalExt.swift in Sources */ = {isa = PBXBuildFile; fileRef = 84A890031A71DFC5003D53CF /* OptionalExt.swift */; };
		84DF75CE1B0BD1D400C912B0 /* StringExt.swift in Sources */ = {isa = PBXBuildFile; fileRef = 84A890091A71DFC5003D53CF /* StringExt.swift */; };
		84DF75CF1B0BD1D400C912B0 /* TupleExt.swift in Sources */ = {isa = PBXBuildFile; fileRef = 84A8900D1A71DFC5003D53CF /* TupleExt.swift */; };
		84DF76301B0BDCE800C912B0 /* Swiftz.h in Headers */ = {isa = PBXBuildFile; fileRef = 84DF762F1B0BDCE800C912B0 /* Swiftz.h */; settings = {ATTRIBUTES = (Public, ); }; };
		84DF76311B0BDCE800C912B0 /* Swiftz.h in Headers */ = {isa = PBXBuildFile; fileRef = 84DF762F1B0BDCE800C912B0 /* Swiftz.h */; settings = {ATTRIBUTES = (Public, ); }; };
		84F2C4FA1A7AEB9B00316E5F /* JSONKeypath.swift in Sources */ = {isa = PBXBuildFile; fileRef = 84F2C4F91A7AEB9B00316E5F /* JSONKeypath.swift */; };
/* End PBXBuildFile section */

/* Begin PBXContainerItemProxy section */
		84A88FA51A71DF7F003D53CF /* PBXContainerItemProxy */ = {
			isa = PBXContainerItemProxy;
			containerPortal = 84A88F8F1A71DF7F003D53CF /* Project object */;
			proxyType = 1;
			remoteGlobalIDString = 84A88F971A71DF7F003D53CF;
			remoteInfo = Swiftz;
		};
		84DF752A1B0BD17700C912B0 /* PBXContainerItemProxy */ = {
			isa = PBXContainerItemProxy;
			containerPortal = 84A88F8F1A71DF7F003D53CF /* Project object */;
			proxyType = 1;
			remoteGlobalIDString = 84DF751D1B0BD17700C912B0;
			remoteInfo = "Swiftz-iOS";
		};
		84DF76391B0BDD4B00C912B0 /* PBXContainerItemProxy */ = {
			isa = PBXContainerItemProxy;
			containerPortal = 84DF76321B0BDD4B00C912B0 /* SwiftCheck.xcodeproj */;
			proxyType = 2;
			remoteGlobalIDString = 844FCC8D198B320500EB242A;
			remoteInfo = SwiftCheck;
		};
		84DF763B1B0BDD4B00C912B0 /* PBXContainerItemProxy */ = {
			isa = PBXContainerItemProxy;
			containerPortal = 84DF76321B0BDD4B00C912B0 /* SwiftCheck.xcodeproj */;
			proxyType = 2;
			remoteGlobalIDString = 844FCC98198B320500EB242A;
			remoteInfo = SwiftCheckTests;
		};
		84DF763D1B0BDD4B00C912B0 /* PBXContainerItemProxy */ = {
			isa = PBXContainerItemProxy;
			containerPortal = 84DF76321B0BDD4B00C912B0 /* SwiftCheck.xcodeproj */;
			proxyType = 2;
			remoteGlobalIDString = 84DF75F81B0BD54600C912B0;
			remoteInfo = "SwiftCheck-iOS";
		};
		84DF763F1B0BDD4B00C912B0 /* PBXContainerItemProxy */ = {
			isa = PBXContainerItemProxy;
			containerPortal = 84DF76321B0BDD4B00C912B0 /* SwiftCheck.xcodeproj */;
			proxyType = 2;
			remoteGlobalIDString = 84DF76021B0BD54600C912B0;
			remoteInfo = "SwiftCheck-iOSTests";
		};
		84DF76411B0BDD5900C912B0 /* PBXContainerItemProxy */ = {
			isa = PBXContainerItemProxy;
			containerPortal = 84DF76321B0BDD4B00C912B0 /* SwiftCheck.xcodeproj */;
			proxyType = 1;
			remoteGlobalIDString = 844FCC8C198B320500EB242A;
			remoteInfo = SwiftCheck;
		};
		84DF76431B0BDD5C00C912B0 /* PBXContainerItemProxy */ = {
			isa = PBXContainerItemProxy;
			containerPortal = 84DF76321B0BDD4B00C912B0 /* SwiftCheck.xcodeproj */;
			proxyType = 1;
			remoteGlobalIDString = 84DF75F71B0BD54600C912B0;
			remoteInfo = "SwiftCheck-iOS";
		};
/* End PBXContainerItemProxy section */

/* Begin PBXCopyFilesBuildPhase section */
		841408C11B1A8B3100BA2B6C /* CopyFiles */ = {
			isa = PBXCopyFilesBuildPhase;
			buildActionMask = 2147483647;
			dstPath = "";
			dstSubfolderSpec = 10;
			files = (
				841408C41B1A8B4700BA2B6C /* Swiftz.framework in CopyFiles */,
				841408C31B1A8B3F00BA2B6C /* SwiftCheck.framework in CopyFiles */,
			);
			runOnlyForDeploymentPostprocessing = 0;
		};
		84152B721A818A51006387D5 /* CopyFiles */ = {
			isa = PBXCopyFilesBuildPhase;
			buildActionMask = 2147483647;
			dstPath = "";
			dstSubfolderSpec = 10;
			files = (
				84152B731A818A5C006387D5 /* Swiftz.framework in CopyFiles */,
			);
			runOnlyForDeploymentPostprocessing = 0;
		};
/* End PBXCopyFilesBuildPhase section */

/* Begin PBXFileReference section */
		822A5FC21B4CD9EC00F48B0B /* Operators.swift */ = {isa = PBXFileReference; fileEncoding = 4; lastKnownFileType = sourcecode.swift; name = Operators.swift; path = Carthage/Checkouts/Operadics/Operators.swift; sourceTree = SOURCE_ROOT; usesTabs = 1; };
		825C0E421B85681C0026E738 /* Stream.swift */ = {isa = PBXFileReference; fileEncoding = 4; lastKnownFileType = sourcecode.swift; path = Stream.swift; sourceTree = "<group>"; usesTabs = 1; };
		825C0E531B859D020026E738 /* Identity.swift */ = {isa = PBXFileReference; fileEncoding = 4; lastKnownFileType = sourcecode.swift; path = Identity.swift; sourceTree = "<group>"; usesTabs = 1; };
		826A12F01B3DF9A300547FD4 /* FunctionSpec.swift */ = {isa = PBXFileReference; fileEncoding = 4; lastKnownFileType = sourcecode.swift; path = FunctionSpec.swift; sourceTree = "<group>"; usesTabs = 1; };
		8273EFA61B84D7DA008BA037 /* Const.swift */ = {isa = PBXFileReference; fileEncoding = 4; lastKnownFileType = sourcecode.swift; path = Const.swift; sourceTree = "<group>"; usesTabs = 1; };
		8273EFA91B84D9CC008BA037 /* IdentitySpec.swift */ = {isa = PBXFileReference; fileEncoding = 4; lastKnownFileType = sourcecode.swift; path = IdentitySpec.swift; sourceTree = "<group>"; usesTabs = 1; };
		828BB55B1B7E71B600D3327A /* Writer.swift */ = {isa = PBXFileReference; fileEncoding = 4; lastKnownFileType = sourcecode.swift; path = Writer.swift; sourceTree = "<group>"; usesTabs = 1; };
		828BB5601B7E77C700D3327A /* WriterSpec.swift */ = {isa = PBXFileReference; fileEncoding = 4; lastKnownFileType = sourcecode.swift; path = WriterSpec.swift; sourceTree = "<group>"; usesTabs = 1; };
		828F7D941B4261A5005EF918 /* UserExample.swift */ = {isa = PBXFileReference; fileEncoding = 4; lastKnownFileType = sourcecode.swift; path = UserExample.swift; sourceTree = "<group>"; usesTabs = 1; };
		82BCF1531B8DE7A500BA6864 /* Optional.swift */ = {isa = PBXFileReference; fileEncoding = 4; lastKnownFileType = sourcecode.swift; name = Optional.swift; path = Carthage/Checkouts/Swiftx/Swiftx/Optional.swift; sourceTree = SOURCE_ROOT; usesTabs = 1; };
		82E51B7E1B5C41E8003CA361 /* Combinators.swift */ = {isa = PBXFileReference; fileEncoding = 4; lastKnownFileType = sourcecode.swift; name = Combinators.swift; path = Carthage/Checkouts/Swiftx/Swiftx/Combinators.swift; sourceTree = SOURCE_ROOT; usesTabs = 1; };
		82E51B9F1B5D9413003CA361 /* Proxy.swift */ = {isa = PBXFileReference; fileEncoding = 4; lastKnownFileType = sourcecode.swift; path = Proxy.swift; sourceTree = "<group>"; usesTabs = 1; };
		82E51BA41B5D96BD003CA361 /* ProxySpec.swift */ = {isa = PBXFileReference; fileEncoding = 4; lastKnownFileType = sourcecode.swift; path = ProxySpec.swift; sourceTree = "<group>"; usesTabs = 1; };
		82E5A65B1B53666000255137 /* NonEmptyListSpec.swift */ = {isa = PBXFileReference; fileEncoding = 4; lastKnownFileType = sourcecode.swift; path = NonEmptyListSpec.swift; sourceTree = "<group>"; usesTabs = 1; };
		82EBC6AE1B7AA4CC004AF7B6 /* Ratio.swift */ = {isa = PBXFileReference; fileEncoding = 4; lastKnownFileType = sourcecode.swift; path = Ratio.swift; sourceTree = "<group>"; usesTabs = 1; };
		82F3175D1B805EA7007B80E2 /* ArrowExt.swift */ = {isa = PBXFileReference; fileEncoding = 4; lastKnownFileType = sourcecode.swift; path = ArrowExt.swift; sourceTree = "<group>"; usesTabs = 1; };
		82F317621B81090B007B80E2 /* ArrowExtSpec.swift */ = {isa = PBXFileReference; fileEncoding = 4; lastKnownFileType = sourcecode.swift; path = ArrowExtSpec.swift; sourceTree = "<group>"; usesTabs = 1; };
		8480AB4D1A7B448A00C6162D /* Sections.swift */ = {isa = PBXFileReference; fileEncoding = 4; lastKnownFileType = sourcecode.swift; name = Sections.swift; path = Carthage/Checkouts/Swiftx/Swiftx/Sections.swift; sourceTree = SOURCE_ROOT; usesTabs = 1; };
		84961FB41A998976004A186A /* State.swift */ = {isa = PBXFileReference; fileEncoding = 4; lastKnownFileType = sourcecode.swift; path = State.swift; sourceTree = "<group>"; usesTabs = 1; };
		8496F0E61B37571F00896D26 /* Foldable.swift */ = {isa = PBXFileReference; fileEncoding = 4; lastKnownFileType = sourcecode.swift; path = Foldable.swift; sourceTree = "<group>"; usesTabs = 1; };
		8496F0E91B375BD400896D26 /* EitherExt.swift */ = {isa = PBXFileReference; fileEncoding = 4; lastKnownFileType = sourcecode.swift; path = EitherExt.swift; sourceTree = "<group>"; usesTabs = 1; };
		84A88F981A71DF7F003D53CF /* Swiftz.framework */ = {isa = PBXFileReference; explicitFileType = wrapper.framework; includeInIndex = 0; path = Swiftz.framework; sourceTree = BUILT_PRODUCTS_DIR; };
		84A88F9C1A71DF7F003D53CF /* Info.plist */ = {isa = PBXFileReference; lastKnownFileType = text.plist.xml; path = Info.plist; sourceTree = "<group>"; };
		84A88FA31A71DF7F003D53CF /* SwiftzTests.xctest */ = {isa = PBXFileReference; explicitFileType = wrapper.cfbundle; includeInIndex = 0; path = SwiftzTests.xctest; sourceTree = BUILT_PRODUCTS_DIR; };
		84A88FA91A71DF7F003D53CF /* Info.plist */ = {isa = PBXFileReference; lastKnownFileType = text.plist.xml; path = Info.plist; sourceTree = "<group>"; };
		84A88FB41A71DFA0003D53CF /* ArrayExtSpec.swift */ = {isa = PBXFileReference; fileEncoding = 4; lastKnownFileType = sourcecode.swift; path = ArrayExtSpec.swift; sourceTree = "<group>"; usesTabs = 1; };
		84A88FB71A71DFA0003D53CF /* EitherSpec.swift */ = {isa = PBXFileReference; fileEncoding = 4; lastKnownFileType = sourcecode.swift; path = EitherSpec.swift; sourceTree = "<group>"; usesTabs = 1; };
		84A88FB81A71DFA0003D53CF /* FunctorSpec.swift */ = {isa = PBXFileReference; fileEncoding = 4; lastKnownFileType = sourcecode.swift; path = FunctorSpec.swift; sourceTree = "<group>"; usesTabs = 1; };
		84A88FBA1A71DFA0003D53CF /* HListSpec.swift */ = {isa = PBXFileReference; fileEncoding = 4; lastKnownFileType = sourcecode.swift; path = HListSpec.swift; sourceTree = "<group>"; usesTabs = 1; };
		84A88FBB1A71DFA0003D53CF /* JSONSpec.swift */ = {isa = PBXFileReference; fileEncoding = 4; lastKnownFileType = sourcecode.swift; path = JSONSpec.swift; sourceTree = "<group>"; usesTabs = 1; };
		84A88FBC1A71DFA0003D53CF /* ListSpec.swift */ = {isa = PBXFileReference; fileEncoding = 4; lastKnownFileType = sourcecode.swift; path = ListSpec.swift; sourceTree = "<group>"; usesTabs = 1; };
		84A88FBE1A71DFA0003D53CF /* MonoidSpec.swift */ = {isa = PBXFileReference; fileEncoding = 4; lastKnownFileType = sourcecode.swift; path = MonoidSpec.swift; sourceTree = "<group>"; usesTabs = 1; };
		84A88FC01A71DFA0003D53CF /* OptionalExtSpec.swift */ = {isa = PBXFileReference; fileEncoding = 4; lastKnownFileType = sourcecode.swift; path = OptionalExtSpec.swift; sourceTree = "<group>"; usesTabs = 1; };
		84A88FC41A71DFA0003D53CF /* ShapeExample.swift */ = {isa = PBXFileReference; fileEncoding = 4; lastKnownFileType = sourcecode.swift; path = ShapeExample.swift; sourceTree = "<group>"; usesTabs = 1; };
		84A88FC51A71DFA0003D53CF /* StringExtSpec.swift */ = {isa = PBXFileReference; fileEncoding = 4; lastKnownFileType = sourcecode.swift; path = StringExtSpec.swift; sourceTree = "<group>"; usesTabs = 1; };
		84A88FC61A71DFA0003D53CF /* ThoseSpec.swift */ = {isa = PBXFileReference; fileEncoding = 4; lastKnownFileType = sourcecode.swift; path = ThoseSpec.swift; sourceTree = "<group>"; usesTabs = 1; };
		84A88FC71A71DFA0003D53CF /* TupleExtSpec.swift */ = {isa = PBXFileReference; fileEncoding = 4; lastKnownFileType = sourcecode.swift; path = TupleExtSpec.swift; sourceTree = "<group>"; usesTabs = 1; };
		84A88FDE1A71DFC5003D53CF /* Applicative.swift */ = {isa = PBXFileReference; fileEncoding = 4; lastKnownFileType = sourcecode.swift; path = Applicative.swift; sourceTree = "<group>"; usesTabs = 1; };
		84A88FDF1A71DFC5003D53CF /* ArrayExt.swift */ = {isa = PBXFileReference; fileEncoding = 4; lastKnownFileType = sourcecode.swift; path = ArrayExt.swift; sourceTree = "<group>"; usesTabs = 1; };
		84A88FE11A71DFC5003D53CF /* Arrow.swift */ = {isa = PBXFileReference; fileEncoding = 4; lastKnownFileType = sourcecode.swift; path = Arrow.swift; sourceTree = "<group>"; usesTabs = 1; };
		84A88FE21A71DFC5003D53CF /* Bifunctor.swift */ = {isa = PBXFileReference; fileEncoding = 4; lastKnownFileType = sourcecode.swift; path = Bifunctor.swift; sourceTree = "<group>"; usesTabs = 1; };
		84A88FE31A71DFC5003D53CF /* Bounded.swift */ = {isa = PBXFileReference; fileEncoding = 4; lastKnownFileType = sourcecode.swift; path = Bounded.swift; sourceTree = "<group>"; usesTabs = 1; };
		84A88FE41A71DFC5003D53CF /* Category.swift */ = {isa = PBXFileReference; fileEncoding = 4; lastKnownFileType = sourcecode.swift; path = Category.swift; sourceTree = "<group>"; usesTabs = 1; };
		84A88FE61A71DFC5003D53CF /* CharacterExt.swift */ = {isa = PBXFileReference; fileEncoding = 4; lastKnownFileType = sourcecode.swift; path = CharacterExt.swift; sourceTree = "<group>"; usesTabs = 1; };
		84A88FE71A71DFC5003D53CF /* Comonad.swift */ = {isa = PBXFileReference; fileEncoding = 4; lastKnownFileType = sourcecode.swift; path = Comonad.swift; sourceTree = "<group>"; usesTabs = 1; };
		84A88FE81A71DFC5003D53CF /* Copointed.swift */ = {isa = PBXFileReference; fileEncoding = 4; lastKnownFileType = sourcecode.swift; path = Copointed.swift; sourceTree = "<group>"; usesTabs = 1; };
		84A88FE91A71DFC5003D53CF /* Curry.swift */ = {isa = PBXFileReference; fileEncoding = 4; lastKnownFileType = sourcecode.swift; path = Curry.swift; sourceTree = "<group>"; usesTabs = 1; };
		84A88FEA1A71DFC5003D53CF /* DictionaryExt.swift */ = {isa = PBXFileReference; fileEncoding = 4; lastKnownFileType = sourcecode.swift; path = DictionaryExt.swift; sourceTree = "<group>"; usesTabs = 1; };
		84A88FEC1A71DFC5003D53CF /* Function.swift */ = {isa = PBXFileReference; fileEncoding = 4; lastKnownFileType = sourcecode.swift; path = Function.swift; sourceTree = "<group>"; usesTabs = 1; };
		84A88FED1A71DFC5003D53CF /* Functor.swift */ = {isa = PBXFileReference; fileEncoding = 4; lastKnownFileType = sourcecode.swift; path = Functor.swift; sourceTree = "<group>"; usesTabs = 1; };
		84A88FF01A71DFC5003D53CF /* HList.swift */ = {isa = PBXFileReference; fileEncoding = 4; lastKnownFileType = sourcecode.swift; path = HList.swift; sourceTree = "<group>"; usesTabs = 1; };
		84A88FF61A71DFC5003D53CF /* JSON.swift */ = {isa = PBXFileReference; fileEncoding = 4; lastKnownFileType = sourcecode.swift; path = JSON.swift; sourceTree = "<group>"; usesTabs = 1; };
		84A88FF71A71DFC5003D53CF /* Kinds.swift */ = {isa = PBXFileReference; fileEncoding = 4; lastKnownFileType = sourcecode.swift; path = Kinds.swift; sourceTree = "<group>"; usesTabs = 1; };
		84A88FF91A71DFC5003D53CF /* List.swift */ = {isa = PBXFileReference; fileEncoding = 4; lastKnownFileType = sourcecode.swift; path = List.swift; sourceTree = "<group>"; usesTabs = 1; };
		84A88FFA1A71DFC5003D53CF /* Maybe.swift */ = {isa = PBXFileReference; fileEncoding = 4; lastKnownFileType = sourcecode.swift; path = Maybe.swift; sourceTree = "<group>"; usesTabs = 1; };
		84A88FFB1A71DFC5003D53CF /* Monad.swift */ = {isa = PBXFileReference; fileEncoding = 4; lastKnownFileType = sourcecode.swift; path = Monad.swift; sourceTree = "<group>"; usesTabs = 1; };
		84A88FFC1A71DFC5003D53CF /* Monoid.swift */ = {isa = PBXFileReference; fileEncoding = 4; lastKnownFileType = sourcecode.swift; path = Monoid.swift; sourceTree = "<group>"; usesTabs = 1; };
		84A88FFE1A71DFC5003D53CF /* NonEmptyList.swift */ = {isa = PBXFileReference; fileEncoding = 4; lastKnownFileType = sourcecode.swift; path = NonEmptyList.swift; sourceTree = "<group>"; usesTabs = 1; };
		84A890011A71DFC5003D53CF /* Num.swift */ = {isa = PBXFileReference; fileEncoding = 4; lastKnownFileType = sourcecode.swift; path = Num.swift; sourceTree = "<group>"; usesTabs = 1; };
		84A890031A71DFC5003D53CF /* OptionalExt.swift */ = {isa = PBXFileReference; fileEncoding = 4; lastKnownFileType = sourcecode.swift; path = OptionalExt.swift; sourceTree = "<group>"; usesTabs = 1; };
		84A890041A71DFC5003D53CF /* Pointed.swift */ = {isa = PBXFileReference; fileEncoding = 4; lastKnownFileType = sourcecode.swift; path = Pointed.swift; sourceTree = "<group>"; usesTabs = 1; };
		84A890071A71DFC5003D53CF /* Semigroup.swift */ = {isa = PBXFileReference; fileEncoding = 4; lastKnownFileType = sourcecode.swift; path = Semigroup.swift; sourceTree = "<group>"; usesTabs = 1; };
		84A890091A71DFC5003D53CF /* StringExt.swift */ = {isa = PBXFileReference; fileEncoding = 4; lastKnownFileType = sourcecode.swift; path = StringExt.swift; sourceTree = "<group>"; usesTabs = 1; };
		84A8900A1A71DFC5003D53CF /* SYB.swift */ = {isa = PBXFileReference; fileEncoding = 4; lastKnownFileType = sourcecode.swift; path = SYB.swift; sourceTree = "<group>"; usesTabs = 1; };
		84A8900B1A71DFC5003D53CF /* Those.swift */ = {isa = PBXFileReference; fileEncoding = 4; lastKnownFileType = sourcecode.swift; path = Those.swift; sourceTree = "<group>"; usesTabs = 1; };
		84A8900C1A71DFC5003D53CF /* Tuple.swift */ = {isa = PBXFileReference; fileEncoding = 4; lastKnownFileType = sourcecode.swift; path = Tuple.swift; sourceTree = "<group>"; usesTabs = 1; };
		84A8900D1A71DFC5003D53CF /* TupleExt.swift */ = {isa = PBXFileReference; fileEncoding = 4; lastKnownFileType = sourcecode.swift; path = TupleExt.swift; sourceTree = "<group>"; usesTabs = 1; };
		84A8903E1A71DFE5003D53CF /* Array.swift */ = {isa = PBXFileReference; fileEncoding = 4; lastKnownFileType = sourcecode.swift; name = Array.swift; path = Carthage/Checkouts/Swiftx/Swiftx/Array.swift; sourceTree = SOURCE_ROOT; usesTabs = 1; };
		84A890401A71DFE5003D53CF /* Either.swift */ = {isa = PBXFileReference; fileEncoding = 4; lastKnownFileType = sourcecode.swift; name = Either.swift; path = Carthage/Checkouts/Swiftx/Swiftx/Either.swift; sourceTree = SOURCE_ROOT; usesTabs = 1; };
		84A890411A71DFE5003D53CF /* Error.swift */ = {isa = PBXFileReference; fileEncoding = 4; lastKnownFileType = sourcecode.swift; name = Error.swift; path = Carthage/Checkouts/Swiftx/Swiftx/Error.swift; sourceTree = SOURCE_ROOT; usesTabs = 1; };
		84A890431A71DFE5003D53CF /* Nothing.swift */ = {isa = PBXFileReference; fileEncoding = 4; lastKnownFileType = sourcecode.swift; name = Nothing.swift; path = Carthage/Checkouts/Swiftx/Swiftx/Nothing.swift; sourceTree = SOURCE_ROOT; usesTabs = 1; };
		84BB57631AA12D2200214BC5 /* StateSpec.swift */ = {isa = PBXFileReference; fileEncoding = 4; lastKnownFileType = sourcecode.swift; path = StateSpec.swift; sourceTree = "<group>"; usesTabs = 1; };
		84DF751E1B0BD17700C912B0 /* Swiftz.framework */ = {isa = PBXFileReference; explicitFileType = wrapper.framework; includeInIndex = 0; path = Swiftz.framework; sourceTree = BUILT_PRODUCTS_DIR; };
		84DF75281B0BD17700C912B0 /* Swiftz-iOSTests.xctest */ = {isa = PBXFileReference; explicitFileType = wrapper.cfbundle; includeInIndex = 0; path = "Swiftz-iOSTests.xctest"; sourceTree = BUILT_PRODUCTS_DIR; };
		84DF762F1B0BDCE800C912B0 /* Swiftz.h */ = {isa = PBXFileReference; fileEncoding = 4; lastKnownFileType = sourcecode.c.h; name = Swiftz.h; path = Swiftz/Swiftz.h; sourceTree = "<group>"; usesTabs = 1; };
		84DF76321B0BDD4B00C912B0 /* SwiftCheck.xcodeproj */ = {isa = PBXFileReference; lastKnownFileType = "wrapper.pb-project"; name = SwiftCheck.xcodeproj; path = Carthage/Checkouts/SwiftCheck/SwiftCheck.xcodeproj; sourceTree = SOURCE_ROOT; };
		84F2C4F91A7AEB9B00316E5F /* JSONKeypath.swift */ = {isa = PBXFileReference; fileEncoding = 4; lastKnownFileType = sourcecode.swift; path = JSONKeypath.swift; sourceTree = "<group>"; usesTabs = 1; };
/* End PBXFileReference section */

/* Begin PBXFrameworksBuildPhase section */
		84A88F941A71DF7F003D53CF /* Frameworks */ = {
			isa = PBXFrameworksBuildPhase;
			buildActionMask = 2147483647;
			files = (
			);
			runOnlyForDeploymentPostprocessing = 0;
		};
		84A88FA01A71DF7F003D53CF /* Frameworks */ = {
			isa = PBXFrameworksBuildPhase;
			buildActionMask = 2147483647;
			files = (
				84A88FA41A71DF7F003D53CF /* Swiftz.framework in Frameworks */,
			);
			runOnlyForDeploymentPostprocessing = 0;
		};
		84DF751A1B0BD17700C912B0 /* Frameworks */ = {
			isa = PBXFrameworksBuildPhase;
			buildActionMask = 2147483647;
			files = (
			);
			runOnlyForDeploymentPostprocessing = 0;
		};
		84DF75251B0BD17700C912B0 /* Frameworks */ = {
			isa = PBXFrameworksBuildPhase;
			buildActionMask = 2147483647;
			files = (
				84DF75291B0BD17700C912B0 /* Swiftz.framework in Frameworks */,
			);
			runOnlyForDeploymentPostprocessing = 0;
		};
/* End PBXFrameworksBuildPhase section */

/* Begin PBXGroup section */
		84A88F8E1A71DF7F003D53CF = {
			isa = PBXGroup;
			children = (
				84DF762F1B0BDCE800C912B0 /* Swiftz.h */,
				84A88F9A1A71DF7F003D53CF /* Swiftz */,
				84A88FA71A71DF7F003D53CF /* SwiftzTests */,
				84A88F991A71DF7F003D53CF /* Products */,
			);
			sourceTree = "<group>";
		};
		84A88F991A71DF7F003D53CF /* Products */ = {
			isa = PBXGroup;
			children = (
				84A88F981A71DF7F003D53CF /* Swiftz.framework */,
				84A88FA31A71DF7F003D53CF /* SwiftzTests.xctest */,
				84DF751E1B0BD17700C912B0 /* Swiftz.framework */,
				84DF75281B0BD17700C912B0 /* Swiftz-iOSTests.xctest */,
			);
			name = Products;
			sourceTree = "<group>";
		};
		84A88F9A1A71DF7F003D53CF /* Swiftz */ = {
			isa = PBXGroup;
			children = (
				84A88FF71A71DFC5003D53CF /* Kinds.swift */,
				822A5FC21B4CD9EC00F48B0B /* Operators.swift */,
				84A890521A71E138003D53CF /* Core */,
				84A890541A71E170003D53CF /* Control */,
				84A890561A71E19D003D53CF /* Data */,
				84A890551A71E183003D53CF /* Ext */,
				84A88F9B1A71DF7F003D53CF /* Supporting Files */,
			);
			path = Swiftz;
			sourceTree = "<group>";
		};
		84A88F9B1A71DF7F003D53CF /* Supporting Files */ = {
			isa = PBXGroup;
			children = (
				84A88F9C1A71DF7F003D53CF /* Info.plist */,
			);
			name = "Supporting Files";
			sourceTree = "<group>";
		};
		84A88FA71A71DF7F003D53CF /* SwiftzTests */ = {
			isa = PBXGroup;
			children = (
				84A890591A71E1D7003D53CF /* Examples */,
				84A8905A1A71E1EE003D53CF /* Data */,
				84A890571A71E1B5003D53CF /* Ext */,
				84A88FA81A71DF7F003D53CF /* Supporting Files */,
			);
			path = SwiftzTests;
			sourceTree = "<group>";
		};
		84A88FA81A71DF7F003D53CF /* Supporting Files */ = {
			isa = PBXGroup;
			children = (
				84DF76321B0BDD4B00C912B0 /* SwiftCheck.xcodeproj */,
				84A88FA91A71DF7F003D53CF /* Info.plist */,
			);
			name = "Supporting Files";
			sourceTree = "<group>";
		};
		84A890521A71E138003D53CF /* Core */ = {
			isa = PBXGroup;
			children = (
				84A8903E1A71DFE5003D53CF /* Array.swift */,
				82E51B7E1B5C41E8003CA361 /* Combinators.swift */,
				84A890401A71DFE5003D53CF /* Either.swift */,
				84A890411A71DFE5003D53CF /* Error.swift */,
				84A890431A71DFE5003D53CF /* Nothing.swift */,
				82BCF1531B8DE7A500BA6864 /* Optional.swift */,
				8480AB4D1A7B448A00C6162D /* Sections.swift */,
			);
			name = Core;
			sourceTree = "<group>";
		};
		84A890541A71E170003D53CF /* Control */ = {
			isa = PBXGroup;
			children = (
				84A88FDE1A71DFC5003D53CF /* Applicative.swift */,
				84A88FE11A71DFC5003D53CF /* Arrow.swift */,
				84A88FE41A71DFC5003D53CF /* Category.swift */,
				84A88FE71A71DFC5003D53CF /* Comonad.swift */,
				84A88FE91A71DFC5003D53CF /* Curry.swift */,
				84A88FFB1A71DFC5003D53CF /* Monad.swift */,
			);
			name = Control;
			sourceTree = "<group>";
		};
		84A890551A71E183003D53CF /* Ext */ = {
			isa = PBXGroup;
			children = (
				84A88FDF1A71DFC5003D53CF /* ArrayExt.swift */,
				82F3175D1B805EA7007B80E2 /* ArrowExt.swift */,
				84A88FE61A71DFC5003D53CF /* CharacterExt.swift */,
				84A88FEA1A71DFC5003D53CF /* DictionaryExt.swift */,
				8496F0E91B375BD400896D26 /* EitherExt.swift */,
				84A890031A71DFC5003D53CF /* OptionalExt.swift */,
				84A890091A71DFC5003D53CF /* StringExt.swift */,
				84A8900D1A71DFC5003D53CF /* TupleExt.swift */,
			);
			name = Ext;
			sourceTree = "<group>";
		};
		84A890561A71E19D003D53CF /* Data */ = {
			isa = PBXGroup;
			children = (
				84A88FE21A71DFC5003D53CF /* Bifunctor.swift */,
				84A88FE31A71DFC5003D53CF /* Bounded.swift */,
				8273EFA61B84D7DA008BA037 /* Const.swift */,
				84A88FE81A71DFC5003D53CF /* Copointed.swift */,
				8496F0E61B37571F00896D26 /* Foldable.swift */,
				84A88FEC1A71DFC5003D53CF /* Function.swift */,
				84A88FED1A71DFC5003D53CF /* Functor.swift */,
				84A88FF01A71DFC5003D53CF /* HList.swift */,
				825C0E531B859D020026E738 /* Identity.swift */,
				84A88FF61A71DFC5003D53CF /* JSON.swift */,
				84F2C4F91A7AEB9B00316E5F /* JSONKeypath.swift */,
				84A88FF91A71DFC5003D53CF /* List.swift */,
				84A88FFA1A71DFC5003D53CF /* Maybe.swift */,
				84A88FFC1A71DFC5003D53CF /* Monoid.swift */,
				84A88FFE1A71DFC5003D53CF /* NonEmptyList.swift */,
				84A890011A71DFC5003D53CF /* Num.swift */,
				84A890041A71DFC5003D53CF /* Pointed.swift */,
				82E51B9F1B5D9413003CA361 /* Proxy.swift */,
				82EBC6AE1B7AA4CC004AF7B6 /* Ratio.swift */,
				84A890071A71DFC5003D53CF /* Semigroup.swift */,
				84961FB41A998976004A186A /* State.swift */,
				825C0E421B85681C0026E738 /* Stream.swift */,
				84A8900A1A71DFC5003D53CF /* SYB.swift */,
				84A8900B1A71DFC5003D53CF /* Those.swift */,
				84A8900C1A71DFC5003D53CF /* Tuple.swift */,
				828BB55B1B7E71B600D3327A /* Writer.swift */,
			);
			name = Data;
			sourceTree = "<group>";
		};
		84A890571A71E1B5003D53CF /* Ext */ = {
			isa = PBXGroup;
			children = (
				84A88FB41A71DFA0003D53CF /* ArrayExtSpec.swift */,
				82F317621B81090B007B80E2 /* ArrowExtSpec.swift */,
				84A88FC01A71DFA0003D53CF /* OptionalExtSpec.swift */,
				84A88FC51A71DFA0003D53CF /* StringExtSpec.swift */,
				84A88FC71A71DFA0003D53CF /* TupleExtSpec.swift */,
			);
			name = Ext;
			sourceTree = "<group>";
		};
		84A890591A71E1D7003D53CF /* Examples */ = {
			isa = PBXGroup;
			children = (
				84A88FC41A71DFA0003D53CF /* ShapeExample.swift */,
				828F7D941B4261A5005EF918 /* UserExample.swift */,
			);
			name = Examples;
			sourceTree = "<group>";
		};
		84A8905A1A71E1EE003D53CF /* Data */ = {
			isa = PBXGroup;
			children = (
				84A88FB71A71DFA0003D53CF /* EitherSpec.swift */,
				84A88FB81A71DFA0003D53CF /* FunctorSpec.swift */,
				826A12F01B3DF9A300547FD4 /* FunctionSpec.swift */,
				84A88FBA1A71DFA0003D53CF /* HListSpec.swift */,
				8273EFA91B84D9CC008BA037 /* IdentitySpec.swift */,
				84A88FBB1A71DFA0003D53CF /* JSONSpec.swift */,
				84A88FBC1A71DFA0003D53CF /* ListSpec.swift */,
				84A88FBE1A71DFA0003D53CF /* MonoidSpec.swift */,
				82E5A65B1B53666000255137 /* NonEmptyListSpec.swift */,
				82E51BA41B5D96BD003CA361 /* ProxySpec.swift */,
				84BB57631AA12D2200214BC5 /* StateSpec.swift */,
				84A88FC61A71DFA0003D53CF /* ThoseSpec.swift */,
				828BB5601B7E77C700D3327A /* WriterSpec.swift */,
			);
			name = Data;
			sourceTree = "<group>";
		};
		84DF76331B0BDD4B00C912B0 /* Products */ = {
			isa = PBXGroup;
			children = (
				84DF763A1B0BDD4B00C912B0 /* SwiftCheck.framework */,
				84DF763C1B0BDD4B00C912B0 /* SwiftCheckTests.xctest */,
				84DF763E1B0BDD4B00C912B0 /* SwiftCheck.framework */,
				84DF76401B0BDD4B00C912B0 /* SwiftCheck-iOSTests.xctest */,
			);
			name = Products;
			sourceTree = "<group>";
		};
/* End PBXGroup section */

/* Begin PBXHeadersBuildPhase section */
		84A88F951A71DF7F003D53CF /* Headers */ = {
			isa = PBXHeadersBuildPhase;
			buildActionMask = 2147483647;
			files = (
				84DF76301B0BDCE800C912B0 /* Swiftz.h in Headers */,
			);
			runOnlyForDeploymentPostprocessing = 0;
		};
		84DF751B1B0BD17700C912B0 /* Headers */ = {
			isa = PBXHeadersBuildPhase;
			buildActionMask = 2147483647;
			files = (
				84DF76311B0BDCE800C912B0 /* Swiftz.h in Headers */,
			);
			runOnlyForDeploymentPostprocessing = 0;
		};
/* End PBXHeadersBuildPhase section */

/* Begin PBXNativeTarget section */
		84A88F971A71DF7F003D53CF /* Swiftz */ = {
			isa = PBXNativeTarget;
			buildConfigurationList = 84A88FAE1A71DF7F003D53CF /* Build configuration list for PBXNativeTarget "Swiftz" */;
			buildPhases = (
				84A88F931A71DF7F003D53CF /* Sources */,
				84A88F941A71DF7F003D53CF /* Frameworks */,
				84A88F951A71DF7F003D53CF /* Headers */,
				84A88F961A71DF7F003D53CF /* Resources */,
			);
			buildRules = (
			);
			dependencies = (
			);
			name = Swiftz;
			productName = Swiftz;
			productReference = 84A88F981A71DF7F003D53CF /* Swiftz.framework */;
			productType = "com.apple.product-type.framework";
		};
		84A88FA21A71DF7F003D53CF /* SwiftzTests */ = {
			isa = PBXNativeTarget;
			buildConfigurationList = 84A88FB11A71DF7F003D53CF /* Build configuration list for PBXNativeTarget "SwiftzTests" */;
			buildPhases = (
				84A88F9F1A71DF7F003D53CF /* Sources */,
				84A88FA01A71DF7F003D53CF /* Frameworks */,
				84A88FA11A71DF7F003D53CF /* Resources */,
				84152B721A818A51006387D5 /* CopyFiles */,
			);
			buildRules = (
			);
			dependencies = (
				84DF76421B0BDD5900C912B0 /* PBXTargetDependency */,
				84A88FA61A71DF7F003D53CF /* PBXTargetDependency */,
			);
			name = SwiftzTests;
			productName = SwiftzTests;
			productReference = 84A88FA31A71DF7F003D53CF /* SwiftzTests.xctest */;
			productType = "com.apple.product-type.bundle.unit-test";
		};
		84DF751D1B0BD17700C912B0 /* Swiftz-iOS */ = {
			isa = PBXNativeTarget;
			buildConfigurationList = 84DF75361B0BD17700C912B0 /* Build configuration list for PBXNativeTarget "Swiftz-iOS" */;
			buildPhases = (
				84DF75191B0BD17700C912B0 /* Sources */,
				84DF751A1B0BD17700C912B0 /* Frameworks */,
				84DF751B1B0BD17700C912B0 /* Headers */,
				84DF751C1B0BD17700C912B0 /* Resources */,
			);
			buildRules = (
			);
			dependencies = (
			);
			name = "Swiftz-iOS";
			productName = "Swiftz-iOS";
			productReference = 84DF751E1B0BD17700C912B0 /* Swiftz.framework */;
			productType = "com.apple.product-type.framework";
		};
		84DF75271B0BD17700C912B0 /* Swiftz-iOSTests */ = {
			isa = PBXNativeTarget;
			buildConfigurationList = 84DF75371B0BD17700C912B0 /* Build configuration list for PBXNativeTarget "Swiftz-iOSTests" */;
			buildPhases = (
				84DF75241B0BD17700C912B0 /* Sources */,
				84DF75251B0BD17700C912B0 /* Frameworks */,
				84DF75261B0BD17700C912B0 /* Resources */,
				841408C11B1A8B3100BA2B6C /* CopyFiles */,
			);
			buildRules = (
			);
			dependencies = (
				84DF76441B0BDD5C00C912B0 /* PBXTargetDependency */,
				84DF752B1B0BD17700C912B0 /* PBXTargetDependency */,
			);
			name = "Swiftz-iOSTests";
			productName = "Swiftz-iOSTests";
			productReference = 84DF75281B0BD17700C912B0 /* Swiftz-iOSTests.xctest */;
			productType = "com.apple.product-type.bundle.unit-test";
		};
/* End PBXNativeTarget section */

/* Begin PBXProject section */
		84A88F8F1A71DF7F003D53CF /* Project object */ = {
			isa = PBXProject;
			attributes = {
				LastSwiftUpdateCheck = 0700;
				LastUpgradeCheck = 0700;
				ORGANIZATIONNAME = TypeLift;
				TargetAttributes = {
					84A88F971A71DF7F003D53CF = {
						CreatedOnToolsVersion = 6.2;
					};
					84A88FA21A71DF7F003D53CF = {
						CreatedOnToolsVersion = 6.2;
					};
					84DF751D1B0BD17700C912B0 = {
						CreatedOnToolsVersion = 6.4;
					};
					84DF75271B0BD17700C912B0 = {
						CreatedOnToolsVersion = 6.4;
					};
				};
			};
			buildConfigurationList = 84A88F921A71DF7F003D53CF /* Build configuration list for PBXProject "Swiftz" */;
			compatibilityVersion = "Xcode 3.2";
			developmentRegion = English;
			hasScannedForEncodings = 0;
			knownRegions = (
				en,
			);
			mainGroup = 84A88F8E1A71DF7F003D53CF;
			productRefGroup = 84A88F991A71DF7F003D53CF /* Products */;
			projectDirPath = "";
			projectReferences = (
				{
					ProductGroup = 84DF76331B0BDD4B00C912B0 /* Products */;
					ProjectRef = 84DF76321B0BDD4B00C912B0 /* SwiftCheck.xcodeproj */;
				},
			);
			projectRoot = "";
			targets = (
				84A88F971A71DF7F003D53CF /* Swiftz */,
				84A88FA21A71DF7F003D53CF /* SwiftzTests */,
				84DF751D1B0BD17700C912B0 /* Swiftz-iOS */,
				84DF75271B0BD17700C912B0 /* Swiftz-iOSTests */,
			);
		};
/* End PBXProject section */

/* Begin PBXReferenceProxy section */
		84DF763A1B0BDD4B00C912B0 /* SwiftCheck.framework */ = {
			isa = PBXReferenceProxy;
			fileType = wrapper.framework;
			path = SwiftCheck.framework;
			remoteRef = 84DF76391B0BDD4B00C912B0 /* PBXContainerItemProxy */;
			sourceTree = BUILT_PRODUCTS_DIR;
		};
		84DF763C1B0BDD4B00C912B0 /* SwiftCheckTests.xctest */ = {
			isa = PBXReferenceProxy;
			fileType = wrapper.cfbundle;
			path = SwiftCheckTests.xctest;
			remoteRef = 84DF763B1B0BDD4B00C912B0 /* PBXContainerItemProxy */;
			sourceTree = BUILT_PRODUCTS_DIR;
		};
		84DF763E1B0BDD4B00C912B0 /* SwiftCheck.framework */ = {
			isa = PBXReferenceProxy;
			fileType = wrapper.framework;
			path = SwiftCheck.framework;
			remoteRef = 84DF763D1B0BDD4B00C912B0 /* PBXContainerItemProxy */;
			sourceTree = BUILT_PRODUCTS_DIR;
		};
		84DF76401B0BDD4B00C912B0 /* SwiftCheck-iOSTests.xctest */ = {
			isa = PBXReferenceProxy;
			fileType = wrapper.cfbundle;
			path = "SwiftCheck-iOSTests.xctest";
			remoteRef = 84DF763F1B0BDD4B00C912B0 /* PBXContainerItemProxy */;
			sourceTree = BUILT_PRODUCTS_DIR;
		};
/* End PBXReferenceProxy section */

/* Begin PBXResourcesBuildPhase section */
		84A88F961A71DF7F003D53CF /* Resources */ = {
			isa = PBXResourcesBuildPhase;
			buildActionMask = 2147483647;
			files = (
			);
			runOnlyForDeploymentPostprocessing = 0;
		};
		84A88FA11A71DF7F003D53CF /* Resources */ = {
			isa = PBXResourcesBuildPhase;
			buildActionMask = 2147483647;
			files = (
			);
			runOnlyForDeploymentPostprocessing = 0;
		};
		84DF751C1B0BD17700C912B0 /* Resources */ = {
			isa = PBXResourcesBuildPhase;
			buildActionMask = 2147483647;
			files = (
			);
			runOnlyForDeploymentPostprocessing = 0;
		};
		84DF75261B0BD17700C912B0 /* Resources */ = {
			isa = PBXResourcesBuildPhase;
			buildActionMask = 2147483647;
			files = (
			);
			runOnlyForDeploymentPostprocessing = 0;
		};
/* End PBXResourcesBuildPhase section */

/* Begin PBXSourcesBuildPhase section */
		84A88F931A71DF7F003D53CF /* Sources */ = {
			isa = PBXSourcesBuildPhase;
			buildActionMask = 2147483647;
			files = (
				84A890161A71DFC5003D53CF /* CharacterExt.swift in Sources */,
				8480AB4E1A7B448A00C6162D /* Sections.swift in Sources */,
				84A8902B1A71DFC5003D53CF /* Monad.swift in Sources */,
				82E51B7F1B5C41E8003CA361 /* Combinators.swift in Sources */,
				84A890371A71DFC5003D53CF /* Semigroup.swift in Sources */,
				84A890331A71DFC5003D53CF /* OptionalExt.swift in Sources */,
				84A8903A1A71DFC5003D53CF /* SYB.swift in Sources */,
				84A8902A1A71DFC5003D53CF /* Maybe.swift in Sources */,
				84A8903C1A71DFC5003D53CF /* Tuple.swift in Sources */,
				84A890341A71DFC5003D53CF /* Pointed.swift in Sources */,
				82E51BA01B5D9413003CA361 /* Proxy.swift in Sources */,
				84A8904A1A71DFE5003D53CF /* Either.swift in Sources */,
				82EBC6AF1B7AA4CC004AF7B6 /* Ratio.swift in Sources */,
				84A890201A71DFC5003D53CF /* HList.swift in Sources */,
				84A890181A71DFC5003D53CF /* Copointed.swift in Sources */,
				84A8900E1A71DFC5003D53CF /* Applicative.swift in Sources */,
				84A8903B1A71DFC5003D53CF /* Those.swift in Sources */,
				82F3175E1B805EA7007B80E2 /* ArrowExt.swift in Sources */,
				84A8904B1A71DFE5003D53CF /* Error.swift in Sources */,
				825C0E541B859D020026E738 /* Identity.swift in Sources */,
				84A890111A71DFC5003D53CF /* Arrow.swift in Sources */,
				84A890261A71DFC5003D53CF /* JSON.swift in Sources */,
				822A5FC31B4CD9EC00F48B0B /* Operators.swift in Sources */,
				84A890271A71DFC5003D53CF /* Kinds.swift in Sources */,
				84A8903D1A71DFC5003D53CF /* TupleExt.swift in Sources */,
				84A8902C1A71DFC5003D53CF /* Monoid.swift in Sources */,
				84A890291A71DFC5003D53CF /* List.swift in Sources */,
				84A890121A71DFC5003D53CF /* Bifunctor.swift in Sources */,
				8273EFA71B84D7DA008BA037 /* Const.swift in Sources */,
				84A8900F1A71DFC5003D53CF /* ArrayExt.swift in Sources */,
				84A890311A71DFC5003D53CF /* Num.swift in Sources */,
				84A890191A71DFC5003D53CF /* Curry.swift in Sources */,
				84A8901A1A71DFC5003D53CF /* DictionaryExt.swift in Sources */,
				8496F0EA1B375BD400896D26 /* EitherExt.swift in Sources */,
				84A8902E1A71DFC5003D53CF /* NonEmptyList.swift in Sources */,
				828BB55C1B7E71B600D3327A /* Writer.swift in Sources */,
				84A8901D1A71DFC5003D53CF /* Functor.swift in Sources */,
				825C0E431B85681C0026E738 /* Stream.swift in Sources */,
				82BCF1541B8DE7A500BA6864 /* Optional.swift in Sources */,
				84A8901C1A71DFC5003D53CF /* Function.swift in Sources */,
				8496F0E71B37571F00896D26 /* Foldable.swift in Sources */,
				84A890391A71DFC5003D53CF /* StringExt.swift in Sources */,
				84A8904D1A71DFE5003D53CF /* Nothing.swift in Sources */,
				84A890131A71DFC5003D53CF /* Bounded.swift in Sources */,
				84A890141A71DFC5003D53CF /* Category.swift in Sources */,
				84A890481A71DFE5003D53CF /* Array.swift in Sources */,
				84A890171A71DFC5003D53CF /* Comonad.swift in Sources */,
				84F2C4FA1A7AEB9B00316E5F /* JSONKeypath.swift in Sources */,
				84961FB51A998976004A186A /* State.swift in Sources */,
			);
			runOnlyForDeploymentPostprocessing = 0;
		};
		84A88F9F1A71DF7F003D53CF /* Sources */ = {
			isa = PBXSourcesBuildPhase;
			buildActionMask = 2147483647;
			files = (
				84A88FD91A71DFA0003D53CF /* ShapeExample.swift in Sources */,
				828BB5611B7E77C700D3327A /* WriterSpec.swift in Sources */,
				84A88FDC1A71DFA0003D53CF /* TupleExtSpec.swift in Sources */,
				84BB57641AA12D2200214BC5 /* StateSpec.swift in Sources */,
				84A88FCF1A71DFA0003D53CF /* HListSpec.swift in Sources */,
				82F317631B81090B007B80E2 /* ArrowExtSpec.swift in Sources */,
				826A12F11B3DF9A300547FD4 /* FunctionSpec.swift in Sources */,
				8273EFAA1B84D9CC008BA037 /* IdentitySpec.swift in Sources */,
				84A88FDB1A71DFA0003D53CF /* ThoseSpec.swift in Sources */,
				828F7D951B4261A5005EF918 /* UserExample.swift in Sources */,
				84A88FC91A71DFA0003D53CF /* ArrayExtSpec.swift in Sources */,
				84A88FD51A71DFA0003D53CF /* OptionalExtSpec.swift in Sources */,
				84A88FCD1A71DFA0003D53CF /* FunctorSpec.swift in Sources */,
				84A88FD11A71DFA0003D53CF /* ListSpec.swift in Sources */,
				82E5A65C1B53666000255137 /* NonEmptyListSpec.swift in Sources */,
				84A88FD01A71DFA0003D53CF /* JSONSpec.swift in Sources */,
				84A88FD31A71DFA0003D53CF /* MonoidSpec.swift in Sources */,
				82E51BA51B5D96BD003CA361 /* ProxySpec.swift in Sources */,
				84A88FDA1A71DFA0003D53CF /* StringExtSpec.swift in Sources */,
				84A88FCC1A71DFA0003D53CF /* EitherSpec.swift in Sources */,
			);
			runOnlyForDeploymentPostprocessing = 0;
		};
		84DF75191B0BD17700C912B0 /* Sources */ = {
			isa = PBXSourcesBuildPhase;
			buildActionMask = 2147483647;
			files = (
				84DF759C1B0BD1D400C912B0 /* Kinds.swift in Sources */,
				84DF759E1B0BD1D400C912B0 /* Array.swift in Sources */,
				82E51B801B5C41E8003CA361 /* Combinators.swift in Sources */,
				84DF75A01B0BD1D400C912B0 /* Either.swift in Sources */,
				84DF75A11B0BD1D400C912B0 /* Error.swift in Sources */,
				84DF75A31B0BD1D400C912B0 /* Nothing.swift in Sources */,
				84DF75A61B0BD1D400C912B0 /* Sections.swift in Sources */,
				84DF75A71B0BD1D400C912B0 /* Applicative.swift in Sources */,
				84DF75A81B0BD1D400C912B0 /* Arrow.swift in Sources */,
				84DF75A91B0BD1D400C912B0 /* Category.swift in Sources */,
				82E51BA11B5D9413003CA361 /* Proxy.swift in Sources */,
				84DF75AA1B0BD1D400C912B0 /* Comonad.swift in Sources */,
				82EBC6B01B7AA4CC004AF7B6 /* Ratio.swift in Sources */,
				84DF75AB1B0BD1D400C912B0 /* Curry.swift in Sources */,
				84DF75B21B0BD1D400C912B0 /* Monad.swift in Sources */,
				84DF75B51B0BD1D400C912B0 /* Bifunctor.swift in Sources */,
				84DF75B61B0BD1D400C912B0 /* Bounded.swift in Sources */,
				82F3175F1B805EA7007B80E2 /* ArrowExt.swift in Sources */,
				84DF75B71B0BD1D400C912B0 /* Copointed.swift in Sources */,
				825C0E551B859D020026E738 /* Identity.swift in Sources */,
				822A5FC41B4CD9EC00F48B0B /* Operators.swift in Sources */,
				84DF75B81B0BD1D400C912B0 /* Function.swift in Sources */,
				84DF75B91B0BD1D400C912B0 /* Functor.swift in Sources */,
				84DF75BA1B0BD1D400C912B0 /* HList.swift in Sources */,
				84DF75BB1B0BD1D400C912B0 /* JSON.swift in Sources */,
				84DF75BC1B0BD1D400C912B0 /* JSONKeypath.swift in Sources */,
				84DF75BD1B0BD1D400C912B0 /* List.swift in Sources */,
				84DF75BE1B0BD1D400C912B0 /* Maybe.swift in Sources */,
				8273EFA81B84D7DA008BA037 /* Const.swift in Sources */,
				84DF75BF1B0BD1D400C912B0 /* Monoid.swift in Sources */,
				84DF75C01B0BD1D400C912B0 /* NonEmptyList.swift in Sources */,
				8496F0EB1B375BD400896D26 /* EitherExt.swift in Sources */,
				84DF75C11B0BD1D400C912B0 /* Num.swift in Sources */,
				84DF75C21B0BD1D400C912B0 /* Pointed.swift in Sources */,
				84DF75C31B0BD1D400C912B0 /* Semigroup.swift in Sources */,
				828BB55D1B7E71B600D3327A /* Writer.swift in Sources */,
				84DF75C41B0BD1D400C912B0 /* State.swift in Sources */,
				825C0E441B85681C0026E738 /* Stream.swift in Sources */,
				82BCF1551B8DE7A500BA6864 /* Optional.swift in Sources */,
				8496F0E81B37571F00896D26 /* Foldable.swift in Sources */,
				84DF75C51B0BD1D400C912B0 /* SYB.swift in Sources */,
				84DF75C61B0BD1D400C912B0 /* Those.swift in Sources */,
				84DF75C71B0BD1D400C912B0 /* Tuple.swift in Sources */,
				84DF75C81B0BD1D400C912B0 /* ArrayExt.swift in Sources */,
				84DF75C91B0BD1D400C912B0 /* CharacterExt.swift in Sources */,
				84DF75CA1B0BD1D400C912B0 /* DictionaryExt.swift in Sources */,
				84DF75CD1B0BD1D400C912B0 /* OptionalExt.swift in Sources */,
				84DF75CE1B0BD1D400C912B0 /* StringExt.swift in Sources */,
				84DF75CF1B0BD1D400C912B0 /* TupleExt.swift in Sources */,
			);
			runOnlyForDeploymentPostprocessing = 0;
		};
		84DF75241B0BD17700C912B0 /* Sources */ = {
			isa = PBXSourcesBuildPhase;
			buildActionMask = 2147483647;
			files = (
				84A53D721B1A900900E8A107 /* ShapeExample.swift in Sources */,
				828BB5621B7E77C700D3327A /* WriterSpec.swift in Sources */,
				84A53D741B1A900900E8A107 /* EitherSpec.swift in Sources */,
				84A53D751B1A900900E8A107 /* FunctorSpec.swift in Sources */,
				84A53D761B1A900900E8A107 /* HListSpec.swift in Sources */,
				82F317641B81090B007B80E2 /* ArrowExtSpec.swift in Sources */,
				826A12F21B3DF9A300547FD4 /* FunctionSpec.swift in Sources */,
				8273EFAB1B84D9CC008BA037 /* IdentitySpec.swift in Sources */,
				84A53D771B1A900900E8A107 /* JSONSpec.swift in Sources */,
				84A53D781B1A900900E8A107 /* ListSpec.swift in Sources */,
				828F7D961B4261A5005EF918 /* UserExample.swift in Sources */,
				84A53D7A1B1A900900E8A107 /* MonoidSpec.swift in Sources */,
				84A53D7C1B1A900900E8A107 /* StateSpec.swift in Sources */,
				82E5A65D1B53666000255137 /* NonEmptyListSpec.swift in Sources */,
				84A53D7D1B1A900900E8A107 /* ThoseSpec.swift in Sources */,
				84A53D7E1B1A900900E8A107 /* ArrayExtSpec.swift in Sources */,
				84A53D7F1B1A900900E8A107 /* OptionalExtSpec.swift in Sources */,
				82E51BA61B5D96BD003CA361 /* ProxySpec.swift in Sources */,
				84A53D801B1A900900E8A107 /* StringExtSpec.swift in Sources */,
				84A53D811B1A900900E8A107 /* TupleExtSpec.swift in Sources */,
			);
			runOnlyForDeploymentPostprocessing = 0;
		};
/* End PBXSourcesBuildPhase section */

/* Begin PBXTargetDependency section */
		84A88FA61A71DF7F003D53CF /* PBXTargetDependency */ = {
			isa = PBXTargetDependency;
			target = 84A88F971A71DF7F003D53CF /* Swiftz */;
			targetProxy = 84A88FA51A71DF7F003D53CF /* PBXContainerItemProxy */;
		};
		84DF752B1B0BD17700C912B0 /* PBXTargetDependency */ = {
			isa = PBXTargetDependency;
			target = 84DF751D1B0BD17700C912B0 /* Swiftz-iOS */;
			targetProxy = 84DF752A1B0BD17700C912B0 /* PBXContainerItemProxy */;
		};
		84DF76421B0BDD5900C912B0 /* PBXTargetDependency */ = {
			isa = PBXTargetDependency;
			name = SwiftCheck;
			targetProxy = 84DF76411B0BDD5900C912B0 /* PBXContainerItemProxy */;
		};
		84DF76441B0BDD5C00C912B0 /* PBXTargetDependency */ = {
			isa = PBXTargetDependency;
			name = "SwiftCheck-iOS";
			targetProxy = 84DF76431B0BDD5C00C912B0 /* PBXContainerItemProxy */;
		};
/* End PBXTargetDependency section */

/* Begin XCBuildConfiguration section */
		84A88FAC1A71DF7F003D53CF /* Debug */ = {
			isa = XCBuildConfiguration;
			buildSettings = {
				ALWAYS_SEARCH_USER_PATHS = NO;
				CLANG_CXX_LANGUAGE_STANDARD = "gnu++0x";
				CLANG_CXX_LIBRARY = "libc++";
				CLANG_ENABLE_MODULES = YES;
				CLANG_ENABLE_OBJC_ARC = YES;
				CLANG_WARN_BOOL_CONVERSION = YES;
				CLANG_WARN_CONSTANT_CONVERSION = YES;
				CLANG_WARN_DIRECT_OBJC_ISA_USAGE = YES_ERROR;
				CLANG_WARN_EMPTY_BODY = YES;
				CLANG_WARN_ENUM_CONVERSION = YES;
				CLANG_WARN_INT_CONVERSION = YES;
				CLANG_WARN_OBJC_ROOT_CLASS = YES_ERROR;
				CLANG_WARN_UNREACHABLE_CODE = YES;
				CLANG_WARN__DUPLICATE_METHOD_MATCH = YES;
				COPY_PHASE_STRIP = NO;
				CURRENT_PROJECT_VERSION = 1;
				ENABLE_STRICT_OBJC_MSGSEND = YES;
				ENABLE_TESTABILITY = YES;
				GCC_C_LANGUAGE_STANDARD = gnu99;
				GCC_DYNAMIC_NO_PIC = NO;
				GCC_OPTIMIZATION_LEVEL = 0;
				GCC_PREPROCESSOR_DEFINITIONS = (
					"DEBUG=1",
					"$(inherited)",
				);
				GCC_SYMBOLS_PRIVATE_EXTERN = NO;
				GCC_WARN_64_TO_32_BIT_CONVERSION = YES;
				GCC_WARN_ABOUT_RETURN_TYPE = YES_ERROR;
				GCC_WARN_UNDECLARED_SELECTOR = YES;
				GCC_WARN_UNINITIALIZED_AUTOS = YES_AGGRESSIVE;
				GCC_WARN_UNUSED_FUNCTION = YES;
				GCC_WARN_UNUSED_VARIABLE = YES;
				MACOSX_DEPLOYMENT_TARGET = 10.10;
				MTL_ENABLE_DEBUG_INFO = YES;
				ONLY_ACTIVE_ARCH = YES;
				SDKROOT = macosx;
				SWIFT_OPTIMIZATION_LEVEL = "-Onone";
				VERSIONING_SYSTEM = "apple-generic";
				VERSION_INFO_PREFIX = "";
			};
			name = Debug;
		};
		84A88FAD1A71DF7F003D53CF /* Release */ = {
			isa = XCBuildConfiguration;
			buildSettings = {
				ALWAYS_SEARCH_USER_PATHS = NO;
				CLANG_CXX_LANGUAGE_STANDARD = "gnu++0x";
				CLANG_CXX_LIBRARY = "libc++";
				CLANG_ENABLE_MODULES = YES;
				CLANG_ENABLE_OBJC_ARC = YES;
				CLANG_WARN_BOOL_CONVERSION = YES;
				CLANG_WARN_CONSTANT_CONVERSION = YES;
				CLANG_WARN_DIRECT_OBJC_ISA_USAGE = YES_ERROR;
				CLANG_WARN_EMPTY_BODY = YES;
				CLANG_WARN_ENUM_CONVERSION = YES;
				CLANG_WARN_INT_CONVERSION = YES;
				CLANG_WARN_OBJC_ROOT_CLASS = YES_ERROR;
				CLANG_WARN_UNREACHABLE_CODE = YES;
				CLANG_WARN__DUPLICATE_METHOD_MATCH = YES;
				COPY_PHASE_STRIP = NO;
				CURRENT_PROJECT_VERSION = 1;
				DEBUG_INFORMATION_FORMAT = "dwarf-with-dsym";
				ENABLE_NS_ASSERTIONS = NO;
				ENABLE_STRICT_OBJC_MSGSEND = YES;
				GCC_C_LANGUAGE_STANDARD = gnu99;
				GCC_WARN_64_TO_32_BIT_CONVERSION = YES;
				GCC_WARN_ABOUT_RETURN_TYPE = YES_ERROR;
				GCC_WARN_UNDECLARED_SELECTOR = YES;
				GCC_WARN_UNINITIALIZED_AUTOS = YES_AGGRESSIVE;
				GCC_WARN_UNUSED_FUNCTION = YES;
				GCC_WARN_UNUSED_VARIABLE = YES;
				MACOSX_DEPLOYMENT_TARGET = 10.10;
				MTL_ENABLE_DEBUG_INFO = NO;
				SDKROOT = macosx;
				VERSIONING_SYSTEM = "apple-generic";
				VERSION_INFO_PREFIX = "";
			};
			name = Release;
		};
		84A88FAF1A71DF7F003D53CF /* Debug */ = {
			isa = XCBuildConfiguration;
			buildSettings = {
				CLANG_ENABLE_MODULES = YES;
				COMBINE_HIDPI_IMAGES = YES;
				DEFINES_MODULE = YES;
				DYLIB_COMPATIBILITY_VERSION = 1;
				DYLIB_CURRENT_VERSION = 1;
				DYLIB_INSTALL_NAME_BASE = "@rpath";
				FRAMEWORK_VERSION = A;
				INFOPLIST_FILE = Swiftz/Info.plist;
				INSTALL_PATH = "$(LOCAL_LIBRARY_DIR)/Frameworks";
				LD_RUNPATH_SEARCH_PATHS = "$(inherited) @executable_path/../Frameworks @loader_path/Frameworks";
				MACOSX_DEPLOYMENT_TARGET = 10.9;
				PRODUCT_BUNDLE_IDENTIFIER = "com.typelift.$(PRODUCT_NAME:rfc1034identifier)";
				PRODUCT_NAME = "$(TARGET_NAME)";
				SKIP_INSTALL = YES;
				SWIFT_INSTALL_OBJC_HEADER = NO;
				SWIFT_OBJC_INTERFACE_HEADER_NAME = "";
				SWIFT_OPTIMIZATION_LEVEL = "-Onone";
			};
			name = Debug;
		};
		84A88FB01A71DF7F003D53CF /* Release */ = {
			isa = XCBuildConfiguration;
			buildSettings = {
				CLANG_ENABLE_MODULES = YES;
				COMBINE_HIDPI_IMAGES = YES;
				DEFINES_MODULE = YES;
				DYLIB_COMPATIBILITY_VERSION = 1;
				DYLIB_CURRENT_VERSION = 1;
				DYLIB_INSTALL_NAME_BASE = "@rpath";
				FRAMEWORK_VERSION = A;
				INFOPLIST_FILE = Swiftz/Info.plist;
				INSTALL_PATH = "$(LOCAL_LIBRARY_DIR)/Frameworks";
				LD_RUNPATH_SEARCH_PATHS = "$(inherited) @executable_path/../Frameworks @loader_path/Frameworks";
				MACOSX_DEPLOYMENT_TARGET = 10.9;
				PRODUCT_BUNDLE_IDENTIFIER = "com.typelift.$(PRODUCT_NAME:rfc1034identifier)";
				PRODUCT_NAME = "$(TARGET_NAME)";
				SKIP_INSTALL = YES;
				SWIFT_INSTALL_OBJC_HEADER = NO;
				SWIFT_OBJC_INTERFACE_HEADER_NAME = "";
			};
			name = Release;
		};
		84A88FB21A71DF7F003D53CF /* Debug */ = {
			isa = XCBuildConfiguration;
			buildSettings = {
				CLANG_ENABLE_MODULES = YES;
				COMBINE_HIDPI_IMAGES = YES;
				FRAMEWORK_SEARCH_PATHS = (
					"$(DEVELOPER_FRAMEWORKS_DIR)",
					"$(inherited)",
				);
				GCC_PREPROCESSOR_DEFINITIONS = (
					"DEBUG=1",
					"$(inherited)",
				);
				INFOPLIST_FILE = SwiftzTests/Info.plist;
				LD_RUNPATH_SEARCH_PATHS = "$(inherited) @executable_path/../Frameworks @loader_path/../Frameworks";
				PRODUCT_BUNDLE_IDENTIFIER = "io.maxs.${PRODUCT_NAME:rfc1034identifier}";
				PRODUCT_NAME = "$(TARGET_NAME)";
				SWIFT_OPTIMIZATION_LEVEL = "-Onone";
			};
			name = Debug;
		};
		84A88FB31A71DF7F003D53CF /* Release */ = {
			isa = XCBuildConfiguration;
			buildSettings = {
				CLANG_ENABLE_MODULES = YES;
				COMBINE_HIDPI_IMAGES = YES;
				FRAMEWORK_SEARCH_PATHS = (
					"$(DEVELOPER_FRAMEWORKS_DIR)",
					"$(inherited)",
				);
				INFOPLIST_FILE = SwiftzTests/Info.plist;
				LD_RUNPATH_SEARCH_PATHS = "$(inherited) @executable_path/../Frameworks @loader_path/../Frameworks";
				PRODUCT_BUNDLE_IDENTIFIER = "io.maxs.${PRODUCT_NAME:rfc1034identifier}";
				PRODUCT_NAME = "$(TARGET_NAME)";
			};
			name = Release;
		};
		84DF75311B0BD17700C912B0 /* Debug */ = {
			isa = XCBuildConfiguration;
			buildSettings = {
				"CODE_SIGN_IDENTITY[sdk=iphoneos*]" = "iPhone Developer";
				DEBUG_INFORMATION_FORMAT = "dwarf-with-dsym";
				DEFINES_MODULE = YES;
				DYLIB_COMPATIBILITY_VERSION = 1;
				DYLIB_CURRENT_VERSION = 1;
				DYLIB_INSTALL_NAME_BASE = "@rpath";
				GCC_NO_COMMON_BLOCKS = YES;
				GCC_PREPROCESSOR_DEFINITIONS = (
					"DEBUG=1",
					"$(inherited)",
				);
				INFOPLIST_FILE = Swiftz/Info.plist;
				INSTALL_PATH = "$(LOCAL_LIBRARY_DIR)/Frameworks";
				IPHONEOS_DEPLOYMENT_TARGET = 8.0;
				LD_RUNPATH_SEARCH_PATHS = "$(inherited) @executable_path/Frameworks @loader_path/Frameworks";
				PRODUCT_BUNDLE_IDENTIFIER = "com.typelift.$(PRODUCT_NAME:rfc1034identifier)";
				PRODUCT_NAME = Swiftz;
				SDKROOT = iphoneos;
				SKIP_INSTALL = YES;
				SWIFT_INSTALL_OBJC_HEADER = NO;
				SWIFT_OBJC_INTERFACE_HEADER_NAME = "";
				TARGETED_DEVICE_FAMILY = "1,2";
			};
			name = Debug;
		};
		84DF75321B0BD17700C912B0 /* Release */ = {
			isa = XCBuildConfiguration;
			buildSettings = {
				"CODE_SIGN_IDENTITY[sdk=iphoneos*]" = "iPhone Developer";
				DEFINES_MODULE = YES;
				DYLIB_COMPATIBILITY_VERSION = 1;
				DYLIB_CURRENT_VERSION = 1;
				DYLIB_INSTALL_NAME_BASE = "@rpath";
				GCC_NO_COMMON_BLOCKS = YES;
				INFOPLIST_FILE = Swiftz/Info.plist;
				INSTALL_PATH = "$(LOCAL_LIBRARY_DIR)/Frameworks";
				IPHONEOS_DEPLOYMENT_TARGET = 8.0;
				LD_RUNPATH_SEARCH_PATHS = "$(inherited) @executable_path/Frameworks @loader_path/Frameworks";
				PRODUCT_BUNDLE_IDENTIFIER = "com.typelift.$(PRODUCT_NAME:rfc1034identifier)";
				PRODUCT_NAME = Swiftz;
				SDKROOT = iphoneos;
				SKIP_INSTALL = YES;
				SWIFT_INSTALL_OBJC_HEADER = NO;
				SWIFT_OBJC_INTERFACE_HEADER_NAME = "";
				TARGETED_DEVICE_FAMILY = "1,2";
				VALIDATE_PRODUCT = YES;
			};
			name = Release;
		};
		84DF75331B0BD17700C912B0 /* Debug */ = {
			isa = XCBuildConfiguration;
			buildSettings = {
				"CODE_SIGN_IDENTITY[sdk=iphoneos*]" = "iPhone Developer";
				DEBUG_INFORMATION_FORMAT = "dwarf-with-dsym";
				FRAMEWORK_SEARCH_PATHS = (
					"$(SDKROOT)/Developer/Library/Frameworks",
					"$(inherited)",
				);
				GCC_NO_COMMON_BLOCKS = YES;
				GCC_PREPROCESSOR_DEFINITIONS = (
					"DEBUG=1",
					"$(inherited)",
				);
				INFOPLIST_FILE = SwiftzTests/Info.plist;
				IPHONEOS_DEPLOYMENT_TARGET = 8.3;
				LD_RUNPATH_SEARCH_PATHS = "$(inherited) @executable_path/Frameworks @loader_path/Frameworks";
				PRODUCT_BUNDLE_IDENTIFIER = "io.maxs.${PRODUCT_NAME:rfc1034identifier}";
				PRODUCT_NAME = "$(TARGET_NAME)";
				SDKROOT = iphoneos;
			};
			name = Debug;
		};
		84DF75341B0BD17700C912B0 /* Release */ = {
			isa = XCBuildConfiguration;
			buildSettings = {
				"CODE_SIGN_IDENTITY[sdk=iphoneos*]" = "iPhone Developer";
				FRAMEWORK_SEARCH_PATHS = (
					"$(SDKROOT)/Developer/Library/Frameworks",
					"$(inherited)",
				);
				GCC_NO_COMMON_BLOCKS = YES;
				INFOPLIST_FILE = SwiftzTests/Info.plist;
				IPHONEOS_DEPLOYMENT_TARGET = 8.3;
				LD_RUNPATH_SEARCH_PATHS = "$(inherited) @executable_path/Frameworks @loader_path/Frameworks";
				PRODUCT_BUNDLE_IDENTIFIER = "io.maxs.${PRODUCT_NAME:rfc1034identifier}";
				PRODUCT_NAME = "$(TARGET_NAME)";
				SDKROOT = iphoneos;
				VALIDATE_PRODUCT = YES;
			};
			name = Release;
		};
/* End XCBuildConfiguration section */

/* Begin XCConfigurationList section */
		84A88F921A71DF7F003D53CF /* Build configuration list for PBXProject "Swiftz" */ = {
			isa = XCConfigurationList;
			buildConfigurations = (
				84A88FAC1A71DF7F003D53CF /* Debug */,
				84A88FAD1A71DF7F003D53CF /* Release */,
			);
			defaultConfigurationIsVisible = 0;
			defaultConfigurationName = Release;
		};
		84A88FAE1A71DF7F003D53CF /* Build configuration list for PBXNativeTarget "Swiftz" */ = {
			isa = XCConfigurationList;
			buildConfigurations = (
				84A88FAF1A71DF7F003D53CF /* Debug */,
				84A88FB01A71DF7F003D53CF /* Release */,
			);
			defaultConfigurationIsVisible = 0;
			defaultConfigurationName = Release;
		};
		84A88FB11A71DF7F003D53CF /* Build configuration list for PBXNativeTarget "SwiftzTests" */ = {
			isa = XCConfigurationList;
			buildConfigurations = (
				84A88FB21A71DF7F003D53CF /* Debug */,
				84A88FB31A71DF7F003D53CF /* Release */,
			);
			defaultConfigurationIsVisible = 0;
			defaultConfigurationName = Release;
		};
		84DF75361B0BD17700C912B0 /* Build configuration list for PBXNativeTarget "Swiftz-iOS" */ = {
			isa = XCConfigurationList;
			buildConfigurations = (
				84DF75311B0BD17700C912B0 /* Debug */,
				84DF75321B0BD17700C912B0 /* Release */,
			);
			defaultConfigurationIsVisible = 0;
			defaultConfigurationName = Release;
		};
		84DF75371B0BD17700C912B0 /* Build configuration list for PBXNativeTarget "Swiftz-iOSTests" */ = {
			isa = XCConfigurationList;
			buildConfigurations = (
				84DF75331B0BD17700C912B0 /* Debug */,
				84DF75341B0BD17700C912B0 /* Release */,
			);
			defaultConfigurationIsVisible = 0;
			defaultConfigurationName = Release;
		};
/* End XCConfigurationList section */
	};
	rootObject = 84A88F8F1A71DF7F003D53CF /* Project object */;
}
