// !$*UTF8*$!
{
	archiveVersion = 1;
	classes = {
	};
	objectVersion = 46;
	objects = {

/* Begin PBXBuildFile section */
		1129F6401990185500DCB516 /* Prism.swift in Sources */ = {isa = PBXBuildFile; fileRef = 1143A188197F4F0900561B55 /* Prism.swift */; };
		1143A189197F4F0900561B55 /* Prism.swift in Sources */ = {isa = PBXBuildFile; fileRef = 1143A188197F4F0900561B55 /* Prism.swift */; };
		1143A18C197F4F5700561B55 /* Iso.swift in Sources */ = {isa = PBXBuildFile; fileRef = 1143A18B197F4F5700561B55 /* Iso.swift */; };
		1143A18D197F4F5700561B55 /* Iso.swift in Sources */ = {isa = PBXBuildFile; fileRef = 1143A18B197F4F5700561B55 /* Iso.swift */; };
		1168A5BE198F74A6005AD7F3 /* ArrayZipper.swift in Sources */ = {isa = PBXBuildFile; fileRef = 1168A5BD198F74A6005AD7F3 /* ArrayZipper.swift */; };
		1168A5BF198F74A6005AD7F3 /* ArrayZipper.swift in Sources */ = {isa = PBXBuildFile; fileRef = 1168A5BD198F74A6005AD7F3 /* ArrayZipper.swift */; };
		1168A5C01990104A005AD7F3 /* IxMultiStore.swift in Sources */ = {isa = PBXBuildFile; fileRef = 1168A5BA198F735E005AD7F3 /* IxMultiStore.swift */; };
		1168A5C11990104B005AD7F3 /* IxMultiStore.swift in Sources */ = {isa = PBXBuildFile; fileRef = 1168A5BA198F735E005AD7F3 /* IxMultiStore.swift */; };
		118EAA9119479877008250F3 /* IxCont.swift in Sources */ = {isa = PBXBuildFile; fileRef = 118EAA9019479877008250F3 /* IxCont.swift */; };
		11934312194A79C400E9DDDD /* IxStore.swift in Sources */ = {isa = PBXBuildFile; fileRef = 11934311194A79C400E9DDDD /* IxStore.swift */; };
		11934313194A7ECD00E9DDDD /* Lens.swift in Sources */ = {isa = PBXBuildFile; fileRef = 592A122819435308003BF787 /* Lens.swift */; };
		11DA49FB194908F20024F104 /* IxState.swift in Sources */ = {isa = PBXBuildFile; fileRef = 11DA49FA194908F20024F104 /* IxState.swift */; };
		590522CC193F5DBA0036614F /* OptionalExt.swift in Sources */ = {isa = PBXBuildFile; fileRef = 590522CB193F5DBA0036614F /* OptionalExt.swift */; };
		590522CE193F61210036614F /* Chan.swift in Sources */ = {isa = PBXBuildFile; fileRef = 590522CD193F61210036614F /* Chan.swift */; };
		5908C1B8194076810024A36C /* DictionaryExt.swift in Sources */ = {isa = PBXBuildFile; fileRef = 5908C1B7194076810024A36C /* DictionaryExt.swift */; };
		590FCB3B1943EA91008E5D94 /* StringExt.swift in Sources */ = {isa = PBXBuildFile; fileRef = 590FCB3A1943EA91008E5D94 /* StringExt.swift */; };
		5914510F1942B40300809E7E /* MVar.swift in Sources */ = {isa = PBXBuildFile; fileRef = 5914510E1942B40300809E7E /* MVar.swift */; };
		591451111942B41300809E7E /* ExecutionContext.swift in Sources */ = {isa = PBXBuildFile; fileRef = 591451101942B41300809E7E /* ExecutionContext.swift */; };
		5919722B1952ED9B008FBC51 /* HList.swift in Sources */ = {isa = PBXBuildFile; fileRef = 5919722A1952ED9B008FBC51 /* HList.swift */; };
		5919722E1952F2BC008FBC51 /* Tuple.swift in Sources */ = {isa = PBXBuildFile; fileRef = 5919722D1952F2BC008FBC51 /* Tuple.swift */; };
		5931F2EA19407DC600B0526A /* NSArrayExt.swift in Sources */ = {isa = PBXBuildFile; fileRef = 5931F2E919407DC600B0526A /* NSArrayExt.swift */; };
		593C913D193DDC060067F2BE /* Monoid.swift in Sources */ = {isa = PBXBuildFile; fileRef = 593C913C193DDC060067F2BE /* Monoid.swift */; };
		593C913F193DDC610067F2BE /* Semigroup.swift in Sources */ = {isa = PBXBuildFile; fileRef = 593C913E193DDC610067F2BE /* Semigroup.swift */; };
		593C9141193DE6AC0067F2BE /* ArrayExt.swift in Sources */ = {isa = PBXBuildFile; fileRef = 593C9140193DE6AB0067F2BE /* ArrayExt.swift */; };
		593E7389193F16B10071B91D /* Future.swift in Sources */ = {isa = PBXBuildFile; fileRef = 593E7388193F16B10071B91D /* Future.swift */; };
		5951313C19406DA600AB490C /* JSON.swift in Sources */ = {isa = PBXBuildFile; fileRef = 5951313B19406DA600AB490C /* JSON.swift */; };
		595E3C3A1950537C00916AF4 /* Maybe.swift in Sources */ = {isa = PBXBuildFile; fileRef = 595E3C391950537C00916AF4 /* Maybe.swift */; };
		597AB1481946FC51002DF62D /* NonEmptyList.swift in Sources */ = {isa = PBXBuildFile; fileRef = 597AB1471946FC51002DF62D /* NonEmptyList.swift */; };
		59853A0B1967F99600A3158C /* swiftz.framework in Frameworks */ = {isa = PBXBuildFile; fileRef = 59853A001967F99500A3158C /* swiftz.framework */; };
		59853A1F1967F9C600A3158C /* UserExample.swift in Sources */ = {isa = PBXBuildFile; fileRef = 59B9E7CB1945944200F5B3E1 /* UserExample.swift */; };
		59853A201967F9C600A3158C /* PartyExample.swift in Sources */ = {isa = PBXBuildFile; fileRef = 59B9E7CD1945945F00F5B3E1 /* PartyExample.swift */; };
		59853A211967F9C600A3158C /* ShapeExample.swift in Sources */ = {isa = PBXBuildFile; fileRef = 59B9E7CF194594B600F5B3E1 /* ShapeExample.swift */; };
		59853A221967F9C600A3158C /* ConcurrentTests.swift in Sources */ = {isa = PBXBuildFile; fileRef = 59B9E7D31945958F00F5B3E1 /* ConcurrentTests.swift */; };
		59853A2A1967F9C600A3158C /* SetTests.swift in Sources */ = {isa = PBXBuildFile; fileRef = DB76117C19439CB000A0AF82 /* SetTests.swift */; };
		59853A2B1967F9F100A3158C /* Future.swift in Sources */ = {isa = PBXBuildFile; fileRef = 593E7388193F16B10071B91D /* Future.swift */; };
		59853A2C1967F9F100A3158C /* Chan.swift in Sources */ = {isa = PBXBuildFile; fileRef = 590522CD193F61210036614F /* Chan.swift */; };
		59853A2D1967F9F100A3158C /* MVar.swift in Sources */ = {isa = PBXBuildFile; fileRef = 5914510E1942B40300809E7E /* MVar.swift */; };
		59853A2E1967F9F100A3158C /* ExecutionContext.swift in Sources */ = {isa = PBXBuildFile; fileRef = 591451101942B41300809E7E /* ExecutionContext.swift */; };
		59853A2F1967F9F100A3158C /* GCDExecutionContext.swift in Sources */ = {isa = PBXBuildFile; fileRef = 59B26544193F365A007AA82B /* GCDExecutionContext.swift */; };
		59853A301967F9F100A3158C /* Curry.swift in Sources */ = {isa = PBXBuildFile; fileRef = 59B39E3D1943094F00F4B222 /* Curry.swift */; };
		59853A311967F9F100A3158C /* IxCont.swift in Sources */ = {isa = PBXBuildFile; fileRef = 118EAA9019479877008250F3 /* IxCont.swift */; };
		59853A321967F9F100A3158C /* IxState.swift in Sources */ = {isa = PBXBuildFile; fileRef = 11DA49FA194908F20024F104 /* IxState.swift */; };
		59853A331967F9F100A3158C /* IxStore.swift in Sources */ = {isa = PBXBuildFile; fileRef = 11934311194A79C400E9DDDD /* IxStore.swift */; };
		59853A341967F9F100A3158C /* Lens.swift in Sources */ = {isa = PBXBuildFile; fileRef = 592A122819435308003BF787 /* Lens.swift */; };
		59853A351967F9F100A3158C /* Num.swift in Sources */ = {isa = PBXBuildFile; fileRef = 59C50C3C193DEB8100FE8C86 /* Num.swift */; };
		59853A361967F9F100A3158C /* NonEmptyList.swift in Sources */ = {isa = PBXBuildFile; fileRef = 597AB1471946FC51002DF62D /* NonEmptyList.swift */; };
		59853A371967F9F100A3158C /* Maybe.swift in Sources */ = {isa = PBXBuildFile; fileRef = 595E3C391950537C00916AF4 /* Maybe.swift */; };
		59853A381967F9F100A3158C /* Semigroup.swift in Sources */ = {isa = PBXBuildFile; fileRef = 593C913E193DDC610067F2BE /* Semigroup.swift */; };
		59853A391967F9F100A3158C /* Monoid.swift in Sources */ = {isa = PBXBuildFile; fileRef = 593C913C193DDC060067F2BE /* Monoid.swift */; };
		59853A3A1967F9F100A3158C /* JSON.swift in Sources */ = {isa = PBXBuildFile; fileRef = 5951313B19406DA600AB490C /* JSON.swift */; };
		59853A3B1967F9F100A3158C /* Set.swift in Sources */ = {isa = PBXBuildFile; fileRef = DB76117A19439C8300A0AF82 /* Set.swift */; };
		59853A3E1967F9F100A3158C /* Tuple.swift in Sources */ = {isa = PBXBuildFile; fileRef = 5919722D1952F2BC008FBC51 /* Tuple.swift */; };
		59853A3F1967F9F100A3158C /* HList.swift in Sources */ = {isa = PBXBuildFile; fileRef = 5919722A1952ED9B008FBC51 /* HList.swift */; };
		59853A401967F9F100A3158C /* TupleExt.swift in Sources */ = {isa = PBXBuildFile; fileRef = 59B2DCB919434706002ACB3E /* TupleExt.swift */; };
		59853A411967F9F100A3158C /* ArrayExt.swift in Sources */ = {isa = PBXBuildFile; fileRef = 593C9140193DE6AB0067F2BE /* ArrayExt.swift */; };
		59853A421967F9F100A3158C /* StringExt.swift in Sources */ = {isa = PBXBuildFile; fileRef = 590FCB3A1943EA91008E5D94 /* StringExt.swift */; };
		59853A431967F9F100A3158C /* OptionalExt.swift in Sources */ = {isa = PBXBuildFile; fileRef = 590522CB193F5DBA0036614F /* OptionalExt.swift */; };
		59853A441967F9F100A3158C /* DictionaryExt.swift in Sources */ = {isa = PBXBuildFile; fileRef = 5908C1B7194076810024A36C /* DictionaryExt.swift */; };
		59853A451967F9F100A3158C /* NSDictionaryExt.swift in Sources */ = {isa = PBXBuildFile; fileRef = 59DB16241940895D00E656F9 /* NSDictionaryExt.swift */; };
		59853A461967F9F100A3158C /* NSArrayExt.swift in Sources */ = {isa = PBXBuildFile; fileRef = 5931F2E919407DC600B0526A /* NSArrayExt.swift */; };
		59853A471967F9F100A3158C /* SYB.swift in Sources */ = {isa = PBXBuildFile; fileRef = 59BF7D921943347800EAFFAA /* SYB.swift */; };
		59B26545193F365A007AA82B /* GCDExecutionContext.swift in Sources */ = {isa = PBXBuildFile; fileRef = 59B26544193F365A007AA82B /* GCDExecutionContext.swift */; };
		59B2DCBA19434706002ACB3E /* TupleExt.swift in Sources */ = {isa = PBXBuildFile; fileRef = 59B2DCB919434706002ACB3E /* TupleExt.swift */; };
		59B39E3E1943094F00F4B222 /* Curry.swift in Sources */ = {isa = PBXBuildFile; fileRef = 59B39E3D1943094F00F4B222 /* Curry.swift */; };
		59B9E7CC1945944200F5B3E1 /* UserExample.swift in Sources */ = {isa = PBXBuildFile; fileRef = 59B9E7CB1945944200F5B3E1 /* UserExample.swift */; };
		59B9E7CE1945945F00F5B3E1 /* PartyExample.swift in Sources */ = {isa = PBXBuildFile; fileRef = 59B9E7CD1945945F00F5B3E1 /* PartyExample.swift */; };
		59B9E7D0194594B600F5B3E1 /* ShapeExample.swift in Sources */ = {isa = PBXBuildFile; fileRef = 59B9E7CF194594B600F5B3E1 /* ShapeExample.swift */; };
		59B9E7D41945958F00F5B3E1 /* ConcurrentTests.swift in Sources */ = {isa = PBXBuildFile; fileRef = 59B9E7D31945958F00F5B3E1 /* ConcurrentTests.swift */; };
		59BF7D931943347800EAFFAA /* SYB.swift in Sources */ = {isa = PBXBuildFile; fileRef = 59BF7D921943347800EAFFAA /* SYB.swift */; };
		59C50C3D193DEB8100FE8C86 /* Num.swift in Sources */ = {isa = PBXBuildFile; fileRef = 59C50C3C193DEB8100FE8C86 /* Num.swift */; };
		59DB16251940895D00E656F9 /* NSDictionaryExt.swift in Sources */ = {isa = PBXBuildFile; fileRef = 59DB16241940895D00E656F9 /* NSDictionaryExt.swift */; };
		59F35AE6193D3A0A006F1341 /* swiftz.h in Headers */ = {isa = PBXBuildFile; fileRef = 59F35AE5193D3A0A006F1341 /* swiftz.h */; settings = {ATTRIBUTES = (Public, ); }; };
		59F35AEC193D3A0A006F1341 /* swiftz.framework in Frameworks */ = {isa = PBXBuildFile; fileRef = 59F35AE0193D3A0A006F1341 /* swiftz.framework */; };
		8437952B1A1BF45F009A79D6 /* Operators.swift in Sources */ = {isa = PBXBuildFile; fileRef = 8437952A1A1BF45F009A79D6 /* Operators.swift */; };
		8437952C1A1BF45F009A79D6 /* Operators.swift in Sources */ = {isa = PBXBuildFile; fileRef = 8437952A1A1BF45F009A79D6 /* Operators.swift */; };
		84452CB91A266B4A00CE192A /* Those.swift in Sources */ = {isa = PBXBuildFile; fileRef = 84452CB81A266B4A00CE192A /* Those.swift */; };
		84452CBA1A266B4A00CE192A /* Those.swift in Sources */ = {isa = PBXBuildFile; fileRef = 84452CB81A266B4A00CE192A /* Those.swift */; };
		8453AF751A4BB0FA0086BED5 /* Array.swift in Sources */ = {isa = PBXBuildFile; fileRef = 8453AF6B1A4BB0FA0086BED5 /* Array.swift */; };
		8453AF761A4BB0FA0086BED5 /* Array.swift in Sources */ = {isa = PBXBuildFile; fileRef = 8453AF6B1A4BB0FA0086BED5 /* Array.swift */; };
		8453AF771A4BB0FA0086BED5 /* Box.swift in Sources */ = {isa = PBXBuildFile; fileRef = 8453AF6C1A4BB0FA0086BED5 /* Box.swift */; };
		8453AF781A4BB0FA0086BED5 /* Box.swift in Sources */ = {isa = PBXBuildFile; fileRef = 8453AF6C1A4BB0FA0086BED5 /* Box.swift */; };
		8453AF791A4BB0FA0086BED5 /* Either.swift in Sources */ = {isa = PBXBuildFile; fileRef = 8453AF6D1A4BB0FA0086BED5 /* Either.swift */; };
		8453AF7A1A4BB0FA0086BED5 /* Either.swift in Sources */ = {isa = PBXBuildFile; fileRef = 8453AF6D1A4BB0FA0086BED5 /* Either.swift */; };
		8453AF7B1A4BB0FA0086BED5 /* Error.swift in Sources */ = {isa = PBXBuildFile; fileRef = 8453AF6E1A4BB0FA0086BED5 /* Error.swift */; };
		8453AF7C1A4BB0FA0086BED5 /* Error.swift in Sources */ = {isa = PBXBuildFile; fileRef = 8453AF6E1A4BB0FA0086BED5 /* Error.swift */; };
		8453AF7D1A4BB0FA0086BED5 /* Functions.swift in Sources */ = {isa = PBXBuildFile; fileRef = 8453AF6F1A4BB0FA0086BED5 /* Functions.swift */; };
		8453AF7E1A4BB0FA0086BED5 /* Functions.swift in Sources */ = {isa = PBXBuildFile; fileRef = 8453AF6F1A4BB0FA0086BED5 /* Functions.swift */; };
		8453AF7F1A4BB0FA0086BED5 /* Nothing.swift in Sources */ = {isa = PBXBuildFile; fileRef = 8453AF701A4BB0FA0086BED5 /* Nothing.swift */; };
		8453AF801A4BB0FA0086BED5 /* Nothing.swift in Sources */ = {isa = PBXBuildFile; fileRef = 8453AF701A4BB0FA0086BED5 /* Nothing.swift */; };
		8453AF831A4BB0FA0086BED5 /* Optional.swift in Sources */ = {isa = PBXBuildFile; fileRef = 8453AF721A4BB0FA0086BED5 /* Optional.swift */; };
		8453AF841A4BB0FA0086BED5 /* Optional.swift in Sources */ = {isa = PBXBuildFile; fileRef = 8453AF721A4BB0FA0086BED5 /* Optional.swift */; };
		8453AF851A4BB0FA0086BED5 /* Result.swift in Sources */ = {isa = PBXBuildFile; fileRef = 8453AF731A4BB0FA0086BED5 /* Result.swift */; };
		8453AF861A4BB0FA0086BED5 /* Result.swift in Sources */ = {isa = PBXBuildFile; fileRef = 8453AF731A4BB0FA0086BED5 /* Result.swift */; };
		84572BC61A6C4A6A00241F68 /* Arrow.swift in Sources */ = {isa = PBXBuildFile; fileRef = 84572BC41A6C4A6A00241F68 /* Arrow.swift */; };
		84572BC71A6C4A6A00241F68 /* Arrow.swift in Sources */ = {isa = PBXBuildFile; fileRef = 84572BC41A6C4A6A00241F68 /* Arrow.swift */; };
		84572BC81A6C4A6A00241F68 /* Category.swift in Sources */ = {isa = PBXBuildFile; fileRef = 84572BC51A6C4A6A00241F68 /* Category.swift */; };
		84572BC91A6C4A6A00241F68 /* Category.swift in Sources */ = {isa = PBXBuildFile; fileRef = 84572BC51A6C4A6A00241F68 /* Category.swift */; };
		84572BCB1A6C4A7400241F68 /* Function.swift in Sources */ = {isa = PBXBuildFile; fileRef = 84572BCA1A6C4A7400241F68 /* Function.swift */; };
		84572BCC1A6C4A7400241F68 /* Function.swift in Sources */ = {isa = PBXBuildFile; fileRef = 84572BCA1A6C4A7400241F68 /* Function.swift */; };
		84572BDD1A6DAD8F00241F68 /* ChanSpec.swift in Sources */ = {isa = PBXBuildFile; fileRef = 84572BDC1A6DAD8F00241F68 /* ChanSpec.swift */; };
		84572BDE1A6DAD8F00241F68 /* ChanSpec.swift in Sources */ = {isa = PBXBuildFile; fileRef = 84572BDC1A6DAD8F00241F68 /* ChanSpec.swift */; };
		84572BE01A6DADBA00241F68 /* FutureSpec.swift in Sources */ = {isa = PBXBuildFile; fileRef = 84572BDF1A6DADBA00241F68 /* FutureSpec.swift */; };
		84572BE11A6DADBA00241F68 /* FutureSpec.swift in Sources */ = {isa = PBXBuildFile; fileRef = 84572BDF1A6DADBA00241F68 /* FutureSpec.swift */; };
		84572BE41A6DADF800241F68 /* MVarSpec.swift in Sources */ = {isa = PBXBuildFile; fileRef = 84572BE31A6DADF800241F68 /* MVarSpec.swift */; };
		84572BE51A6DADF800241F68 /* MVarSpec.swift in Sources */ = {isa = PBXBuildFile; fileRef = 84572BE31A6DADF800241F68 /* MVarSpec.swift */; };
		84572BE81A6DAE9A00241F68 /* OptionalExtSpec.swift in Sources */ = {isa = PBXBuildFile; fileRef = 84572BE71A6DAE9A00241F68 /* OptionalExtSpec.swift */; };
		84572BE91A6DAE9A00241F68 /* OptionalExtSpec.swift in Sources */ = {isa = PBXBuildFile; fileRef = 84572BE71A6DAE9A00241F68 /* OptionalExtSpec.swift */; };
		84572BEC1A6DAEEC00241F68 /* ArrayExtSpec.swift in Sources */ = {isa = PBXBuildFile; fileRef = 84572BEB1A6DAEEC00241F68 /* ArrayExtSpec.swift */; };
		84572BED1A6DAEEC00241F68 /* ArrayExtSpec.swift in Sources */ = {isa = PBXBuildFile; fileRef = 84572BEB1A6DAEEC00241F68 /* ArrayExtSpec.swift */; };
		84572BEF1A6DAF4F00241F68 /* TupleExtSpec.swift in Sources */ = {isa = PBXBuildFile; fileRef = 84572BEE1A6DAF4F00241F68 /* TupleExtSpec.swift */; };
		84572BF01A6DAF4F00241F68 /* TupleExtSpec.swift in Sources */ = {isa = PBXBuildFile; fileRef = 84572BEE1A6DAF4F00241F68 /* TupleExtSpec.swift */; };
		84572BF21A6DAFD500241F68 /* StringExtSpec.swift in Sources */ = {isa = PBXBuildFile; fileRef = 84572BF11A6DAFD500241F68 /* StringExtSpec.swift */; };
		84572BF31A6DAFD500241F68 /* StringExtSpec.swift in Sources */ = {isa = PBXBuildFile; fileRef = 84572BF11A6DAFD500241F68 /* StringExtSpec.swift */; };
		84572BF61A6DB01800241F68 /* ListSpec.swift in Sources */ = {isa = PBXBuildFile; fileRef = 84572BF51A6DB01800241F68 /* ListSpec.swift */; };
		84572BF71A6DB01800241F68 /* ListSpec.swift in Sources */ = {isa = PBXBuildFile; fileRef = 84572BF51A6DB01800241F68 /* ListSpec.swift */; };
		84572BF91A6DB06000241F68 /* EitherSpec.swift in Sources */ = {isa = PBXBuildFile; fileRef = 84572BF81A6DB06000241F68 /* EitherSpec.swift */; };
		84572BFA1A6DB06000241F68 /* EitherSpec.swift in Sources */ = {isa = PBXBuildFile; fileRef = 84572BF81A6DB06000241F68 /* EitherSpec.swift */; };
		84572BFC1A6DB07900241F68 /* ResultSpec.swift in Sources */ = {isa = PBXBuildFile; fileRef = 84572BFB1A6DB07900241F68 /* ResultSpec.swift */; };
		84572BFD1A6DB07900241F68 /* ResultSpec.swift in Sources */ = {isa = PBXBuildFile; fileRef = 84572BFB1A6DB07900241F68 /* ResultSpec.swift */; };
		84572BFF1A6DB0AA00241F68 /* ThoseSpec.swift in Sources */ = {isa = PBXBuildFile; fileRef = 84572BFE1A6DB0AA00241F68 /* ThoseSpec.swift */; };
		84572C001A6DB0AA00241F68 /* ThoseSpec.swift in Sources */ = {isa = PBXBuildFile; fileRef = 84572BFE1A6DB0AA00241F68 /* ThoseSpec.swift */; };
		84572C021A6DB10000241F68 /* FunctorSpec.swift in Sources */ = {isa = PBXBuildFile; fileRef = 84572C011A6DB10000241F68 /* FunctorSpec.swift */; };
		84572C031A6DB10000241F68 /* FunctorSpec.swift in Sources */ = {isa = PBXBuildFile; fileRef = 84572C011A6DB10000241F68 /* FunctorSpec.swift */; };
		84572C051A6DB11A00241F68 /* MaybeSpec.swift in Sources */ = {isa = PBXBuildFile; fileRef = 84572C041A6DB11A00241F68 /* MaybeSpec.swift */; };
		84572C061A6DB11A00241F68 /* MaybeSpec.swift in Sources */ = {isa = PBXBuildFile; fileRef = 84572C041A6DB11A00241F68 /* MaybeSpec.swift */; };
		84572C081A6DB13700241F68 /* MonoidSpec.swift in Sources */ = {isa = PBXBuildFile; fileRef = 84572C071A6DB13700241F68 /* MonoidSpec.swift */; };
		84572C091A6DB13700241F68 /* MonoidSpec.swift in Sources */ = {isa = PBXBuildFile; fileRef = 84572C071A6DB13700241F68 /* MonoidSpec.swift */; };
		84572C0B1A6DB15200241F68 /* JSONSpec.swift in Sources */ = {isa = PBXBuildFile; fileRef = 84572C0A1A6DB15200241F68 /* JSONSpec.swift */; };
		84572C0C1A6DB15200241F68 /* JSONSpec.swift in Sources */ = {isa = PBXBuildFile; fileRef = 84572C0A1A6DB15200241F68 /* JSONSpec.swift */; };
		84572C0E1A6DB16F00241F68 /* HListSpec.swift in Sources */ = {isa = PBXBuildFile; fileRef = 84572C0D1A6DB16F00241F68 /* HListSpec.swift */; };
		84572C0F1A6DB16F00241F68 /* HListSpec.swift in Sources */ = {isa = PBXBuildFile; fileRef = 84572C0D1A6DB16F00241F68 /* HListSpec.swift */; };
		847795DD1A5F85EA00D50F6C /* Pointed.swift in Sources */ = {isa = PBXBuildFile; fileRef = 847795DC1A5F85EA00D50F6C /* Pointed.swift */; };
		847795DE1A5F85EA00D50F6C /* Pointed.swift in Sources */ = {isa = PBXBuildFile; fileRef = 847795DC1A5F85EA00D50F6C /* Pointed.swift */; };
		847795E01A5F85FE00D50F6C /* Copointed.swift in Sources */ = {isa = PBXBuildFile; fileRef = 847795DF1A5F85FE00D50F6C /* Copointed.swift */; };
		847795E11A5F85FE00D50F6C /* Copointed.swift in Sources */ = {isa = PBXBuildFile; fileRef = 847795DF1A5F85FE00D50F6C /* Copointed.swift */; };
		847F3E5C1A2295610091B9D0 /* Kinds.swift in Sources */ = {isa = PBXBuildFile; fileRef = 847F3E5B1A2295610091B9D0 /* Kinds.swift */; };
		847F3E5D1A2295610091B9D0 /* Kinds.swift in Sources */ = {isa = PBXBuildFile; fileRef = 847F3E5B1A2295610091B9D0 /* Kinds.swift */; };
		847F3E651A2295730091B9D0 /* Applicative.swift in Sources */ = {isa = PBXBuildFile; fileRef = 847F3E601A2295730091B9D0 /* Applicative.swift */; };
		847F3E661A2295730091B9D0 /* Applicative.swift in Sources */ = {isa = PBXBuildFile; fileRef = 847F3E601A2295730091B9D0 /* Applicative.swift */; };
		847F3E671A2295730091B9D0 /* Bifunctor.swift in Sources */ = {isa = PBXBuildFile; fileRef = 847F3E611A2295730091B9D0 /* Bifunctor.swift */; };
		847F3E681A2295730091B9D0 /* Bifunctor.swift in Sources */ = {isa = PBXBuildFile; fileRef = 847F3E611A2295730091B9D0 /* Bifunctor.swift */; };
		847F3E691A2295730091B9D0 /* Comonad.swift in Sources */ = {isa = PBXBuildFile; fileRef = 847F3E621A2295730091B9D0 /* Comonad.swift */; };
		847F3E6A1A2295730091B9D0 /* Comonad.swift in Sources */ = {isa = PBXBuildFile; fileRef = 847F3E621A2295730091B9D0 /* Comonad.swift */; };
		847F3E6B1A2295730091B9D0 /* Functor.swift in Sources */ = {isa = PBXBuildFile; fileRef = 847F3E631A2295730091B9D0 /* Functor.swift */; };
		847F3E6C1A2295730091B9D0 /* Functor.swift in Sources */ = {isa = PBXBuildFile; fileRef = 847F3E631A2295730091B9D0 /* Functor.swift */; };
		847F3E6D1A2295730091B9D0 /* Monad.swift in Sources */ = {isa = PBXBuildFile; fileRef = 847F3E641A2295730091B9D0 /* Monad.swift */; };
		847F3E6E1A2295730091B9D0 /* Monad.swift in Sources */ = {isa = PBXBuildFile; fileRef = 847F3E641A2295730091B9D0 /* Monad.swift */; };
		847F3E741A2295C20091B9D0 /* List.swift in Sources */ = {isa = PBXBuildFile; fileRef = 847F3E731A2295C20091B9D0 /* List.swift */; };
		847F3E751A2295C20091B9D0 /* List.swift in Sources */ = {isa = PBXBuildFile; fileRef = 847F3E731A2295C20091B9D0 /* List.swift */; };
		847F3E7A1A229C3D0091B9D0 /* Sections.swift in Sources */ = {isa = PBXBuildFile; fileRef = 847F3E791A229C3D0091B9D0 /* Sections.swift */; };
		847F3E7B1A229C3D0091B9D0 /* Sections.swift in Sources */ = {isa = PBXBuildFile; fileRef = 847F3E791A229C3D0091B9D0 /* Sections.swift */; };
		849AA3B41A0989D200472F08 /* swiftz.framework in CopyFiles */ = {isa = PBXBuildFile; fileRef = 59F35AE0193D3A0A006F1341 /* swiftz.framework */; settings = {ATTRIBUTES = (CodeSignOnCopy, RemoveHeadersOnCopy, ); }; };
		849AA3D41A098B0900472F08 /* swiftz.framework in CopyFiles */ = {isa = PBXBuildFile; fileRef = 59853A001967F99500A3158C /* swiftz.framework */; settings = {ATTRIBUTES = (CodeSignOnCopy, RemoveHeadersOnCopy, ); }; };
		84D405E419F87C9D00EA0A36 /* Bounded.swift in Sources */ = {isa = PBXBuildFile; fileRef = 84D405E319F87C9D00EA0A36 /* Bounded.swift */; };
		84D405E519F87C9D00EA0A36 /* Bounded.swift in Sources */ = {isa = PBXBuildFile; fileRef = 84D405E319F87C9D00EA0A36 /* Bounded.swift */; };
		84F009301A5CE541008B85A5 /* CharacterExt.swift in Sources */ = {isa = PBXBuildFile; fileRef = 84F0092F1A5CE541008B85A5 /* CharacterExt.swift */; };
		84F009311A5CE541008B85A5 /* CharacterExt.swift in Sources */ = {isa = PBXBuildFile; fileRef = 84F0092F1A5CE541008B85A5 /* CharacterExt.swift */; };
		DB76117B19439C8300A0AF82 /* Set.swift in Sources */ = {isa = PBXBuildFile; fileRef = DB76117A19439C8300A0AF82 /* Set.swift */; };
		DB76117D19439CB000A0AF82 /* SetTests.swift in Sources */ = {isa = PBXBuildFile; fileRef = DB76117C19439CB000A0AF82 /* SetTests.swift */; };
/* End PBXBuildFile section */

/* Begin PBXContainerItemProxy section */
		59853A0C1967F99600A3158C /* PBXContainerItemProxy */ = {
			isa = PBXContainerItemProxy;
			containerPortal = 59F35AD7193D3A09006F1341 /* Project object */;
			proxyType = 1;
			remoteGlobalIDString = 598539FF1967F99500A3158C;
			remoteInfo = swiftz_ios;
		};
		59853A1B1967F9B300A3158C /* PBXContainerItemProxy */ = {
			isa = PBXContainerItemProxy;
			containerPortal = 59F35AD7193D3A09006F1341 /* Project object */;
			proxyType = 1;
			remoteGlobalIDString = 598539FF1967F99500A3158C;
			remoteInfo = swiftz_ios;
		};
		59853A1D1967F9B300A3158C /* PBXContainerItemProxy */ = {
			isa = PBXContainerItemProxy;
			containerPortal = 59F35AD7193D3A09006F1341 /* Project object */;
			proxyType = 1;
			remoteGlobalIDString = 598539FF1967F99500A3158C;
			remoteInfo = swiftz_ios;
		};
		59F35AED193D3A0A006F1341 /* PBXContainerItemProxy */ = {
			isa = PBXContainerItemProxy;
			containerPortal = 59F35AD7193D3A09006F1341 /* Project object */;
			proxyType = 1;
			remoteGlobalIDString = 59F35ADF193D3A09006F1341;
			remoteInfo = swiftz;
		};
/* End PBXContainerItemProxy section */

/* Begin PBXCopyFilesBuildPhase section */
		849AA3B21A0989C700472F08 /* CopyFiles */ = {
			isa = PBXCopyFilesBuildPhase;
			buildActionMask = 2147483647;
			dstPath = "";
			dstSubfolderSpec = 10;
			files = (
				849AA3B41A0989D200472F08 /* swiftz.framework in CopyFiles */,
			);
			runOnlyForDeploymentPostprocessing = 0;
		};
		849AA3B81A0989F800472F08 /* CopyFiles */ = {
			isa = PBXCopyFilesBuildPhase;
			buildActionMask = 2147483647;
			dstPath = "";
			dstSubfolderSpec = 10;
			files = (
				849AA3D41A098B0900472F08 /* swiftz.framework in CopyFiles */,
			);
			runOnlyForDeploymentPostprocessing = 0;
		};
/* End PBXCopyFilesBuildPhase section */

/* Begin PBXFileReference section */
		112743DF196B02DE00F7C6E3 /* README.md */ = {isa = PBXFileReference; lastKnownFileType = net.daringfireball.markdown; path = README.md; sourceTree = "<group>"; };
		1143A188197F4F0900561B55 /* Prism.swift */ = {isa = PBXFileReference; fileEncoding = 4; lastKnownFileType = sourcecode.swift; path = Prism.swift; sourceTree = "<group>"; };
		1143A18B197F4F5700561B55 /* Iso.swift */ = {isa = PBXFileReference; fileEncoding = 4; lastKnownFileType = sourcecode.swift; path = Iso.swift; sourceTree = "<group>"; };
		1168A5BA198F735E005AD7F3 /* IxMultiStore.swift */ = {isa = PBXFileReference; fileEncoding = 4; lastKnownFileType = sourcecode.swift; path = IxMultiStore.swift; sourceTree = "<group>"; };
		1168A5BD198F74A6005AD7F3 /* ArrayZipper.swift */ = {isa = PBXFileReference; fileEncoding = 4; lastKnownFileType = sourcecode.swift; path = ArrayZipper.swift; sourceTree = "<group>"; };
		118EAA9019479877008250F3 /* IxCont.swift */ = {isa = PBXFileReference; fileEncoding = 4; lastKnownFileType = sourcecode.swift; path = IxCont.swift; sourceTree = "<group>"; };
		11934311194A79C400E9DDDD /* IxStore.swift */ = {isa = PBXFileReference; fileEncoding = 4; lastKnownFileType = sourcecode.swift; path = IxStore.swift; sourceTree = "<group>"; };
		11B6073D196B047100AC13D6 /* LICENSE */ = {isa = PBXFileReference; lastKnownFileType = text; path = LICENSE; sourceTree = "<group>"; };
		11DA49FA194908F20024F104 /* IxState.swift */ = {isa = PBXFileReference; fileEncoding = 4; lastKnownFileType = sourcecode.swift; path = IxState.swift; sourceTree = "<group>"; };
		590522CB193F5DBA0036614F /* OptionalExt.swift */ = {isa = PBXFileReference; fileEncoding = 4; lastKnownFileType = sourcecode.swift; path = OptionalExt.swift; sourceTree = "<group>"; };
		590522CD193F61210036614F /* Chan.swift */ = {isa = PBXFileReference; fileEncoding = 4; lastKnownFileType = sourcecode.swift; path = Chan.swift; sourceTree = "<group>"; };
		5908C1B7194076810024A36C /* DictionaryExt.swift */ = {isa = PBXFileReference; fileEncoding = 4; lastKnownFileType = sourcecode.swift; path = DictionaryExt.swift; sourceTree = "<group>"; };
		590FCB3A1943EA91008E5D94 /* StringExt.swift */ = {isa = PBXFileReference; fileEncoding = 4; lastKnownFileType = sourcecode.swift; path = StringExt.swift; sourceTree = "<group>"; };
		5914510E1942B40300809E7E /* MVar.swift */ = {isa = PBXFileReference; fileEncoding = 4; lastKnownFileType = sourcecode.swift; path = MVar.swift; sourceTree = "<group>"; };
		591451101942B41300809E7E /* ExecutionContext.swift */ = {isa = PBXFileReference; fileEncoding = 4; lastKnownFileType = sourcecode.swift; path = ExecutionContext.swift; sourceTree = "<group>"; };
		5919722A1952ED9B008FBC51 /* HList.swift */ = {isa = PBXFileReference; fileEncoding = 4; lastKnownFileType = sourcecode.swift; path = HList.swift; sourceTree = "<group>"; };
		5919722D1952F2BC008FBC51 /* Tuple.swift */ = {isa = PBXFileReference; fileEncoding = 4; lastKnownFileType = sourcecode.swift; path = Tuple.swift; sourceTree = "<group>"; };
		592A122819435308003BF787 /* Lens.swift */ = {isa = PBXFileReference; fileEncoding = 4; lastKnownFileType = sourcecode.swift; path = Lens.swift; sourceTree = "<group>"; };
		5931F2E919407DC600B0526A /* NSArrayExt.swift */ = {isa = PBXFileReference; fileEncoding = 4; lastKnownFileType = sourcecode.swift; path = NSArrayExt.swift; sourceTree = "<group>"; };
		593C913C193DDC060067F2BE /* Monoid.swift */ = {isa = PBXFileReference; fileEncoding = 4; lastKnownFileType = sourcecode.swift; path = Monoid.swift; sourceTree = "<group>"; };
		593C913E193DDC610067F2BE /* Semigroup.swift */ = {isa = PBXFileReference; fileEncoding = 4; lastKnownFileType = sourcecode.swift; path = Semigroup.swift; sourceTree = "<group>"; };
		593C9140193DE6AB0067F2BE /* ArrayExt.swift */ = {isa = PBXFileReference; fileEncoding = 4; lastKnownFileType = sourcecode.swift; lineEnding = 0; path = ArrayExt.swift; sourceTree = "<group>"; xcLanguageSpecificationIdentifier = xcode.lang.swift; };
		593E7388193F16B10071B91D /* Future.swift */ = {isa = PBXFileReference; fileEncoding = 4; lastKnownFileType = sourcecode.swift; path = Future.swift; sourceTree = "<group>"; };
		5951313B19406DA600AB490C /* JSON.swift */ = {isa = PBXFileReference; fileEncoding = 4; lastKnownFileType = sourcecode.swift; path = JSON.swift; sourceTree = "<group>"; };
		595E3C391950537C00916AF4 /* Maybe.swift */ = {isa = PBXFileReference; fileEncoding = 4; lastKnownFileType = sourcecode.swift; path = Maybe.swift; sourceTree = "<group>"; };
		597AB1471946FC51002DF62D /* NonEmptyList.swift */ = {isa = PBXFileReference; fileEncoding = 4; lastKnownFileType = sourcecode.swift; path = NonEmptyList.swift; sourceTree = "<group>"; };
		59853A001967F99500A3158C /* swiftz.framework */ = {isa = PBXFileReference; explicitFileType = wrapper.framework; includeInIndex = 0; path = swiftz.framework; sourceTree = BUILT_PRODUCTS_DIR; };
		59853A0A1967F99600A3158C /* swiftz_iosTests.xctest */ = {isa = PBXFileReference; explicitFileType = wrapper.cfbundle; includeInIndex = 0; path = swiftz_iosTests.xctest; sourceTree = BUILT_PRODUCTS_DIR; };
		59B26544193F365A007AA82B /* GCDExecutionContext.swift */ = {isa = PBXFileReference; fileEncoding = 4; lastKnownFileType = sourcecode.swift; path = GCDExecutionContext.swift; sourceTree = "<group>"; };
		59B2DCB919434706002ACB3E /* TupleExt.swift */ = {isa = PBXFileReference; fileEncoding = 4; lastKnownFileType = sourcecode.swift; path = TupleExt.swift; sourceTree = "<group>"; };
		59B39E3D1943094F00F4B222 /* Curry.swift */ = {isa = PBXFileReference; fileEncoding = 4; lastKnownFileType = sourcecode.swift; path = Curry.swift; sourceTree = "<group>"; };
		59B9E7CB1945944200F5B3E1 /* UserExample.swift */ = {isa = PBXFileReference; fileEncoding = 4; lastKnownFileType = sourcecode.swift; path = UserExample.swift; sourceTree = "<group>"; };
		59B9E7CD1945945F00F5B3E1 /* PartyExample.swift */ = {isa = PBXFileReference; fileEncoding = 4; lastKnownFileType = sourcecode.swift; path = PartyExample.swift; sourceTree = "<group>"; };
		59B9E7CF194594B600F5B3E1 /* ShapeExample.swift */ = {isa = PBXFileReference; fileEncoding = 4; lastKnownFileType = sourcecode.swift; path = ShapeExample.swift; sourceTree = "<group>"; };
		59B9E7D31945958F00F5B3E1 /* ConcurrentTests.swift */ = {isa = PBXFileReference; fileEncoding = 4; lastKnownFileType = sourcecode.swift; path = ConcurrentTests.swift; sourceTree = "<group>"; };
		59BF7D921943347800EAFFAA /* SYB.swift */ = {isa = PBXFileReference; fileEncoding = 4; lastKnownFileType = sourcecode.swift; path = SYB.swift; sourceTree = "<group>"; };
		59C50C3C193DEB8100FE8C86 /* Num.swift */ = {isa = PBXFileReference; fileEncoding = 4; lastKnownFileType = sourcecode.swift; path = Num.swift; sourceTree = "<group>"; };
		59DB16241940895D00E656F9 /* NSDictionaryExt.swift */ = {isa = PBXFileReference; fileEncoding = 4; lastKnownFileType = sourcecode.swift; path = NSDictionaryExt.swift; sourceTree = "<group>"; };
		59F35AE0193D3A0A006F1341 /* swiftz.framework */ = {isa = PBXFileReference; explicitFileType = wrapper.framework; includeInIndex = 0; path = swiftz.framework; sourceTree = BUILT_PRODUCTS_DIR; };
		59F35AE4193D3A0A006F1341 /* Info.plist */ = {isa = PBXFileReference; lastKnownFileType = text.plist.xml; path = Info.plist; sourceTree = "<group>"; };
		59F35AE5193D3A0A006F1341 /* swiftz.h */ = {isa = PBXFileReference; lastKnownFileType = sourcecode.c.h; path = swiftz.h; sourceTree = "<group>"; };
		59F35AEB193D3A0A006F1341 /* swiftzTests.xctest */ = {isa = PBXFileReference; explicitFileType = wrapper.cfbundle; includeInIndex = 0; path = swiftzTests.xctest; sourceTree = BUILT_PRODUCTS_DIR; };
		59F35AF1193D3A0A006F1341 /* Info.plist */ = {isa = PBXFileReference; lastKnownFileType = text.plist.xml; path = Info.plist; sourceTree = "<group>"; };
		8437952A1A1BF45F009A79D6 /* Operators.swift */ = {isa = PBXFileReference; fileEncoding = 4; lastKnownFileType = sourcecode.swift; path = Operators.swift; sourceTree = "<group>"; };
		84452CB81A266B4A00CE192A /* Those.swift */ = {isa = PBXFileReference; fileEncoding = 4; lastKnownFileType = sourcecode.swift; path = Those.swift; sourceTree = "<group>"; };
		8453AF6B1A4BB0FA0086BED5 /* Array.swift */ = {isa = PBXFileReference; fileEncoding = 4; lastKnownFileType = sourcecode.swift; name = Array.swift; path = swiftz_core/swiftz_core/Array.swift; sourceTree = SOURCE_ROOT; };
		8453AF6C1A4BB0FA0086BED5 /* Box.swift */ = {isa = PBXFileReference; fileEncoding = 4; lastKnownFileType = sourcecode.swift; name = Box.swift; path = swiftz_core/swiftz_core/Box.swift; sourceTree = SOURCE_ROOT; };
		8453AF6D1A4BB0FA0086BED5 /* Either.swift */ = {isa = PBXFileReference; fileEncoding = 4; lastKnownFileType = sourcecode.swift; name = Either.swift; path = swiftz_core/swiftz_core/Either.swift; sourceTree = SOURCE_ROOT; };
		8453AF6E1A4BB0FA0086BED5 /* Error.swift */ = {isa = PBXFileReference; fileEncoding = 4; lastKnownFileType = sourcecode.swift; name = Error.swift; path = swiftz_core/swiftz_core/Error.swift; sourceTree = SOURCE_ROOT; };
		8453AF6F1A4BB0FA0086BED5 /* Functions.swift */ = {isa = PBXFileReference; fileEncoding = 4; lastKnownFileType = sourcecode.swift; name = Functions.swift; path = swiftz_core/swiftz_core/Functions.swift; sourceTree = SOURCE_ROOT; };
		8453AF701A4BB0FA0086BED5 /* Nothing.swift */ = {isa = PBXFileReference; fileEncoding = 4; lastKnownFileType = sourcecode.swift; name = Nothing.swift; path = swiftz_core/swiftz_core/Nothing.swift; sourceTree = SOURCE_ROOT; };
		8453AF721A4BB0FA0086BED5 /* Optional.swift */ = {isa = PBXFileReference; fileEncoding = 4; lastKnownFileType = sourcecode.swift; name = Optional.swift; path = swiftz_core/swiftz_core/Optional.swift; sourceTree = SOURCE_ROOT; };
		8453AF731A4BB0FA0086BED5 /* Result.swift */ = {isa = PBXFileReference; fileEncoding = 4; lastKnownFileType = sourcecode.swift; name = Result.swift; path = swiftz_core/swiftz_core/Result.swift; sourceTree = SOURCE_ROOT; };
		84572BC41A6C4A6A00241F68 /* Arrow.swift */ = {isa = PBXFileReference; fileEncoding = 4; lastKnownFileType = sourcecode.swift; path = Arrow.swift; sourceTree = "<group>"; };
		84572BC51A6C4A6A00241F68 /* Category.swift */ = {isa = PBXFileReference; fileEncoding = 4; lastKnownFileType = sourcecode.swift; path = Category.swift; sourceTree = "<group>"; };
		84572BCA1A6C4A7400241F68 /* Function.swift */ = {isa = PBXFileReference; fileEncoding = 4; lastKnownFileType = sourcecode.swift; path = Function.swift; sourceTree = "<group>"; };
		84572BDC1A6DAD8F00241F68 /* ChanSpec.swift */ = {isa = PBXFileReference; fileEncoding = 4; lastKnownFileType = sourcecode.swift; path = ChanSpec.swift; sourceTree = "<group>"; };
		84572BDF1A6DADBA00241F68 /* FutureSpec.swift */ = {isa = PBXFileReference; fileEncoding = 4; lastKnownFileType = sourcecode.swift; path = FutureSpec.swift; sourceTree = "<group>"; };
		84572BE31A6DADF800241F68 /* MVarSpec.swift */ = {isa = PBXFileReference; fileEncoding = 4; lastKnownFileType = sourcecode.swift; path = MVarSpec.swift; sourceTree = "<group>"; };
		84572BE71A6DAE9A00241F68 /* OptionalExtSpec.swift */ = {isa = PBXFileReference; fileEncoding = 4; lastKnownFileType = sourcecode.swift; path = OptionalExtSpec.swift; sourceTree = "<group>"; };
		84572BEB1A6DAEEC00241F68 /* ArrayExtSpec.swift */ = {isa = PBXFileReference; fileEncoding = 4; lastKnownFileType = sourcecode.swift; path = ArrayExtSpec.swift; sourceTree = "<group>"; };
		84572BEE1A6DAF4F00241F68 /* TupleExtSpec.swift */ = {isa = PBXFileReference; fileEncoding = 4; lastKnownFileType = sourcecode.swift; path = TupleExtSpec.swift; sourceTree = "<group>"; };
		84572BF11A6DAFD500241F68 /* StringExtSpec.swift */ = {isa = PBXFileReference; fileEncoding = 4; lastKnownFileType = sourcecode.swift; path = StringExtSpec.swift; sourceTree = "<group>"; };
		84572BF51A6DB01800241F68 /* ListSpec.swift */ = {isa = PBXFileReference; fileEncoding = 4; lastKnownFileType = sourcecode.swift; path = ListSpec.swift; sourceTree = "<group>"; };
		84572BF81A6DB06000241F68 /* EitherSpec.swift */ = {isa = PBXFileReference; fileEncoding = 4; lastKnownFileType = sourcecode.swift; path = EitherSpec.swift; sourceTree = "<group>"; };
		84572BFB1A6DB07900241F68 /* ResultSpec.swift */ = {isa = PBXFileReference; fileEncoding = 4; lastKnownFileType = sourcecode.swift; path = ResultSpec.swift; sourceTree = "<group>"; };
		84572BFE1A6DB0AA00241F68 /* ThoseSpec.swift */ = {isa = PBXFileReference; fileEncoding = 4; lastKnownFileType = sourcecode.swift; path = ThoseSpec.swift; sourceTree = "<group>"; };
		84572C011A6DB10000241F68 /* FunctorSpec.swift */ = {isa = PBXFileReference; fileEncoding = 4; lastKnownFileType = sourcecode.swift; path = FunctorSpec.swift; sourceTree = "<group>"; };
		84572C041A6DB11A00241F68 /* MaybeSpec.swift */ = {isa = PBXFileReference; fileEncoding = 4; lastKnownFileType = sourcecode.swift; path = MaybeSpec.swift; sourceTree = "<group>"; };
		84572C071A6DB13700241F68 /* MonoidSpec.swift */ = {isa = PBXFileReference; fileEncoding = 4; lastKnownFileType = sourcecode.swift; path = MonoidSpec.swift; sourceTree = "<group>"; };
		84572C0A1A6DB15200241F68 /* JSONSpec.swift */ = {isa = PBXFileReference; fileEncoding = 4; lastKnownFileType = sourcecode.swift; path = JSONSpec.swift; sourceTree = "<group>"; };
		84572C0D1A6DB16F00241F68 /* HListSpec.swift */ = {isa = PBXFileReference; fileEncoding = 4; lastKnownFileType = sourcecode.swift; path = HListSpec.swift; sourceTree = "<group>"; };
		847795DC1A5F85EA00D50F6C /* Pointed.swift */ = {isa = PBXFileReference; fileEncoding = 4; lastKnownFileType = sourcecode.swift; name = Pointed.swift; path = swiftz/Pointed.swift; sourceTree = "<group>"; };
		847795DF1A5F85FE00D50F6C /* Copointed.swift */ = {isa = PBXFileReference; fileEncoding = 4; lastKnownFileType = sourcecode.swift; name = Copointed.swift; path = swiftz/Copointed.swift; sourceTree = "<group>"; };
		847F3E5B1A2295610091B9D0 /* Kinds.swift */ = {isa = PBXFileReference; fileEncoding = 4; lastKnownFileType = sourcecode.swift; path = Kinds.swift; sourceTree = "<group>"; };
		847F3E601A2295730091B9D0 /* Applicative.swift */ = {isa = PBXFileReference; fileEncoding = 4; lastKnownFileType = sourcecode.swift; name = Applicative.swift; path = swiftz/Applicative.swift; sourceTree = "<group>"; };
		847F3E611A2295730091B9D0 /* Bifunctor.swift */ = {isa = PBXFileReference; fileEncoding = 4; lastKnownFileType = sourcecode.swift; name = Bifunctor.swift; path = swiftz/Bifunctor.swift; sourceTree = "<group>"; };
		847F3E621A2295730091B9D0 /* Comonad.swift */ = {isa = PBXFileReference; fileEncoding = 4; lastKnownFileType = sourcecode.swift; name = Comonad.swift; path = swiftz/Comonad.swift; sourceTree = "<group>"; };
		847F3E631A2295730091B9D0 /* Functor.swift */ = {isa = PBXFileReference; fileEncoding = 4; lastKnownFileType = sourcecode.swift; name = Functor.swift; path = swiftz/Functor.swift; sourceTree = "<group>"; };
		847F3E641A2295730091B9D0 /* Monad.swift */ = {isa = PBXFileReference; fileEncoding = 4; lastKnownFileType = sourcecode.swift; name = Monad.swift; path = swiftz/Monad.swift; sourceTree = "<group>"; };
		847F3E731A2295C20091B9D0 /* List.swift */ = {isa = PBXFileReference; fileEncoding = 4; lastKnownFileType = sourcecode.swift; path = List.swift; sourceTree = "<group>"; };
		847F3E791A229C3D0091B9D0 /* Sections.swift */ = {isa = PBXFileReference; fileEncoding = 4; lastKnownFileType = sourcecode.swift; path = Sections.swift; sourceTree = "<group>"; };
		84D405E319F87C9D00EA0A36 /* Bounded.swift */ = {isa = PBXFileReference; fileEncoding = 4; lastKnownFileType = sourcecode.swift; path = Bounded.swift; sourceTree = "<group>"; };
		84F0092F1A5CE541008B85A5 /* CharacterExt.swift */ = {isa = PBXFileReference; fileEncoding = 4; lastKnownFileType = sourcecode.swift; path = CharacterExt.swift; sourceTree = "<group>"; };
		DB76117A19439C8300A0AF82 /* Set.swift */ = {isa = PBXFileReference; fileEncoding = 4; lastKnownFileType = sourcecode.swift; path = Set.swift; sourceTree = "<group>"; };
		DB76117C19439CB000A0AF82 /* SetTests.swift */ = {isa = PBXFileReference; fileEncoding = 4; lastKnownFileType = sourcecode.swift; path = SetTests.swift; sourceTree = "<group>"; };
/* End PBXFileReference section */

/* Begin PBXFrameworksBuildPhase section */
		598539FC1967F99500A3158C /* Frameworks */ = {
			isa = PBXFrameworksBuildPhase;
			buildActionMask = 2147483647;
			files = (
			);
			runOnlyForDeploymentPostprocessing = 0;
		};
		59853A071967F99600A3158C /* Frameworks */ = {
			isa = PBXFrameworksBuildPhase;
			buildActionMask = 2147483647;
			files = (
				59853A0B1967F99600A3158C /* swiftz.framework in Frameworks */,
			);
			runOnlyForDeploymentPostprocessing = 0;
		};
		59F35ADC193D3A09006F1341 /* Frameworks */ = {
			isa = PBXFrameworksBuildPhase;
			buildActionMask = 2147483647;
			files = (
			);
			runOnlyForDeploymentPostprocessing = 0;
		};
		59F35AE8193D3A0A006F1341 /* Frameworks */ = {
			isa = PBXFrameworksBuildPhase;
			buildActionMask = 2147483647;
			files = (
				59F35AEC193D3A0A006F1341 /* swiftz.framework in Frameworks */,
			);
			runOnlyForDeploymentPostprocessing = 0;
		};
/* End PBXFrameworksBuildPhase section */

/* Begin PBXGroup section */
		590BE976193DA939003DAC87 /* Data */ = {
			isa = PBXGroup;
			children = (
				1168A5BD198F74A6005AD7F3 /* ArrayZipper.swift */,
				84D405E319F87C9D00EA0A36 /* Bounded.swift */,
				84572BCA1A6C4A7400241F68 /* Function.swift */,
				5919722A1952ED9B008FBC51 /* HList.swift */,
				5951313B19406DA600AB490C /* JSON.swift */,
				847F3E731A2295C20091B9D0 /* List.swift */,
				595E3C391950537C00916AF4 /* Maybe.swift */,
				593C913C193DDC060067F2BE /* Monoid.swift */,
				597AB1471946FC51002DF62D /* NonEmptyList.swift */,
				59C50C3C193DEB8100FE8C86 /* Num.swift */,
				593C913E193DDC610067F2BE /* Semigroup.swift */,
				DB76117A19439C8300A0AF82 /* Set.swift */,
				84452CB81A266B4A00CE192A /* Those.swift */,
				5919722D1952F2BC008FBC51 /* Tuple.swift */,
			);
			name = Data;
			sourceTree = "<group>";
		};
		590BE977193DA93D003DAC87 /* Control */ = {
			isa = PBXGroup;
			children = (
				84572BC41A6C4A6A00241F68 /* Arrow.swift */,
				84572BC51A6C4A6A00241F68 /* Category.swift */,
				59B39E3D1943094F00F4B222 /* Curry.swift */,
				118EAA9019479877008250F3 /* IxCont.swift */,
				11DA49FA194908F20024F104 /* IxState.swift */,
				11934311194A79C400E9DDDD /* IxStore.swift */,
				1168A5BA198F735E005AD7F3 /* IxMultiStore.swift */,
				592A122819435308003BF787 /* Lens.swift */,
				1143A18B197F4F5700561B55 /* Iso.swift */,
				1143A188197F4F0900561B55 /* Prism.swift */,
			);
			name = Control;
			sourceTree = "<group>";
		};
		593E7387193F16A60071B91D /* Concurrent */ = {
			isa = PBXGroup;
			children = (
				593E7388193F16B10071B91D /* Future.swift */,
				590522CD193F61210036614F /* Chan.swift */,
				5914510E1942B40300809E7E /* MVar.swift */,
				591451101942B41300809E7E /* ExecutionContext.swift */,
				59B26544193F365A007AA82B /* GCDExecutionContext.swift */,
			);
			name = Concurrent;
			sourceTree = "<group>";
		};
		59B9E7CA1945943100F5B3E1 /* Examples */ = {
			isa = PBXGroup;
			children = (
				59B9E7CB1945944200F5B3E1 /* UserExample.swift */,
				59B9E7CD1945945F00F5B3E1 /* PartyExample.swift */,
				59B9E7CF194594B600F5B3E1 /* ShapeExample.swift */,
			);
			name = Examples;
			sourceTree = "<group>";
		};
		59BF7D911943346900EAFFAA /* Generics */ = {
			isa = PBXGroup;
			children = (
				59BF7D921943347800EAFFAA /* SYB.swift */,
			);
			name = Generics;
			sourceTree = "<group>";
		};
		59BF7D9719433F8200EAFFAA /* Ext */ = {
			isa = PBXGroup;
			children = (
				59B2DCB919434706002ACB3E /* TupleExt.swift */,
				593C9140193DE6AB0067F2BE /* ArrayExt.swift */,
				84F0092F1A5CE541008B85A5 /* CharacterExt.swift */,
				590FCB3A1943EA91008E5D94 /* StringExt.swift */,
				590522CB193F5DBA0036614F /* OptionalExt.swift */,
				5908C1B7194076810024A36C /* DictionaryExt.swift */,
				59DB16241940895D00E656F9 /* NSDictionaryExt.swift */,
				5931F2E919407DC600B0526A /* NSArrayExt.swift */,
			);
			name = Ext;
			sourceTree = "<group>";
		};
		59F35AD6193D3A09006F1341 = {
			isa = PBXGroup;
			children = (
				112743DF196B02DE00F7C6E3 /* README.md */,
				11B6073D196B047100AC13D6 /* LICENSE */,
				59F35AE2193D3A0A006F1341 /* swiftz */,
				59F35AEF193D3A0A006F1341 /* swiftzTests */,
				59F35AE1193D3A0A006F1341 /* Products */,
			);
			sourceTree = "<group>";
		};
		59F35AE1193D3A0A006F1341 /* Products */ = {
			isa = PBXGroup;
			children = (
				59F35AE0193D3A0A006F1341 /* swiftz.framework */,
				59F35AEB193D3A0A006F1341 /* swiftzTests.xctest */,
				59853A001967F99500A3158C /* swiftz.framework */,
				59853A0A1967F99600A3158C /* swiftz_iosTests.xctest */,
			);
			name = Products;
			sourceTree = "<group>";
		};
		59F35AE2193D3A0A006F1341 /* swiftz */ = {
			isa = PBXGroup;
			children = (
				59F35AE5193D3A0A006F1341 /* swiftz.h */,
				847F3E5B1A2295610091B9D0 /* Kinds.swift */,
				8437952A1A1BF45F009A79D6 /* Operators.swift */,
				847F3E791A229C3D0091B9D0 /* Sections.swift */,
				8453AF891A4BB0FE0086BED5 /* Core */,
				593E7387193F16A60071B91D /* Concurrent */,
				590BE977193DA93D003DAC87 /* Control */,
				590BE976193DA939003DAC87 /* Data */,
				59BF7D9719433F8200EAFFAA /* Ext */,
				59BF7D911943346900EAFFAA /* Generics */,
				847F3E6F1A2295750091B9D0 /* Typeclasses */,
				59F35AE3193D3A0A006F1341 /* Supporting Files */,
			);
			path = swiftz;
			sourceTree = "<group>";
		};
		59F35AE3193D3A0A006F1341 /* Supporting Files */ = {
			isa = PBXGroup;
			children = (
				59F35AE4193D3A0A006F1341 /* Info.plist */,
			);
			name = "Supporting Files";
			sourceTree = "<group>";
		};
		59F35AEF193D3A0A006F1341 /* swiftzTests */ = {
			isa = PBXGroup;
			children = (
				59B9E7CA1945943100F5B3E1 /* Examples */,
				84572BE21A6DADE900241F68 /* Concurrent */,
				84572BF41A6DB00D00241F68 /* Data */,
				84572BEA1A6DAE9D00241F68 /* Ext */,
				59F35AF0193D3A0A006F1341 /* Supporting Files */,
			);
			path = swiftzTests;
			sourceTree = "<group>";
		};
		59F35AF0193D3A0A006F1341 /* Supporting Files */ = {
			isa = PBXGroup;
			children = (
				59F35AF1193D3A0A006F1341 /* Info.plist */,
			);
			name = "Supporting Files";
			sourceTree = "<group>";
		};
		8453AF891A4BB0FE0086BED5 /* Core */ = {
			isa = PBXGroup;
			children = (
				8453AF6B1A4BB0FA0086BED5 /* Array.swift */,
				8453AF6C1A4BB0FA0086BED5 /* Box.swift */,
				8453AF6D1A4BB0FA0086BED5 /* Either.swift */,
				8453AF6E1A4BB0FA0086BED5 /* Error.swift */,
				8453AF6F1A4BB0FA0086BED5 /* Functions.swift */,
				8453AF701A4BB0FA0086BED5 /* Nothing.swift */,
				8453AF721A4BB0FA0086BED5 /* Optional.swift */,
				8453AF731A4BB0FA0086BED5 /* Result.swift */,
			);
			name = Core;
			sourceTree = "<group>";
		};
		84572BE21A6DADE900241F68 /* Concurrent */ = {
			isa = PBXGroup;
			children = (
				59B9E7D31945958F00F5B3E1 /* ConcurrentTests.swift */,
				84572BDC1A6DAD8F00241F68 /* ChanSpec.swift */,
				84572BDF1A6DADBA00241F68 /* FutureSpec.swift */,
				84572BE31A6DADF800241F68 /* MVarSpec.swift */,
			);
			name = Concurrent;
			sourceTree = "<group>";
		};
		84572BEA1A6DAE9D00241F68 /* Ext */ = {
			isa = PBXGroup;
			children = (
				84572BE71A6DAE9A00241F68 /* OptionalExtSpec.swift */,
				84572BEB1A6DAEEC00241F68 /* ArrayExtSpec.swift */,
				84572BEE1A6DAF4F00241F68 /* TupleExtSpec.swift */,
				84572BF11A6DAFD500241F68 /* StringExtSpec.swift */,
			);
			name = Ext;
			sourceTree = "<group>";
		};
		84572BF41A6DB00D00241F68 /* Data */ = {
			isa = PBXGroup;
			children = (
				84572BF51A6DB01800241F68 /* ListSpec.swift */,
				84572BF81A6DB06000241F68 /* EitherSpec.swift */,
				84572BFB1A6DB07900241F68 /* ResultSpec.swift */,
				84572BFE1A6DB0AA00241F68 /* ThoseSpec.swift */,
				84572C011A6DB10000241F68 /* FunctorSpec.swift */,
				84572C041A6DB11A00241F68 /* MaybeSpec.swift */,
				84572C071A6DB13700241F68 /* MonoidSpec.swift */,
				84572C0A1A6DB15200241F68 /* JSONSpec.swift */,
				84572C0D1A6DB16F00241F68 /* HListSpec.swift */,
				DB76117C19439CB000A0AF82 /* SetTests.swift */,
			);
			name = Data;
			sourceTree = "<group>";
		};
		847F3E6F1A2295750091B9D0 /* Typeclasses */ = {
			isa = PBXGroup;
			children = (
				847F3E631A2295730091B9D0 /* Functor.swift */,
				847F3E611A2295730091B9D0 /* Bifunctor.swift */,
				847795DC1A5F85EA00D50F6C /* Pointed.swift */,
				847795DF1A5F85FE00D50F6C /* Copointed.swift */,
				847F3E601A2295730091B9D0 /* Applicative.swift */,
				847F3E641A2295730091B9D0 /* Monad.swift */,
				847F3E621A2295730091B9D0 /* Comonad.swift */,
			);
			name = Typeclasses;
			path = ..;
			sourceTree = "<group>";
		};
/* End PBXGroup section */

/* Begin PBXHeadersBuildPhase section */
		598539FD1967F99500A3158C /* Headers */ = {
			isa = PBXHeadersBuildPhase;
			buildActionMask = 2147483647;
			files = (
			);
			runOnlyForDeploymentPostprocessing = 0;
		};
		59F35ADD193D3A09006F1341 /* Headers */ = {
			isa = PBXHeadersBuildPhase;
			buildActionMask = 2147483647;
			files = (
				59F35AE6193D3A0A006F1341 /* swiftz.h in Headers */,
			);
			runOnlyForDeploymentPostprocessing = 0;
		};
/* End PBXHeadersBuildPhase section */

/* Begin PBXNativeTarget section */
		598539FF1967F99500A3158C /* swiftz_ios */ = {
			isa = PBXNativeTarget;
			buildConfigurationList = 59853A171967F99600A3158C /* Build configuration list for PBXNativeTarget "swiftz_ios" */;
			buildPhases = (
				598539FB1967F99500A3158C /* Sources */,
				598539FC1967F99500A3158C /* Frameworks */,
				598539FD1967F99500A3158C /* Headers */,
				598539FE1967F99500A3158C /* Resources */,
			);
			buildRules = (
			);
			dependencies = (
			);
			name = swiftz_ios;
			productName = swiftz_ios;
			productReference = 59853A001967F99500A3158C /* swiftz.framework */;
			productType = "com.apple.product-type.framework";
		};
		59853A091967F99600A3158C /* swiftz_iosTests */ = {
			isa = PBXNativeTarget;
			buildConfigurationList = 59853A181967F99600A3158C /* Build configuration list for PBXNativeTarget "swiftz_iosTests" */;
			buildPhases = (
				59853A061967F99600A3158C /* Sources */,
				59853A071967F99600A3158C /* Frameworks */,
				59853A081967F99600A3158C /* Resources */,
				849AA3B81A0989F800472F08 /* CopyFiles */,
			);
			buildRules = (
			);
			dependencies = (
				59853A0D1967F99600A3158C /* PBXTargetDependency */,
				59853A1C1967F9B300A3158C /* PBXTargetDependency */,
				59853A1E1967F9B300A3158C /* PBXTargetDependency */,
			);
			name = swiftz_iosTests;
			productName = swiftz_iosTests;
			productReference = 59853A0A1967F99600A3158C /* swiftz_iosTests.xctest */;
			productType = "com.apple.product-type.bundle.unit-test";
		};
		59F35ADF193D3A09006F1341 /* swiftz */ = {
			isa = PBXNativeTarget;
			buildConfigurationList = 59F35AF6193D3A0A006F1341 /* Build configuration list for PBXNativeTarget "swiftz" */;
			buildPhases = (
				59F35ADB193D3A09006F1341 /* Sources */,
				59F35ADC193D3A09006F1341 /* Frameworks */,
				59F35ADD193D3A09006F1341 /* Headers */,
				59F35ADE193D3A09006F1341 /* Resources */,
			);
			buildRules = (
			);
			dependencies = (
			);
			name = swiftz;
			productName = swiftz;
			productReference = 59F35AE0193D3A0A006F1341 /* swiftz.framework */;
			productType = "com.apple.product-type.framework";
		};
		59F35AEA193D3A0A006F1341 /* swiftzTests */ = {
			isa = PBXNativeTarget;
			buildConfigurationList = 59F35AF9193D3A0A006F1341 /* Build configuration list for PBXNativeTarget "swiftzTests" */;
			buildPhases = (
				59F35AE7193D3A0A006F1341 /* Sources */,
				59F35AE8193D3A0A006F1341 /* Frameworks */,
				59F35AE9193D3A0A006F1341 /* Resources */,
				849AA3B21A0989C700472F08 /* CopyFiles */,
			);
			buildRules = (
			);
			dependencies = (
				59F35AEE193D3A0A006F1341 /* PBXTargetDependency */,
			);
			name = swiftzTests;
			productName = swiftzTests;
			productReference = 59F35AEB193D3A0A006F1341 /* swiftzTests.xctest */;
			productType = "com.apple.product-type.bundle.unit-test";
		};
/* End PBXNativeTarget section */

/* Begin PBXProject section */
		59F35AD7193D3A09006F1341 /* Project object */ = {
			isa = PBXProject;
			attributes = {
				LastUpgradeCheck = 0610;
				ORGANIZATIONNAME = TypeLift;
				TargetAttributes = {
					598539FF1967F99500A3158C = {
						CreatedOnToolsVersion = 6.0;
					};
					59853A091967F99600A3158C = {
						CreatedOnToolsVersion = 6.0;
						TestTargetID = 598539FF1967F99500A3158C;
					};
					59F35ADF193D3A09006F1341 = {
						CreatedOnToolsVersion = 6.0;
					};
					59F35AEA193D3A0A006F1341 = {
						CreatedOnToolsVersion = 6.0;
						TestTargetID = 59F35ADF193D3A09006F1341;
					};
				};
			};
			buildConfigurationList = 59F35ADA193D3A09006F1341 /* Build configuration list for PBXProject "swiftz" */;
			compatibilityVersion = "Xcode 3.2";
			developmentRegion = English;
			hasScannedForEncodings = 0;
			knownRegions = (
				en,
			);
			mainGroup = 59F35AD6193D3A09006F1341;
			productRefGroup = 59F35AE1193D3A0A006F1341 /* Products */;
			projectDirPath = "";
			projectRoot = "";
			targets = (
				59F35ADF193D3A09006F1341 /* swiftz */,
				59F35AEA193D3A0A006F1341 /* swiftzTests */,
				598539FF1967F99500A3158C /* swiftz_ios */,
				59853A091967F99600A3158C /* swiftz_iosTests */,
			);
		};
/* End PBXProject section */

/* Begin PBXResourcesBuildPhase section */
		598539FE1967F99500A3158C /* Resources */ = {
			isa = PBXResourcesBuildPhase;
			buildActionMask = 2147483647;
			files = (
			);
			runOnlyForDeploymentPostprocessing = 0;
		};
		59853A081967F99600A3158C /* Resources */ = {
			isa = PBXResourcesBuildPhase;
			buildActionMask = 2147483647;
			files = (
			);
			runOnlyForDeploymentPostprocessing = 0;
		};
		59F35ADE193D3A09006F1341 /* Resources */ = {
			isa = PBXResourcesBuildPhase;
			buildActionMask = 2147483647;
			files = (
			);
			runOnlyForDeploymentPostprocessing = 0;
		};
		59F35AE9193D3A0A006F1341 /* Resources */ = {
			isa = PBXResourcesBuildPhase;
			buildActionMask = 2147483647;
			files = (
			);
			runOnlyForDeploymentPostprocessing = 0;
		};
/* End PBXResourcesBuildPhase section */

/* Begin PBXSourcesBuildPhase section */
		598539FB1967F99500A3158C /* Sources */ = {
			isa = PBXSourcesBuildPhase;
			buildActionMask = 2147483647;
			files = (
				59853A2B1967F9F100A3158C /* Future.swift in Sources */,
				847F3E6E1A2295730091B9D0 /* Monad.swift in Sources */,
				8453AF7C1A4BB0FA0086BED5 /* Error.swift in Sources */,
				847F3E6A1A2295730091B9D0 /* Comonad.swift in Sources */,
				59853A2C1967F9F100A3158C /* Chan.swift in Sources */,
				59853A2D1967F9F100A3158C /* MVar.swift in Sources */,
				84F009311A5CE541008B85A5 /* CharacterExt.swift in Sources */,
				8453AF781A4BB0FA0086BED5 /* Box.swift in Sources */,
				59853A2E1967F9F100A3158C /* ExecutionContext.swift in Sources */,
				59853A2F1967F9F100A3158C /* GCDExecutionContext.swift in Sources */,
				59853A301967F9F100A3158C /* Curry.swift in Sources */,
				59853A311967F9F100A3158C /* IxCont.swift in Sources */,
				8453AF841A4BB0FA0086BED5 /* Optional.swift in Sources */,
				847F3E681A2295730091B9D0 /* Bifunctor.swift in Sources */,
				8453AF7E1A4BB0FA0086BED5 /* Functions.swift in Sources */,
				59853A321967F9F100A3158C /* IxState.swift in Sources */,
				59853A331967F9F100A3158C /* IxStore.swift in Sources */,
				84572BC71A6C4A6A00241F68 /* Arrow.swift in Sources */,
				84D405E519F87C9D00EA0A36 /* Bounded.swift in Sources */,
				59853A341967F9F100A3158C /* Lens.swift in Sources */,
				59853A351967F9F100A3158C /* Num.swift in Sources */,
				84572BC91A6C4A6A00241F68 /* Category.swift in Sources */,
				59853A361967F9F100A3158C /* NonEmptyList.swift in Sources */,
				84572BCC1A6C4A7400241F68 /* Function.swift in Sources */,
				59853A371967F9F100A3158C /* Maybe.swift in Sources */,
				8453AF761A4BB0FA0086BED5 /* Array.swift in Sources */,
				59853A381967F9F100A3158C /* Semigroup.swift in Sources */,
				59853A391967F9F100A3158C /* Monoid.swift in Sources */,
				1143A18D197F4F5700561B55 /* Iso.swift in Sources */,
				8437952C1A1BF45F009A79D6 /* Operators.swift in Sources */,
				59853A3A1967F9F100A3158C /* JSON.swift in Sources */,
				84452CBA1A266B4A00CE192A /* Those.swift in Sources */,
				1168A5BF198F74A6005AD7F3 /* ArrayZipper.swift in Sources */,
				59853A3B1967F9F100A3158C /* Set.swift in Sources */,
				847F3E7B1A229C3D0091B9D0 /* Sections.swift in Sources */,
				59853A3E1967F9F100A3158C /* Tuple.swift in Sources */,
				8453AF801A4BB0FA0086BED5 /* Nothing.swift in Sources */,
				59853A3F1967F9F100A3158C /* HList.swift in Sources */,
				59853A401967F9F100A3158C /* TupleExt.swift in Sources */,
				59853A411967F9F100A3158C /* ArrayExt.swift in Sources */,
				59853A421967F9F100A3158C /* StringExt.swift in Sources */,
				59853A431967F9F100A3158C /* OptionalExt.swift in Sources */,
				8453AF7A1A4BB0FA0086BED5 /* Either.swift in Sources */,
				847F3E5D1A2295610091B9D0 /* Kinds.swift in Sources */,
				59853A441967F9F100A3158C /* DictionaryExt.swift in Sources */,
				59853A451967F9F100A3158C /* NSDictionaryExt.swift in Sources */,
				847F3E751A2295C20091B9D0 /* List.swift in Sources */,
				59853A461967F9F100A3158C /* NSArrayExt.swift in Sources */,
				847F3E661A2295730091B9D0 /* Applicative.swift in Sources */,
				847F3E6C1A2295730091B9D0 /* Functor.swift in Sources */,
				1129F6401990185500DCB516 /* Prism.swift in Sources */,
				8453AF861A4BB0FA0086BED5 /* Result.swift in Sources */,
				1168A5C11990104B005AD7F3 /* IxMultiStore.swift in Sources */,
				59853A471967F9F100A3158C /* SYB.swift in Sources */,
				847795DE1A5F85EA00D50F6C /* Pointed.swift in Sources */,
				847795E11A5F85FE00D50F6C /* Copointed.swift in Sources */,
			);
			runOnlyForDeploymentPostprocessing = 0;
		};
		59853A061967F99600A3158C /* Sources */ = {
			isa = PBXSourcesBuildPhase;
			buildActionMask = 2147483647;
			files = (
				84572BF71A6DB01800241F68 /* ListSpec.swift in Sources */,
				59853A1F1967F9C600A3158C /* UserExample.swift in Sources */,
				84572BF31A6DAFD500241F68 /* StringExtSpec.swift in Sources */,
				59853A201967F9C600A3158C /* PartyExample.swift in Sources */,
				59853A211967F9C600A3158C /* ShapeExample.swift in Sources */,
				84572BFD1A6DB07900241F68 /* ResultSpec.swift in Sources */,
				84572C001A6DB0AA00241F68 /* ThoseSpec.swift in Sources */,
				84572BF01A6DAF4F00241F68 /* TupleExtSpec.swift in Sources */,
				84572C031A6DB10000241F68 /* FunctorSpec.swift in Sources */,
				84572C061A6DB11A00241F68 /* MaybeSpec.swift in Sources */,
				84572BE51A6DADF800241F68 /* MVarSpec.swift in Sources */,
				84572BED1A6DAEEC00241F68 /* ArrayExtSpec.swift in Sources */,
				84572BDE1A6DAD8F00241F68 /* ChanSpec.swift in Sources */,
				59853A221967F9C600A3158C /* ConcurrentTests.swift in Sources */,
				84572BE91A6DAE9A00241F68 /* OptionalExtSpec.swift in Sources */,
				84572C0F1A6DB16F00241F68 /* HListSpec.swift in Sources */,
				84572BE11A6DADBA00241F68 /* FutureSpec.swift in Sources */,
				84572BFA1A6DB06000241F68 /* EitherSpec.swift in Sources */,
				84572C0C1A6DB15200241F68 /* JSONSpec.swift in Sources */,
				84572C091A6DB13700241F68 /* MonoidSpec.swift in Sources */,
				59853A2A1967F9C600A3158C /* SetTests.swift in Sources */,
			);
			runOnlyForDeploymentPostprocessing = 0;
		};
		59F35ADB193D3A09006F1341 /* Sources */ = {
			isa = PBXSourcesBuildPhase;
			buildActionMask = 2147483647;
			files = (
				5914510F1942B40300809E7E /* MVar.swift in Sources */,
				847F3E6D1A2295730091B9D0 /* Monad.swift in Sources */,
				8453AF7B1A4BB0FA0086BED5 /* Error.swift in Sources */,
				847F3E691A2295730091B9D0 /* Comonad.swift in Sources */,
				593C913D193DDC060067F2BE /* Monoid.swift in Sources */,
				5919722E1952F2BC008FBC51 /* Tuple.swift in Sources */,
				84F009301A5CE541008B85A5 /* CharacterExt.swift in Sources */,
				8453AF771A4BB0FA0086BED5 /* Box.swift in Sources */,
				5951313C19406DA600AB490C /* JSON.swift in Sources */,
				118EAA9119479877008250F3 /* IxCont.swift in Sources */,
				593E7389193F16B10071B91D /* Future.swift in Sources */,
				593C9141193DE6AC0067F2BE /* ArrayExt.swift in Sources */,
				8453AF831A4BB0FA0086BED5 /* Optional.swift in Sources */,
				847F3E671A2295730091B9D0 /* Bifunctor.swift in Sources */,
				8453AF7D1A4BB0FA0086BED5 /* Functions.swift in Sources */,
				11DA49FB194908F20024F104 /* IxState.swift in Sources */,
				590522CC193F5DBA0036614F /* OptionalExt.swift in Sources */,
				84572BC61A6C4A6A00241F68 /* Arrow.swift in Sources */,
				84D405E419F87C9D00EA0A36 /* Bounded.swift in Sources */,
				590522CE193F61210036614F /* Chan.swift in Sources */,
				590FCB3B1943EA91008E5D94 /* StringExt.swift in Sources */,
				84572BC81A6C4A6A00241F68 /* Category.swift in Sources */,
				59B26545193F365A007AA82B /* GCDExecutionContext.swift in Sources */,
				84572BCB1A6C4A7400241F68 /* Function.swift in Sources */,
				59B39E3E1943094F00F4B222 /* Curry.swift in Sources */,
				8453AF751A4BB0FA0086BED5 /* Array.swift in Sources */,
				5919722B1952ED9B008FBC51 /* HList.swift in Sources */,
				1143A18C197F4F5700561B55 /* Iso.swift in Sources */,
				593C913F193DDC610067F2BE /* Semigroup.swift in Sources */,
				8437952B1A1BF45F009A79D6 /* Operators.swift in Sources */,
				1168A5BE198F74A6005AD7F3 /* ArrayZipper.swift in Sources */,
				84452CB91A266B4A00CE192A /* Those.swift in Sources */,
				59BF7D931943347800EAFFAA /* SYB.swift in Sources */,
				11934313194A7ECD00E9DDDD /* Lens.swift in Sources */,
				847F3E7A1A229C3D0091B9D0 /* Sections.swift in Sources */,
				591451111942B41300809E7E /* ExecutionContext.swift in Sources */,
				8453AF7F1A4BB0FA0086BED5 /* Nothing.swift in Sources */,
				11934312194A79C400E9DDDD /* IxStore.swift in Sources */,
				DB76117B19439C8300A0AF82 /* Set.swift in Sources */,
				5931F2EA19407DC600B0526A /* NSArrayExt.swift in Sources */,
				59DB16251940895D00E656F9 /* NSDictionaryExt.swift in Sources */,
				59C50C3D193DEB8100FE8C86 /* Num.swift in Sources */,
				8453AF791A4BB0FA0086BED5 /* Either.swift in Sources */,
				847F3E5C1A2295610091B9D0 /* Kinds.swift in Sources */,
				1143A189197F4F0900561B55 /* Prism.swift in Sources */,
				597AB1481946FC51002DF62D /* NonEmptyList.swift in Sources */,
				847F3E741A2295C20091B9D0 /* List.swift in Sources */,
				59B2DCBA19434706002ACB3E /* TupleExt.swift in Sources */,
				847F3E651A2295730091B9D0 /* Applicative.swift in Sources */,
				847F3E6B1A2295730091B9D0 /* Functor.swift in Sources */,
				1168A5C01990104A005AD7F3 /* IxMultiStore.swift in Sources */,
				8453AF851A4BB0FA0086BED5 /* Result.swift in Sources */,
				595E3C3A1950537C00916AF4 /* Maybe.swift in Sources */,
				5908C1B8194076810024A36C /* DictionaryExt.swift in Sources */,
				847795DD1A5F85EA00D50F6C /* Pointed.swift in Sources */,
				847795E01A5F85FE00D50F6C /* Copointed.swift in Sources */,
			);
			runOnlyForDeploymentPostprocessing = 0;
		};
		59F35AE7193D3A0A006F1341 /* Sources */ = {
			isa = PBXSourcesBuildPhase;
			buildActionMask = 2147483647;
			files = (
				84572BF61A6DB01800241F68 /* ListSpec.swift in Sources */,
				59B9E7CE1945945F00F5B3E1 /* PartyExample.swift in Sources */,
				84572BF21A6DAFD500241F68 /* StringExtSpec.swift in Sources */,
				59B9E7D0194594B600F5B3E1 /* ShapeExample.swift in Sources */,
				84572BE41A6DADF800241F68 /* MVarSpec.swift in Sources */,
				84572BFC1A6DB07900241F68 /* ResultSpec.swift in Sources */,
				84572BFF1A6DB0AA00241F68 /* ThoseSpec.swift in Sources */,
				84572BEF1A6DAF4F00241F68 /* TupleExtSpec.swift in Sources */,
				84572C021A6DB10000241F68 /* FunctorSpec.swift in Sources */,
				84572C051A6DB11A00241F68 /* MaybeSpec.swift in Sources */,
				84572BDD1A6DAD8F00241F68 /* ChanSpec.swift in Sources */,
				84572BEC1A6DAEEC00241F68 /* ArrayExtSpec.swift in Sources */,
				84572BE81A6DAE9A00241F68 /* OptionalExtSpec.swift in Sources */,
				DB76117D19439CB000A0AF82 /* SetTests.swift in Sources */,
				84572C0E1A6DB16F00241F68 /* HListSpec.swift in Sources */,
				84572BE01A6DADBA00241F68 /* FutureSpec.swift in Sources */,
				84572BF91A6DB06000241F68 /* EitherSpec.swift in Sources */,
				84572C0B1A6DB15200241F68 /* JSONSpec.swift in Sources */,
				59B9E7CC1945944200F5B3E1 /* UserExample.swift in Sources */,
				84572C081A6DB13700241F68 /* MonoidSpec.swift in Sources */,
				59B9E7D41945958F00F5B3E1 /* ConcurrentTests.swift in Sources */,
			);
			runOnlyForDeploymentPostprocessing = 0;
		};
/* End PBXSourcesBuildPhase section */

/* Begin PBXTargetDependency section */
		59853A0D1967F99600A3158C /* PBXTargetDependency */ = {
			isa = PBXTargetDependency;
			target = 598539FF1967F99500A3158C /* swiftz_ios */;
			targetProxy = 59853A0C1967F99600A3158C /* PBXContainerItemProxy */;
		};
		59853A1C1967F9B300A3158C /* PBXTargetDependency */ = {
			isa = PBXTargetDependency;
			target = 598539FF1967F99500A3158C /* swiftz_ios */;
			targetProxy = 59853A1B1967F9B300A3158C /* PBXContainerItemProxy */;
		};
		59853A1E1967F9B300A3158C /* PBXTargetDependency */ = {
			isa = PBXTargetDependency;
			target = 598539FF1967F99500A3158C /* swiftz_ios */;
			targetProxy = 59853A1D1967F9B300A3158C /* PBXContainerItemProxy */;
		};
		59F35AEE193D3A0A006F1341 /* PBXTargetDependency */ = {
			isa = PBXTargetDependency;
			target = 59F35ADF193D3A09006F1341 /* swiftz */;
			targetProxy = 59F35AED193D3A0A006F1341 /* PBXContainerItemProxy */;
		};
/* End PBXTargetDependency section */

/* Begin XCBuildConfiguration section */
		59853A131967F99600A3158C /* Debug */ = {
			isa = XCBuildConfiguration;
			buildSettings = {
				"CODE_SIGN_IDENTITY[sdk=iphoneos*]" = "iPhone Developer";
				DEFINES_MODULE = YES;
				DYLIB_COMPATIBILITY_VERSION = 1;
				DYLIB_CURRENT_VERSION = 1;
				DYLIB_INSTALL_NAME_BASE = "@rpath";
				FRAMEWORK_SEARCH_PATHS = "$(inherited)";
				GCC_PREPROCESSOR_DEFINITIONS = (
					"DEBUG=1",
					"$(inherited)",
				);
				INFOPLIST_FILE = swiftz/Info.plist;
				INSTALL_PATH = "$(LOCAL_LIBRARY_DIR)/Frameworks";
				IPHONEOS_DEPLOYMENT_TARGET = 8.0;
				LD_RUNPATH_SEARCH_PATHS = "$(inherited) @executable_path/Frameworks @loader_path/Frameworks";
				METAL_ENABLE_DEBUG_INFO = YES;
				PRODUCT_NAME = swiftz;
				SDKROOT = iphoneos;
				SKIP_INSTALL = YES;
				TARGETED_DEVICE_FAMILY = "1,2";
			};
			name = Debug;
		};
		59853A141967F99600A3158C /* Release */ = {
			isa = XCBuildConfiguration;
			buildSettings = {
				"CODE_SIGN_IDENTITY[sdk=iphoneos*]" = "iPhone Developer";
				DEFINES_MODULE = YES;
				DYLIB_COMPATIBILITY_VERSION = 1;
				DYLIB_CURRENT_VERSION = 1;
				DYLIB_INSTALL_NAME_BASE = "@rpath";
				FRAMEWORK_SEARCH_PATHS = "$(inherited)";
				INFOPLIST_FILE = swiftz/Info.plist;
				INSTALL_PATH = "$(LOCAL_LIBRARY_DIR)/Frameworks";
				IPHONEOS_DEPLOYMENT_TARGET = 8.0;
				LD_RUNPATH_SEARCH_PATHS = "$(inherited) @executable_path/Frameworks @loader_path/Frameworks";
				METAL_ENABLE_DEBUG_INFO = NO;
				PRODUCT_NAME = swiftz;
				SDKROOT = iphoneos;
				SKIP_INSTALL = YES;
				TARGETED_DEVICE_FAMILY = "1,2";
				VALIDATE_PRODUCT = YES;
			};
			name = Release;
		};
		59853A151967F99600A3158C /* Debug */ = {
			isa = XCBuildConfiguration;
			buildSettings = {
				FRAMEWORK_SEARCH_PATHS = (
					"$(SDKROOT)/Developer/Library/Frameworks",
					"$(inherited)",
				);
				GCC_PREPROCESSOR_DEFINITIONS = (
					"DEBUG=1",
					"$(inherited)",
				);
				INFOPLIST_FILE = swiftzTests/Info.plist;
				IPHONEOS_DEPLOYMENT_TARGET = 8.0;
				LD_RUNPATH_SEARCH_PATHS = "$(inherited) @executable_path/Frameworks @loader_path/Frameworks";
				METAL_ENABLE_DEBUG_INFO = YES;
				PRODUCT_NAME = "$(TARGET_NAME)";
				SDKROOT = iphoneos;
			};
			name = Debug;
		};
		59853A161967F99600A3158C /* Release */ = {
			isa = XCBuildConfiguration;
			buildSettings = {
				FRAMEWORK_SEARCH_PATHS = (
					"$(SDKROOT)/Developer/Library/Frameworks",
					"$(inherited)",
				);
				INFOPLIST_FILE = swiftzTests/Info.plist;
				IPHONEOS_DEPLOYMENT_TARGET = 8.0;
				LD_RUNPATH_SEARCH_PATHS = "$(inherited) @executable_path/Frameworks @loader_path/Frameworks";
				METAL_ENABLE_DEBUG_INFO = NO;
				PRODUCT_NAME = "$(TARGET_NAME)";
				SDKROOT = iphoneos;
				VALIDATE_PRODUCT = YES;
			};
			name = Release;
		};
		59F35AF4193D3A0A006F1341 /* Debug */ = {
			isa = XCBuildConfiguration;
			buildSettings = {
				ALWAYS_SEARCH_USER_PATHS = NO;
				CLANG_CXX_LANGUAGE_STANDARD = "gnu++0x";
				CLANG_CXX_LIBRARY = "libc++";
				CLANG_ENABLE_MODULES = YES;
				CLANG_ENABLE_OBJC_ARC = YES;
				CLANG_WARN_BOOL_CONVERSION = YES;
				CLANG_WARN_CONSTANT_CONVERSION = YES;
				CLANG_WARN_DIRECT_OBJC_ISA_USAGE = YES_ERROR;
				CLANG_WARN_EMPTY_BODY = YES;
				CLANG_WARN_ENUM_CONVERSION = YES;
				CLANG_WARN_INT_CONVERSION = YES;
				CLANG_WARN_OBJC_ROOT_CLASS = YES_ERROR;
				CLANG_WARN_UNREACHABLE_CODE = YES;
				CLANG_WARN__DUPLICATE_METHOD_MATCH = YES;
				COPY_PHASE_STRIP = NO;
				CURRENT_PROJECT_VERSION = 1;
				ENABLE_STRICT_OBJC_MSGSEND = YES;
				GCC_C_LANGUAGE_STANDARD = gnu99;
				GCC_DYNAMIC_NO_PIC = NO;
				GCC_OPTIMIZATION_LEVEL = 0;
				GCC_PREPROCESSOR_DEFINITIONS = (
					"DEBUG=1",
					"$(inherited)",
				);
				GCC_SYMBOLS_PRIVATE_EXTERN = NO;
				GCC_WARN_64_TO_32_BIT_CONVERSION = YES;
				GCC_WARN_ABOUT_RETURN_TYPE = YES_ERROR;
				GCC_WARN_UNDECLARED_SELECTOR = YES;
				GCC_WARN_UNINITIALIZED_AUTOS = YES_AGGRESSIVE;
				GCC_WARN_UNUSED_FUNCTION = YES;
				GCC_WARN_UNUSED_VARIABLE = YES;
				MACOSX_DEPLOYMENT_TARGET = 10.9;
				METAL_ENABLE_DEBUG_INFO = YES;
				ONLY_ACTIVE_ARCH = YES;
				SDKROOT = macosx;
				SWIFT_OPTIMIZATION_LEVEL = "-Onone";
				VERSIONING_SYSTEM = "apple-generic";
				VERSION_INFO_PREFIX = "";
			};
			name = Debug;
		};
		59F35AF5193D3A0A006F1341 /* Release */ = {
			isa = XCBuildConfiguration;
			buildSettings = {
				ALWAYS_SEARCH_USER_PATHS = NO;
				CLANG_CXX_LANGUAGE_STANDARD = "gnu++0x";
				CLANG_CXX_LIBRARY = "libc++";
				CLANG_ENABLE_MODULES = YES;
				CLANG_ENABLE_OBJC_ARC = YES;
				CLANG_WARN_BOOL_CONVERSION = YES;
				CLANG_WARN_CONSTANT_CONVERSION = YES;
				CLANG_WARN_DIRECT_OBJC_ISA_USAGE = YES_ERROR;
				CLANG_WARN_EMPTY_BODY = YES;
				CLANG_WARN_ENUM_CONVERSION = YES;
				CLANG_WARN_INT_CONVERSION = YES;
				CLANG_WARN_OBJC_ROOT_CLASS = YES_ERROR;
				CLANG_WARN_UNREACHABLE_CODE = YES;
				CLANG_WARN__DUPLICATE_METHOD_MATCH = YES;
				COPY_PHASE_STRIP = YES;
				CURRENT_PROJECT_VERSION = 1;
				DEBUG_INFORMATION_FORMAT = "dwarf-with-dsym";
				ENABLE_NS_ASSERTIONS = NO;
				ENABLE_STRICT_OBJC_MSGSEND = YES;
				GCC_C_LANGUAGE_STANDARD = gnu99;
				GCC_WARN_64_TO_32_BIT_CONVERSION = YES;
				GCC_WARN_ABOUT_RETURN_TYPE = YES_ERROR;
				GCC_WARN_UNDECLARED_SELECTOR = YES;
				GCC_WARN_UNINITIALIZED_AUTOS = YES_AGGRESSIVE;
				GCC_WARN_UNUSED_FUNCTION = YES;
				GCC_WARN_UNUSED_VARIABLE = YES;
				MACOSX_DEPLOYMENT_TARGET = 10.9;
				METAL_ENABLE_DEBUG_INFO = NO;
				ONLY_ACTIVE_ARCH = NO;
				SDKROOT = macosx;
				VERSIONING_SYSTEM = "apple-generic";
				VERSION_INFO_PREFIX = "";
			};
			name = Release;
		};
		59F35AF7193D3A0A006F1341 /* Debug */ = {
			isa = XCBuildConfiguration;
			buildSettings = {
				CLANG_ENABLE_MODULES = YES;
				COMBINE_HIDPI_IMAGES = YES;
				DEFINES_MODULE = YES;
				DYLIB_COMPATIBILITY_VERSION = 1;
				DYLIB_CURRENT_VERSION = 1;
				DYLIB_INSTALL_NAME_BASE = "@rpath";
				FRAMEWORK_VERSION = A;
				INFOPLIST_FILE = swiftz/Info.plist;
				INSTALL_PATH = "$(LOCAL_LIBRARY_DIR)/Frameworks";
				LD_RUNPATH_SEARCH_PATHS = "$(inherited) @executable_path/../Frameworks @loader_path/../Frameworks";
				PRODUCT_NAME = "$(TARGET_NAME)";
				SKIP_INSTALL = YES;
				SWIFT_OPTIMIZATION_LEVEL = "-Onone";
			};
			name = Debug;
		};
		59F35AF8193D3A0A006F1341 /* Release */ = {
			isa = XCBuildConfiguration;
			buildSettings = {
				CLANG_ENABLE_MODULES = YES;
				COMBINE_HIDPI_IMAGES = YES;
				DEFINES_MODULE = YES;
				DYLIB_COMPATIBILITY_VERSION = 1;
				DYLIB_CURRENT_VERSION = 1;
				DYLIB_INSTALL_NAME_BASE = "@rpath";
				FRAMEWORK_VERSION = A;
				INFOPLIST_FILE = swiftz/Info.plist;
				INSTALL_PATH = "$(LOCAL_LIBRARY_DIR)/Frameworks";
				LD_RUNPATH_SEARCH_PATHS = "$(inherited) @executable_path/../Frameworks @loader_path/../Frameworks";
				PRODUCT_NAME = "$(TARGET_NAME)";
				SKIP_INSTALL = YES;
			};
			name = Release;
		};
		59F35AFA193D3A0A006F1341 /* Debug */ = {
			isa = XCBuildConfiguration;
			buildSettings = {
				COMBINE_HIDPI_IMAGES = YES;
				FRAMEWORK_SEARCH_PATHS = (
					"$(DEVELOPER_FRAMEWORKS_DIR)",
					"$(inherited)",
				);
				GCC_PREPROCESSOR_DEFINITIONS = (
					"DEBUG=1",
					"$(inherited)",
				);
				INFOPLIST_FILE = swiftzTests/Info.plist;
				LD_RUNPATH_SEARCH_PATHS = "$(inherited) @executable_path/../Frameworks @loader_path/../Frameworks";
				METAL_ENABLE_DEBUG_INFO = YES;
				PRODUCT_NAME = "$(TARGET_NAME)";
			};
			name = Debug;
		};
		59F35AFB193D3A0A006F1341 /* Release */ = {
			isa = XCBuildConfiguration;
			buildSettings = {
				COMBINE_HIDPI_IMAGES = YES;
				FRAMEWORK_SEARCH_PATHS = (
					"$(DEVELOPER_FRAMEWORKS_DIR)",
					"$(inherited)",
				);
				INFOPLIST_FILE = swiftzTests/Info.plist;
				LD_RUNPATH_SEARCH_PATHS = "$(inherited) @executable_path/../Frameworks @loader_path/../Frameworks";
				METAL_ENABLE_DEBUG_INFO = NO;
				PRODUCT_NAME = "$(TARGET_NAME)";
			};
			name = Release;
		};
/* End XCBuildConfiguration section */

/* Begin XCConfigurationList section */
		59853A171967F99600A3158C /* Build configuration list for PBXNativeTarget "swiftz_ios" */ = {
			isa = XCConfigurationList;
			buildConfigurations = (
				59853A131967F99600A3158C /* Debug */,
				59853A141967F99600A3158C /* Release */,
			);
			defaultConfigurationIsVisible = 0;
			defaultConfigurationName = Release;
		};
		59853A181967F99600A3158C /* Build configuration list for PBXNativeTarget "swiftz_iosTests" */ = {
			isa = XCConfigurationList;
			buildConfigurations = (
				59853A151967F99600A3158C /* Debug */,
				59853A161967F99600A3158C /* Release */,
			);
			defaultConfigurationIsVisible = 0;
			defaultConfigurationName = Release;
		};
		59F35ADA193D3A09006F1341 /* Build configuration list for PBXProject "swiftz" */ = {
			isa = XCConfigurationList;
			buildConfigurations = (
				59F35AF4193D3A0A006F1341 /* Debug */,
				59F35AF5193D3A0A006F1341 /* Release */,
			);
			defaultConfigurationIsVisible = 0;
			defaultConfigurationName = Release;
		};
		59F35AF6193D3A0A006F1341 /* Build configuration list for PBXNativeTarget "swiftz" */ = {
			isa = XCConfigurationList;
			buildConfigurations = (
				59F35AF7193D3A0A006F1341 /* Debug */,
				59F35AF8193D3A0A006F1341 /* Release */,
			);
			defaultConfigurationIsVisible = 0;
			defaultConfigurationName = Release;
		};
		59F35AF9193D3A0A006F1341 /* Build configuration list for PBXNativeTarget "swiftzTests" */ = {
			isa = XCConfigurationList;
			buildConfigurations = (
				59F35AFA193D3A0A006F1341 /* Debug */,
				59F35AFB193D3A0A006F1341 /* Release */,
			);
			defaultConfigurationIsVisible = 0;
			defaultConfigurationName = Release;
		};
/* End XCConfigurationList section */
	};
	rootObject = 59F35AD7193D3A09006F1341 /* Project object */;
}
